{
  "version": 4,
  "terraform_version": "1.9.6",
  "serial": 950,
  "lineage": "4a627e43-cc54-8c20-0703-c76719610b36",
  "outputs": {},
  "resources": [
    {
      "mode": "data",
      "type": "aws_iam_policy_document",
      "name": "assume_role_policy",
      "provider": "provider[\"registry.terraform.io/hashicorp/aws\"]",
      "instances": [
        {
          "schema_version": 0,
          "attributes": {
            "id": "1077804475",
            "json": "{\n  \"Version\": \"2012-10-17\",\n  \"Statement\": [\n    {\n      \"Effect\": \"Allow\",\n      \"Action\": \"sts:AssumeRole\",\n      \"Principal\": {\n        \"Service\": \"ecs-tasks.amazonaws.com\"\n      }\n    }\n  ]\n}",
            "minified_json": "{\"Version\":\"2012-10-17\",\"Statement\":[{\"Effect\":\"Allow\",\"Action\":\"sts:AssumeRole\",\"Principal\":{\"Service\":\"ecs-tasks.amazonaws.com\"}}]}",
            "override_json": null,
            "override_policy_documents": null,
            "policy_id": null,
            "source_json": null,
            "source_policy_documents": null,
            "statement": [
              {
                "actions": ["sts:AssumeRole"],
                "condition": [],
                "effect": "Allow",
                "not_actions": [],
                "not_principals": [],
                "not_resources": [],
                "principals": [
                  {
                    "identifiers": ["ecs-tasks.amazonaws.com"],
                    "type": "Service"
                  }
                ],
                "resources": [],
                "sid": ""
              }
            ],
            "version": "2012-10-17"
          },
          "sensitive_attributes": []
        }
      ]
    },
    {
      "mode": "managed",
      "type": "aws_alb",
      "name": "application_load_balancer",
      "provider": "provider[\"registry.terraform.io/hashicorp/aws\"]",
      "instances": [
        {
          "schema_version": 0,
          "attributes": {
            "access_logs": [
              {
                "bucket": "",
                "enabled": false,
                "prefix": ""
              }
            ],
            "arn": "arn:aws:elasticloadbalancing:ap-southeast-2:201335468138:loadbalancer/app/hills-carpal-prod-lb-tf/53844ca3f397aaf4",
            "arn_suffix": "app/hills-carpal-prod-lb-tf/53844ca3f397aaf4",
            "client_keep_alive": 3600,
            "connection_logs": [
              {
                "bucket": "",
                "enabled": false,
                "prefix": ""
              }
            ],
            "customer_owned_ipv4_pool": "",
            "desync_mitigation_mode": "defensive",
            "dns_name": "hills-carpal-prod-lb-tf-638900556.ap-southeast-2.elb.amazonaws.com",
            "dns_record_client_routing_policy": null,
            "drop_invalid_header_fields": false,
            "enable_cross_zone_load_balancing": true,
            "enable_deletion_protection": true,
            "enable_http2": true,
            "enable_tls_version_and_cipher_suite_headers": false,
            "enable_waf_fail_open": false,
            "enable_xff_client_port": false,
            "enforce_security_group_inbound_rules_on_private_link_traffic": "",
            "id": "arn:aws:elasticloadbalancing:ap-southeast-2:201335468138:loadbalancer/app/hills-carpal-prod-lb-tf/53844ca3f397aaf4",
            "idle_timeout": 60,
            "internal": false,
            "ip_address_type": "ipv4",
            "load_balancer_type": "application",
            "name": "hills-carpal-prod-lb-tf",
            "name_prefix": "",
            "preserve_host_header": false,
            "security_groups": ["sg-0f9f14db415cc5ef9"],
            "subnet_mapping": [
              {
                "allocation_id": "",
                "ipv6_address": "",
                "outpost_id": "",
                "private_ipv4_address": "",
                "subnet_id": "subnet-67e8d22e"
              },
              {
                "allocation_id": "",
                "ipv6_address": "",
                "outpost_id": "",
                "private_ipv4_address": "",
                "subnet_id": "subnet-a0959cc7"
              },
              {
                "allocation_id": "",
                "ipv6_address": "",
                "outpost_id": "",
                "private_ipv4_address": "",
                "subnet_id": "subnet-f8cf74a0"
              }
            ],
            "subnets": [
              "subnet-67e8d22e",
              "subnet-a0959cc7",
              "subnet-f8cf74a0"
            ],
            "tags": {},
            "tags_all": {},
            "timeouts": null,
            "vpc_id": "vpc-c5bc9da2",
            "xff_header_processing_mode": "append",
            "zone_id": "Z1GM3OXH4ZPM65"
          },
          "sensitive_attributes": [],
          "private": "eyJlMmJmYjczMC1lY2FhLTExZTYtOGY4OC0zNDM2M2JjN2M0YzAiOnsiY3JlYXRlIjo2MDAwMDAwMDAwMDAsImRlbGV0ZSI6NjAwMDAwMDAwMDAwLCJ1cGRhdGUiOjYwMDAwMDAwMDAwMH19",
          "dependencies": [
            "aws_default_subnet.default_subnet_a",
            "aws_default_subnet.default_subnet_b",
            "aws_default_subnet.default_subnet_c",
            "aws_default_vpc.default_vpc",
            "aws_security_group.load_balancer_security_group"
          ]
        }
      ]
    },
    {
      "mode": "managed",
      "type": "aws_default_subnet",
      "name": "default_subnet_a",
      "provider": "provider[\"registry.terraform.io/hashicorp/aws\"]",
      "instances": [
        {
          "schema_version": 1,
          "attributes": {
            "arn": "arn:aws:ec2:ap-southeast-2:201335468138:subnet/subnet-a0959cc7",
            "assign_ipv6_address_on_creation": false,
            "availability_zone": "ap-southeast-2a",
            "availability_zone_id": "apse2-az1",
            "cidr_block": "172.31.0.0/20",
            "customer_owned_ipv4_pool": "",
            "enable_dns64": false,
            "enable_lni_at_device_index": 0,
            "enable_resource_name_dns_a_record_on_launch": false,
            "enable_resource_name_dns_aaaa_record_on_launch": false,
            "existing_default_subnet": null,
            "force_destroy": false,
            "id": "subnet-a0959cc7",
            "ipv6_cidr_block": "2406:da1c:f96:2f00::/64",
            "ipv6_cidr_block_association_id": "subnet-cidr-assoc-065b383f2042fc6b4",
            "ipv6_native": false,
            "map_customer_owned_ip_on_launch": false,
            "map_public_ip_on_launch": false,
            "outpost_arn": "",
            "owner_id": "201335468138",
            "private_dns_hostname_type_on_launch": "ip-name",
            "tags": {},
            "tags_all": {},
            "timeouts": null,
            "vpc_id": "vpc-c5bc9da2"
          },
          "sensitive_attributes": [],
          "private": "eyJlMmJmYjczMC1lY2FhLTExZTYtOGY4OC0zNDM2M2JjN2M0YzAiOnsiY3JlYXRlIjo2MDAwMDAwMDAwMDAsImRlbGV0ZSI6MTIwMDAwMDAwMDAwMH0sInNjaGVtYV92ZXJzaW9uIjoiMSJ9",
          "dependencies": ["aws_default_vpc.default_vpc"]
        }
      ]
    },
    {
      "mode": "managed",
      "type": "aws_default_subnet",
      "name": "default_subnet_b",
      "provider": "provider[\"registry.terraform.io/hashicorp/aws\"]",
      "instances": [
        {
          "schema_version": 1,
          "attributes": {
            "arn": "arn:aws:ec2:ap-southeast-2:201335468138:subnet/subnet-67e8d22e",
            "assign_ipv6_address_on_creation": false,
            "availability_zone": "ap-southeast-2b",
            "availability_zone_id": "apse2-az3",
            "cidr_block": "172.31.32.0/20",
            "customer_owned_ipv4_pool": "",
            "enable_dns64": false,
            "enable_lni_at_device_index": 0,
            "enable_resource_name_dns_a_record_on_launch": false,
            "enable_resource_name_dns_aaaa_record_on_launch": false,
            "existing_default_subnet": null,
            "force_destroy": false,
            "id": "subnet-67e8d22e",
            "ipv6_cidr_block": "2406:da1c:f96:2f01::/64",
            "ipv6_cidr_block_association_id": "subnet-cidr-assoc-0dce311c1a1b63bea",
            "ipv6_native": false,
            "map_customer_owned_ip_on_launch": false,
            "map_public_ip_on_launch": false,
            "outpost_arn": "",
            "owner_id": "201335468138",
            "private_dns_hostname_type_on_launch": "ip-name",
            "tags": {},
            "tags_all": {},
            "timeouts": null,
            "vpc_id": "vpc-c5bc9da2"
          },
          "sensitive_attributes": [],
          "private": "eyJlMmJmYjczMC1lY2FhLTExZTYtOGY4OC0zNDM2M2JjN2M0YzAiOnsiY3JlYXRlIjo2MDAwMDAwMDAwMDAsImRlbGV0ZSI6MTIwMDAwMDAwMDAwMH0sInNjaGVtYV92ZXJzaW9uIjoiMSJ9",
          "dependencies": ["aws_default_vpc.default_vpc"]
        }
      ]
    },
    {
      "mode": "managed",
      "type": "aws_default_subnet",
      "name": "default_subnet_c",
      "provider": "provider[\"registry.terraform.io/hashicorp/aws\"]",
      "instances": [
        {
          "schema_version": 1,
          "attributes": {
            "arn": "arn:aws:ec2:ap-southeast-2:201335468138:subnet/subnet-f8cf74a0",
            "assign_ipv6_address_on_creation": false,
            "availability_zone": "ap-southeast-2c",
            "availability_zone_id": "apse2-az2",
            "cidr_block": "172.31.16.0/20",
            "customer_owned_ipv4_pool": "",
            "enable_dns64": false,
            "enable_lni_at_device_index": 0,
            "enable_resource_name_dns_a_record_on_launch": false,
            "enable_resource_name_dns_aaaa_record_on_launch": false,
            "existing_default_subnet": null,
            "force_destroy": false,
            "id": "subnet-f8cf74a0",
            "ipv6_cidr_block": "2406:da1c:f96:2f02::/64",
            "ipv6_cidr_block_association_id": "subnet-cidr-assoc-06d7dc768d838e8c2",
            "ipv6_native": false,
            "map_customer_owned_ip_on_launch": false,
            "map_public_ip_on_launch": false,
            "outpost_arn": "",
            "owner_id": "201335468138",
            "private_dns_hostname_type_on_launch": "ip-name",
            "tags": {},
            "tags_all": {},
            "timeouts": null,
            "vpc_id": "vpc-c5bc9da2"
          },
          "sensitive_attributes": [],
          "private": "eyJlMmJmYjczMC1lY2FhLTExZTYtOGY4OC0zNDM2M2JjN2M0YzAiOnsiY3JlYXRlIjo2MDAwMDAwMDAwMDAsImRlbGV0ZSI6MTIwMDAwMDAwMDAwMH0sInNjaGVtYV92ZXJzaW9uIjoiMSJ9",
          "dependencies": ["aws_default_vpc.default_vpc"]
        }
      ]
    },
    {
      "mode": "managed",
      "type": "aws_default_vpc",
      "name": "default_vpc",
      "provider": "provider[\"registry.terraform.io/hashicorp/aws\"]",
      "instances": [
        {
          "schema_version": 1,
          "attributes": {
            "arn": "arn:aws:ec2:ap-southeast-2:201335468138:vpc/vpc-c5bc9da2",
            "assign_generated_ipv6_cidr_block": true,
            "cidr_block": "172.31.0.0/16",
            "default_network_acl_id": "acl-3c3bf45a",
            "default_route_table_id": "rtb-5bf3593d",
            "default_security_group_id": "sg-accecad1",
            "dhcp_options_id": "dopt-1ed89b79",
            "enable_dns_hostnames": true,
            "enable_dns_support": true,
            "enable_network_address_usage_metrics": false,
            "existing_default_vpc": null,
            "force_destroy": false,
            "id": "vpc-c5bc9da2",
            "instance_tenancy": "default",
            "ipv6_association_id": "vpc-cidr-assoc-0bac6b6d6452b1827",
            "ipv6_cidr_block": "2406:da1c:f96:2f00::/56",
            "ipv6_cidr_block_network_border_group": "ap-southeast-2",
            "ipv6_ipam_pool_id": "",
            "ipv6_netmask_length": 0,
            "main_route_table_id": "rtb-5bf3593d",
            "owner_id": "201335468138",
            "tags": {},
            "tags_all": {}
          },
          "sensitive_attributes": [],
          "private": "eyJzY2hlbWFfdmVyc2lvbiI6IjEifQ=="
        }
      ]
    },
    {
      "mode": "managed",
      "type": "aws_ecr_repository",
      "name": "hills-carpal-repo",
      "provider": "provider[\"registry.terraform.io/hashicorp/aws\"]",
      "instances": [
        {
          "schema_version": 0,
          "attributes": {
            "arn": "arn:aws:ecr:ap-southeast-2:201335468138:repository/hills-carpal-repo",
            "encryption_configuration": [
              {
                "encryption_type": "AES256",
                "kms_key": ""
              }
            ],
            "force_delete": null,
            "id": "hills-carpal-repo",
            "image_scanning_configuration": [
              {
                "scan_on_push": false
              }
            ],
            "image_tag_mutability": "MUTABLE",
            "name": "hills-carpal-repo",
            "registry_id": "201335468138",
            "repository_url": "201335468138.dkr.ecr.ap-southeast-2.amazonaws.com/hills-carpal-repo",
            "tags": {},
            "tags_all": {},
            "timeouts": {
              "delete": null
            }
          },
          "sensitive_attributes": [],
          "private": "eyJlMmJmYjczMC1lY2FhLTExZTYtOGY4OC0zNDM2M2JjN2M0YzAiOnsiZGVsZXRlIjoxMjAwMDAwMDAwMDAwfSwic2NoZW1hX3ZlcnNpb24iOiIwIn0="
        }
      ]
    },
    {
      "mode": "managed",
      "type": "aws_iam_role",
      "name": "ecs_task_execution_role",
      "provider": "provider[\"registry.terraform.io/hashicorp/aws\"]",
      "instances": [
        {
          "schema_version": 0,
          "attributes": {
            "arn": "arn:aws:iam::201335468138:role/ecs_task_execution_role",
            "assume_role_policy": "{\"Version\":\"2012-10-17\",\"Statement\":[{\"Sid\":\"\",\"Effect\":\"Allow\",\"Principal\":{\"Service\":\"ecs-tasks.amazonaws.com\"},\"Action\":\"sts:AssumeRole\"}]}",
            "create_date": "2021-04-02T09:30:02Z",
            "description": "",
            "force_detach_policies": false,
            "id": "ecs_task_execution_role",
            "inline_policy": [],
            "managed_policy_arns": [
              "arn:aws:iam::201335468138:policy/get-access-to-secrets-prod",
              "arn:aws:iam::201335468138:policy/get-access-to-secrets-training",
              "arn:aws:iam::aws:policy/service-role/AmazonECSTaskExecutionRolePolicy"
            ],
            "max_session_duration": 3600,
            "name": "ecs_task_execution_role",
            "name_prefix": "",
            "path": "/",
            "permissions_boundary": "",
            "tags": {},
            "tags_all": {},
            "unique_id": "AROAS5YEHOBVCL4MCDRXT"
          },
          "sensitive_attributes": [],
          "private": "bnVsbA==",
          "dependencies": ["data.aws_iam_policy_document.assume_role_policy"]
        }
      ]
    },
    {
      "mode": "managed",
      "type": "aws_iam_role_policy_attachment",
      "name": "ecs_task_execution_role_policy",
      "provider": "provider[\"registry.terraform.io/hashicorp/aws\"]",
      "instances": [
        {
          "schema_version": 0,
          "attributes": {
            "id": "ecs_task_execution_role-20210402093005945900000003",
            "policy_arn": "arn:aws:iam::aws:policy/service-role/AmazonECSTaskExecutionRolePolicy",
            "role": "ecs_task_execution_role"
          },
          "sensitive_attributes": [],
          "private": "bnVsbA==",
          "dependencies": [
            "aws_iam_role.ecs_task_execution_role",
            "data.aws_iam_policy_document.assume_role_policy"
          ]
        }
      ]
    },
    {
      "mode": "managed",
      "type": "aws_security_group",
      "name": "load_balancer_security_group",
      "provider": "provider[\"registry.terraform.io/hashicorp/aws\"]",
      "instances": [
        {
          "schema_version": 1,
          "attributes": {
            "arn": "arn:aws:ec2:ap-southeast-2:201335468138:security-group/sg-0f9f14db415cc5ef9",
            "description": "Managed by Terraform",
            "egress": [
              {
                "cidr_blocks": ["0.0.0.0/0"],
                "description": "",
                "from_port": 0,
                "ipv6_cidr_blocks": [],
                "prefix_list_ids": [],
                "protocol": "-1",
                "security_groups": [],
                "self": false,
                "to_port": 0
              }
            ],
            "id": "sg-0f9f14db415cc5ef9",
            "ingress": [
              {
                "cidr_blocks": ["0.0.0.0/0"],
                "description": "",
                "from_port": 1024,
                "ipv6_cidr_blocks": [],
                "prefix_list_ids": [],
                "protocol": "tcp",
                "security_groups": [],
                "self": false,
                "to_port": 1024
              },
              {
                "cidr_blocks": ["0.0.0.0/0"],
                "description": "",
                "from_port": 80,
                "ipv6_cidr_blocks": [],
                "prefix_list_ids": [],
                "protocol": "tcp",
                "security_groups": [],
                "self": false,
                "to_port": 80
              }
            ],
            "name": "terraform-20210807131950164600000001",
            "name_prefix": "terraform-",
            "owner_id": "201335468138",
            "revoke_rules_on_delete": false,
            "tags": {},
            "tags_all": {},
            "timeouts": null,
            "vpc_id": "vpc-c5bc9da2"
          },
          "sensitive_attributes": [],
          "private": "eyJlMmJmYjczMC1lY2FhLTExZTYtOGY4OC0zNDM2M2JjN2M0YzAiOnsiY3JlYXRlIjo2MDAwMDAwMDAwMDAsImRlbGV0ZSI6OTAwMDAwMDAwMDAwfSwic2NoZW1hX3ZlcnNpb24iOiIxIn0="
        }
      ]
    },
    {
      "module": "module.bastion",
      "mode": "data",
      "type": "aws_ami",
      "name": "ubuntu",
      "provider": "provider[\"registry.terraform.io/hashicorp/aws\"]",
      "instances": [
        {
          "schema_version": 0,
          "attributes": {
            "architecture": "x86_64",
            "arn": "arn:aws:ec2:ap-southeast-2::image/ami-017296766581f8140",
            "block_device_mappings": [
              {
                "device_name": "/dev/sda1",
                "ebs": {
                  "delete_on_termination": "true",
                  "encrypted": "false",
                  "iops": "0",
                  "snapshot_id": "snap-0dec3a74aa0ba0286",
                  "throughput": "0",
                  "volume_size": "8",
                  "volume_type": "gp2"
                },
                "no_device": "",
                "virtual_name": ""
              },
              {
                "device_name": "/dev/sdb",
                "ebs": {},
                "no_device": "",
                "virtual_name": "ephemeral0"
              },
              {
                "device_name": "/dev/sdc",
                "ebs": {},
                "no_device": "",
                "virtual_name": "ephemeral1"
              }
            ],
            "boot_mode": "legacy-bios",
            "creation_date": "2024-10-22T22:18:54.000Z",
            "deprecation_time": "2026-10-22T22:18:54.000Z",
            "description": "Canonical, Ubuntu, 20.04 LTS, amd64 focal image build on 2024-10-22",
            "ena_support": true,
            "executable_users": null,
            "filter": [
              {
                "name": "name",
                "values": [
                  "ubuntu/images/hvm-ssd/ubuntu-focal-20.04-amd64-server-*"
                ]
              },
              {
                "name": "virtualization-type",
                "values": ["hvm"]
              }
            ],
            "hypervisor": "xen",
            "id": "ami-017296766581f8140",
            "image_id": "ami-017296766581f8140",
            "image_location": "amazon/ubuntu/images/hvm-ssd/ubuntu-focal-20.04-amd64-server-20241022",
            "image_owner_alias": "amazon",
            "image_type": "machine",
            "imds_support": "",
            "include_deprecated": false,
            "kernel_id": "",
            "most_recent": true,
            "name": "ubuntu/images/hvm-ssd/ubuntu-focal-20.04-amd64-server-20241022",
            "name_regex": null,
            "owner_id": "099720109477",
            "owners": ["099720109477"],
            "platform": "",
            "platform_details": "Linux/UNIX",
            "product_codes": [],
            "public": true,
            "ramdisk_id": "",
            "root_device_name": "/dev/sda1",
            "root_device_type": "ebs",
            "root_snapshot_id": "snap-0dec3a74aa0ba0286",
            "sriov_net_support": "simple",
            "state": "available",
            "state_reason": {
              "code": "UNSET",
              "message": "UNSET"
            },
            "tags": {},
            "timeouts": null,
            "tpm_support": "",
            "usage_operation": "RunInstances",
            "virtualization_type": "hvm"
          },
          "sensitive_attributes": []
        }
      ]
    },
    {
      "module": "module.bastion",
      "mode": "managed",
      "type": "aws_eip",
      "name": "eip",
      "provider": "provider[\"registry.terraform.io/hashicorp/aws\"]",
      "instances": [
        {
          "schema_version": 0,
          "attributes": {
            "address": null,
            "allocation_id": "eipalloc-07fc005b7ca28256d",
            "arn": "arn:aws:ec2:ap-southeast-2:201335468138:elastic-ip/eipalloc-07fc005b7ca28256d",
            "associate_with_private_ip": null,
            "association_id": "eipassoc-0e3730a0c0ab95731",
            "carrier_ip": "",
            "customer_owned_ip": "",
            "customer_owned_ipv4_pool": "",
            "domain": "vpc",
            "id": "eipalloc-07fc005b7ca28256d",
            "instance": "i-086c8dfc4751c4618",
            "network_border_group": "ap-southeast-2",
            "network_interface": "eni-0f39c842a9844e7e3",
            "private_dns": "ip-172-31-45-79.ap-southeast-2.compute.internal",
            "private_ip": "172.31.45.79",
            "ptr_record": "",
            "public_dns": "ec2-52-65-238-41.ap-southeast-2.compute.amazonaws.com",
            "public_ip": "52.65.238.41",
            "public_ipv4_pool": "amazon",
            "tags": {},
            "tags_all": {},
            "timeouts": null,
            "vpc": true
          },
          "sensitive_attributes": [],
          "private": "eyJlMmJmYjczMC1lY2FhLTExZTYtOGY4OC0zNDM2M2JjN2M0YzAiOnsiZGVsZXRlIjoxODAwMDAwMDAwMDAsInJlYWQiOjkwMDAwMDAwMDAwMCwidXBkYXRlIjozMDAwMDAwMDAwMDB9fQ==",
          "dependencies": [
            "aws_default_vpc.default_vpc",
            "module.bastion.aws_instance.bastion",
            "module.bastion.aws_key_pair.bastion_key",
            "module.bastion.aws_security_group.bastion-sg"
          ]
        }
      ]
    },
    {
      "module": "module.bastion",
      "mode": "managed",
      "type": "aws_instance",
      "name": "bastion",
      "provider": "provider[\"registry.terraform.io/hashicorp/aws\"]",
      "instances": [
        {
          "schema_version": 1,
          "attributes": {
            "ami": "ami-024918da7f397bd33",
            "arn": "arn:aws:ec2:ap-southeast-2:201335468138:instance/i-086c8dfc4751c4618",
            "associate_public_ip_address": true,
            "availability_zone": "ap-southeast-2b",
            "capacity_reservation_specification": [
              {
                "capacity_reservation_preference": "open",
                "capacity_reservation_target": []
              }
            ],
            "cpu_core_count": 1,
            "cpu_options": [
              {
                "amd_sev_snp": "",
                "core_count": 1,
                "threads_per_core": 1
              }
            ],
            "cpu_threads_per_core": 1,
            "credit_specification": [
              {
                "cpu_credits": "standard"
              }
            ],
            "disable_api_stop": false,
            "disable_api_termination": false,
            "ebs_block_device": [],
            "ebs_optimized": false,
            "enclave_options": [
              {
                "enabled": false
              }
            ],
            "ephemeral_block_device": [],
            "get_password_data": false,
            "hibernation": false,
            "host_id": "",
            "host_resource_group_arn": null,
            "iam_instance_profile": "",
            "id": "i-086c8dfc4751c4618",
            "instance_initiated_shutdown_behavior": "stop",
            "instance_lifecycle": "",
            "instance_market_options": [],
            "instance_state": "running",
            "instance_type": "t2.nano",
            "ipv6_address_count": 0,
            "ipv6_addresses": [],
            "key_name": "hills-carpal-aws",
            "launch_template": [],
            "maintenance_options": [
              {
                "auto_recovery": "default"
              }
            ],
            "metadata_options": [
              {
                "http_endpoint": "enabled",
                "http_protocol_ipv6": "disabled",
                "http_put_response_hop_limit": 1,
                "http_tokens": "optional",
                "instance_metadata_tags": "disabled"
              }
            ],
            "monitoring": false,
            "network_interface": [],
            "outpost_arn": "",
            "password_data": "",
            "placement_group": "",
            "placement_partition_number": 0,
            "primary_network_interface_id": "eni-0f39c842a9844e7e3",
            "private_dns": "ip-172-31-45-79.ap-southeast-2.compute.internal",
            "private_dns_name_options": [
              {
                "enable_resource_name_dns_a_record": false,
                "enable_resource_name_dns_aaaa_record": false,
                "hostname_type": "ip-name"
              }
            ],
            "private_ip": "172.31.45.79",
            "public_dns": "ec2-52-65-238-41.ap-southeast-2.compute.amazonaws.com",
            "public_ip": "52.65.238.41",
            "root_block_device": [
              {
                "delete_on_termination": true,
                "device_name": "/dev/sda1",
                "encrypted": false,
                "iops": 100,
                "kms_key_id": "",
                "tags": {},
                "tags_all": {},
                "throughput": 0,
                "volume_id": "vol-0ff9f6d22f0958d5d",
                "volume_size": 8,
                "volume_type": "gp2"
              }
            ],
            "secondary_private_ips": [],
            "security_groups": ["bastion-security-group"],
            "source_dest_check": true,
            "spot_instance_request_id": "",
            "subnet_id": "subnet-67e8d22e",
            "tags": {},
            "tags_all": {},
            "tenancy": "default",
            "timeouts": null,
            "user_data": null,
            "user_data_base64": null,
            "user_data_replace_on_change": false,
            "volume_tags": null,
            "vpc_security_group_ids": ["sg-0138670358cc2f7ba"]
          },
          "sensitive_attributes": [],
          "private": "eyJlMmJmYjczMC1lY2FhLTExZTYtOGY4OC0zNDM2M2JjN2M0YzAiOnsiY3JlYXRlIjo2MDAwMDAwMDAwMDAsImRlbGV0ZSI6MTIwMDAwMDAwMDAwMCwicmVhZCI6OTAwMDAwMDAwMDAwLCJ1cGRhdGUiOjYwMDAwMDAwMDAwMH0sInNjaGVtYV92ZXJzaW9uIjoiMSJ9",
          "dependencies": [
            "aws_default_vpc.default_vpc",
            "module.bastion.aws_key_pair.bastion_key",
            "module.bastion.aws_security_group.bastion-sg"
          ]
        }
      ]
    },
    {
      "module": "module.bastion",
      "mode": "managed",
      "type": "aws_key_pair",
      "name": "bastion_key",
      "provider": "provider[\"registry.terraform.io/hashicorp/aws\"]",
      "instances": [
        {
          "schema_version": 1,
          "attributes": {
            "arn": "arn:aws:ec2:ap-southeast-2:201335468138:key-pair/hills-carpal-aws",
            "fingerprint": "5b:41:e4:64:95:26:38:51:d6:f5:c1:de:09:e7:9f:2c",
            "id": "hills-carpal-aws",
            "key_name": "hills-carpal-aws",
            "key_name_prefix": "",
            "key_pair_id": "key-079e32b61567fe50a",
            "key_type": "rsa",
            "public_key": "ssh-rsa AAAAB3NzaC1yc2EAAAADAQABAAACAQDFwzLDAmnpkJHT3DxIeqa1XcqESjeIrCYggvnG9lBwb221AvRcvCpGCaMh7G9QckkfThTevQLUDjUQLb5i8j3tWIOUEgSuExz2mwy+QNhgR6jju4UWGCdKEeF545Bz3S8ibNWrVzwf9n2e9z3LmgSMBcrK4+Sumc2fJw7MHfKQuXk6VGtZfj+738qUsFA6pZEZAJlSWtFbE4Ftg3LTrXWVJptzQS2I9lzaXDDiUMqhyaUXo0tHeahyhGKbk9PmXqh1bU4rR5T/vSg9abfGSYmv/cW0JHwYx7xGQBGOCV+ZHunfHpAuQxCjWqNv8fN9MDKHY/e+U1q872BE5NkLx4Ug6HyGImyBOuQed29Kz1NK74B98hoc3Ql7zVMDSQm4zglXBb1eLLC4vRV52snJE9rS2mFI/d6pCq9XlzVIC/sbRayN4kDbgU65mTf59lH9oYiM9oTwVFy3ISeUyLiVY3EjuadE6senNLvtrvWJ8V8oMFLLszdyTPHK87CyACtbglRgYNbao4ppR7buNci50ESKaP9znbS8sAjH8d5BW2jdCvk6uTuBa7Tb9Jl4P+Kh3/4aXn89BdxMCbez0b4aqOwavY1fxZwPeV1djY5UV/TrDtImro87UUJJHGMWVr1m+YyUC8ZN7EdYnolFOlmMtEOCBao1kxCswIN4qDSKZXsaxQ== alex@alexgilleran.com",
            "tags": {},
            "tags_all": {}
          },
          "sensitive_attributes": [],
          "private": "eyJzY2hlbWFfdmVyc2lvbiI6IjEifQ=="
        }
      ]
    },
    {
      "module": "module.bastion",
      "mode": "managed",
      "type": "aws_security_group",
      "name": "bastion-sg",
      "provider": "provider[\"registry.terraform.io/hashicorp/aws\"]",
      "instances": [
        {
          "schema_version": 1,
          "attributes": {
            "arn": "arn:aws:ec2:ap-southeast-2:201335468138:security-group/sg-0138670358cc2f7ba",
            "description": "Managed by Terraform",
            "egress": [
              {
                "cidr_blocks": ["0.0.0.0/0"],
                "description": "",
                "from_port": 0,
                "ipv6_cidr_blocks": [],
                "prefix_list_ids": [],
                "protocol": "-1",
                "security_groups": [],
                "self": false,
                "to_port": 0
              }
            ],
            "id": "sg-0138670358cc2f7ba",
            "ingress": [
              {
                "cidr_blocks": ["0.0.0.0/0"],
                "description": "",
                "from_port": 22,
                "ipv6_cidr_blocks": [],
                "prefix_list_ids": [],
                "protocol": "tcp",
                "security_groups": [],
                "self": false,
                "to_port": 22
              }
            ],
            "name": "bastion-security-group",
            "name_prefix": "",
            "owner_id": "201335468138",
            "revoke_rules_on_delete": false,
            "tags": {},
            "tags_all": {},
            "timeouts": null,
            "vpc_id": "vpc-c5bc9da2"
          },
          "sensitive_attributes": [],
          "private": "eyJlMmJmYjczMC1lY2FhLTExZTYtOGY4OC0zNDM2M2JjN2M0YzAiOnsiY3JlYXRlIjo2MDAwMDAwMDAwMDAsImRlbGV0ZSI6OTAwMDAwMDAwMDAwfSwic2NoZW1hX3ZlcnNpb24iOiIxIn0=",
          "dependencies": ["aws_default_vpc.default_vpc"]
        }
      ]
    },
    {
      "module": "module.dev_db",
      "mode": "managed",
      "type": "aws_db_instance",
      "name": "hills-carpal-db",
      "provider": "provider[\"registry.terraform.io/hashicorp/aws\"]",
      "instances": [
        {
          "schema_version": 2,
          "attributes": {
            "address": "hillscarpal-db-dev.cbmtdkajuu0s.ap-southeast-2.rds.amazonaws.com",
            "allocated_storage": 20,
            "allow_major_version_upgrade": null,
            "apply_immediately": true,
            "arn": "arn:aws:rds:ap-southeast-2:201335468138:db:hillscarpal-db-dev",
            "auto_minor_version_upgrade": true,
            "availability_zone": "ap-southeast-2c",
            "backup_retention_period": 3,
            "backup_target": "region",
            "backup_window": "13:40-14:10",
            "blue_green_update": [],
            "ca_cert_identifier": "rds-ca-rsa4096-g1",
            "character_set_name": "",
            "copy_tags_to_snapshot": false,
            "custom_iam_instance_profile": "",
            "customer_owned_ip_enabled": false,
            "db_name": "carpal",
            "db_subnet_group_name": "default",
            "dedicated_log_volume": false,
            "delete_automated_backups": true,
            "deletion_protection": true,
            "domain": "",
            "domain_auth_secret_arn": "",
            "domain_dns_ips": [],
            "domain_fqdn": "",
            "domain_iam_role_name": "",
            "domain_ou": "",
            "enabled_cloudwatch_logs_exports": [],
            "endpoint": "hillscarpal-db-dev.cbmtdkajuu0s.ap-southeast-2.rds.amazonaws.com:3306",
            "engine": "mysql",
            "engine_lifecycle_support": "open-source-rds-extended-support",
            "engine_version": "8.0",
            "engine_version_actual": "8.0.35",
            "final_snapshot_identifier": "",
            "hosted_zone_id": "Z32T0VRHXEXS0V",
            "iam_database_authentication_enabled": false,
            "id": "db-F4C2IOGCBFONV5USIEJC6OQJLU",
            "identifier": "hillscarpal-db-dev",
            "identifier_prefix": "",
            "instance_class": "db.t3.micro",
            "iops": 0,
            "kms_key_id": "arn:aws:kms:ap-southeast-2:201335468138:key/57f439e8-a156-4990-8e09-944fd52cbeed",
            "latest_restorable_time": "2024-10-23T12:20:00Z",
            "license_model": "general-public-license",
            "listener_endpoint": [],
            "maintenance_window": "sat:19:00-sat:19:30",
            "manage_master_user_password": null,
            "master_user_secret": [],
            "master_user_secret_kms_key_id": null,
            "max_allocated_storage": 0,
            "monitoring_interval": 0,
            "monitoring_role_arn": "",
            "multi_az": false,
            "nchar_character_set_name": "",
            "network_type": "IPV4",
            "option_group_name": "default:mysql-8-0",
            "parameter_group_name": "default.mysql8.0",
            "password": "foobarbaz",
            "performance_insights_enabled": false,
            "performance_insights_kms_key_id": "",
            "performance_insights_retention_period": 0,
            "port": 3306,
            "publicly_accessible": false,
            "replica_mode": "",
            "replicas": [],
            "replicate_source_db": "",
            "resource_id": "db-F4C2IOGCBFONV5USIEJC6OQJLU",
            "restore_to_point_in_time": [],
            "s3_import": [],
            "skip_final_snapshot": true,
            "snapshot_identifier": null,
            "status": "available",
            "storage_encrypted": true,
            "storage_throughput": 0,
            "storage_type": "gp2",
            "tags": {},
            "tags_all": {},
            "timeouts": null,
            "timezone": "",
            "upgrade_storage_config": null,
            "username": "foo",
            "vpc_security_group_ids": ["sg-00721aa4a6fedfd64"]
          },
          "sensitive_attributes": [
            [
              {
                "type": "get_attr",
                "value": "password"
              }
            ]
          ],
          "private": "eyJlMmJmYjczMC1lY2FhLTExZTYtOGY4OC0zNDM2M2JjN2M0YzAiOnsiY3JlYXRlIjoyNDAwMDAwMDAwMDAwLCJkZWxldGUiOjM2MDAwMDAwMDAwMDAsInVwZGF0ZSI6NDgwMDAwMDAwMDAwMH0sInNjaGVtYV92ZXJzaW9uIjoiMiJ9",
          "dependencies": [
            "aws_default_vpc.default_vpc",
            "module.dev_db.aws_security_group.db_security_group"
          ]
        }
      ]
    },
    {
      "module": "module.dev_db",
      "mode": "managed",
      "type": "aws_security_group",
      "name": "db_security_group",
      "provider": "provider[\"registry.terraform.io/hashicorp/aws\"]",
      "instances": [
        {
          "schema_version": 1,
          "attributes": {
            "arn": "arn:aws:ec2:ap-southeast-2:201335468138:security-group/sg-00721aa4a6fedfd64",
            "description": "RDS (terraform-managed) dev",
            "egress": [
              {
                "cidr_blocks": ["0.0.0.0/0"],
                "description": "",
                "from_port": 0,
                "ipv6_cidr_blocks": [],
                "prefix_list_ids": [],
                "protocol": "-1",
                "security_groups": [],
                "self": false,
                "to_port": 0
              }
            ],
            "id": "sg-00721aa4a6fedfd64",
            "ingress": [
              {
                "cidr_blocks": ["172.31.0.0/16"],
                "description": "",
                "from_port": 3306,
                "ipv6_cidr_blocks": [],
                "prefix_list_ids": [],
                "protocol": "tcp",
                "security_groups": [],
                "self": false,
                "to_port": 3306
              }
            ],
            "name": "dev-rds-sg",
            "name_prefix": "",
            "owner_id": "201335468138",
            "revoke_rules_on_delete": false,
            "tags": {},
            "tags_all": {},
            "timeouts": null,
            "vpc_id": "vpc-c5bc9da2"
          },
          "sensitive_attributes": [],
          "private": "eyJlMmJmYjczMC1lY2FhLTExZTYtOGY4OC0zNDM2M2JjN2M0YzAiOnsiY3JlYXRlIjo2MDAwMDAwMDAwMDAsImRlbGV0ZSI6OTAwMDAwMDAwMDAwfSwic2NoZW1hX3ZlcnNpb24iOiIxIn0=",
          "dependencies": ["aws_default_vpc.default_vpc"]
        }
      ]
    },
    {
      "module": "module.prod",
      "mode": "data",
      "type": "aws_ami",
      "name": "amazon_linux_ecs",
      "provider": "provider[\"registry.terraform.io/hashicorp/aws\"]",
      "instances": [
        {
          "schema_version": 0,
          "attributes": {
            "architecture": "x86_64",
            "arn": "arn:aws:ec2:ap-southeast-2::image/ami-0f33a6f47c7a422dd",
            "block_device_mappings": [
              {
                "device_name": "/dev/xvda",
                "ebs": {
                  "delete_on_termination": "true",
                  "encrypted": "false",
                  "iops": "0",
                  "snapshot_id": "snap-0a237ab5249cd89b8",
                  "throughput": "0",
                  "volume_size": "8",
                  "volume_type": "gp2"
                },
                "no_device": "",
                "virtual_name": ""
              },
              {
                "device_name": "/dev/xvdcz",
                "ebs": {
                  "delete_on_termination": "true",
                  "encrypted": "false",
                  "iops": "0",
                  "snapshot_id": "snap-0a6d265390d2dcab0",
                  "throughput": "0",
                  "volume_size": "22",
                  "volume_type": "gp2"
                },
                "no_device": "",
                "virtual_name": ""
              }
            ],
            "boot_mode": "",
            "creation_date": "2024-10-10T21:40:37.000Z",
            "deprecation_time": "2026-10-10T21:40:37.000Z",
            "description": "Amazon Linux AMI amzn-ami-2018.03.20241010 x86_64 ECS HVM GP2",
            "ena_support": true,
            "executable_users": null,
            "filter": [
              {
                "name": "name",
                "values": ["amzn-ami-*-amazon-ecs-optimized"]
              },
              {
                "name": "owner-alias",
                "values": ["amazon"]
              }
            ],
            "hypervisor": "xen",
            "id": "ami-0f33a6f47c7a422dd",
            "image_id": "ami-0f33a6f47c7a422dd",
            "image_location": "amazon/amzn-ami-2018.03.20241010-amazon-ecs-optimized",
            "image_owner_alias": "amazon",
            "image_type": "machine",
            "imds_support": "",
            "include_deprecated": false,
            "kernel_id": "",
            "most_recent": true,
            "name": "amzn-ami-2018.03.20241010-amazon-ecs-optimized",
            "name_regex": null,
            "owner_id": "591542846629",
            "owners": ["amazon"],
            "platform": "",
            "platform_details": "Linux/UNIX",
            "product_codes": [],
            "public": true,
            "ramdisk_id": "",
            "root_device_name": "/dev/xvda",
            "root_device_type": "ebs",
            "root_snapshot_id": "snap-0a237ab5249cd89b8",
            "sriov_net_support": "simple",
            "state": "available",
            "state_reason": {
              "code": "UNSET",
              "message": "UNSET"
            },
            "tags": {},
            "timeouts": null,
            "tpm_support": "",
            "usage_operation": "RunInstances",
            "virtualization_type": "hvm"
          },
          "sensitive_attributes": []
        }
      ]
    },
    {
      "module": "module.prod",
      "mode": "data",
      "type": "aws_iam_policy_document",
      "name": "assume_role_policy_ec2",
      "provider": "provider[\"registry.terraform.io/hashicorp/aws\"]",
      "instances": [
        {
          "schema_version": 0,
          "attributes": {
            "id": "2851119427",
            "json": "{\n  \"Version\": \"2012-10-17\",\n  \"Statement\": [\n    {\n      \"Effect\": \"Allow\",\n      \"Action\": \"sts:AssumeRole\",\n      \"Principal\": {\n        \"Service\": \"ec2.amazonaws.com\"\n      }\n    }\n  ]\n}",
            "minified_json": "{\"Version\":\"2012-10-17\",\"Statement\":[{\"Effect\":\"Allow\",\"Action\":\"sts:AssumeRole\",\"Principal\":{\"Service\":\"ec2.amazonaws.com\"}}]}",
            "override_json": null,
            "override_policy_documents": null,
            "policy_id": null,
            "source_json": null,
            "source_policy_documents": null,
            "statement": [
              {
                "actions": ["sts:AssumeRole"],
                "condition": [],
                "effect": "Allow",
                "not_actions": [],
                "not_principals": [],
                "not_resources": [],
                "principals": [
                  {
                    "identifiers": ["ec2.amazonaws.com"],
                    "type": "Service"
                  }
                ],
                "resources": [],
                "sid": ""
              }
            ],
            "version": "2012-10-17"
          },
          "sensitive_attributes": []
        }
      ]
    },
    {
      "module": "module.prod",
      "mode": "data",
      "type": "aws_iam_policy_document",
      "name": "daily_cron_sns_topic_policy",
      "provider": "provider[\"registry.terraform.io/hashicorp/aws\"]",
      "instances": [
        {
          "schema_version": 0,
          "attributes": {
            "id": "396853733",
            "json": "{\n  \"Version\": \"2012-10-17\",\n  \"Statement\": [\n    {\n      \"Effect\": \"Allow\",\n      \"Action\": \"SNS:Publish\",\n      \"Resource\": \"arn:aws:sns:ap-southeast-2:201335468138:daily-cron-prod\",\n      \"Principal\": {\n        \"Service\": \"events.amazonaws.com\"\n      }\n    }\n  ]\n}",
            "minified_json": "{\"Version\":\"2012-10-17\",\"Statement\":[{\"Effect\":\"Allow\",\"Action\":\"SNS:Publish\",\"Resource\":\"arn:aws:sns:ap-southeast-2:201335468138:daily-cron-prod\",\"Principal\":{\"Service\":\"events.amazonaws.com\"}}]}",
            "override_json": null,
            "override_policy_documents": null,
            "policy_id": null,
            "source_json": null,
            "source_policy_documents": null,
            "statement": [
              {
                "actions": ["SNS:Publish"],
                "condition": [],
                "effect": "Allow",
                "not_actions": [],
                "not_principals": [],
                "not_resources": [],
                "principals": [
                  {
                    "identifiers": ["events.amazonaws.com"],
                    "type": "Service"
                  }
                ],
                "resources": [
                  "arn:aws:sns:ap-southeast-2:201335468138:daily-cron-prod"
                ],
                "sid": ""
              }
            ],
            "version": "2012-10-17"
          },
          "sensitive_attributes": []
        }
      ]
    },
    {
      "module": "module.prod",
      "mode": "data",
      "type": "aws_iam_policy_document",
      "name": "get_access_to_secrets",
      "provider": "provider[\"registry.terraform.io/hashicorp/aws\"]",
      "instances": [
        {
          "schema_version": 0,
          "attributes": {
            "id": "1240581127",
            "json": "{\n  \"Version\": \"2012-10-17\",\n  \"Statement\": [\n    {\n      \"Effect\": \"Allow\",\n      \"Action\": \"secretsmanager:GetSecretValue\",\n      \"Resource\": \"arn:aws:secretsmanager:ap-southeast-2:201335468138:secret:hills-carpal-secret-prod-PlVUN0\"\n    }\n  ]\n}",
            "minified_json": "{\"Version\":\"2012-10-17\",\"Statement\":[{\"Effect\":\"Allow\",\"Action\":\"secretsmanager:GetSecretValue\",\"Resource\":\"arn:aws:secretsmanager:ap-southeast-2:201335468138:secret:hills-carpal-secret-prod-PlVUN0\"}]}",
            "override_json": null,
            "override_policy_documents": null,
            "policy_id": null,
            "source_json": null,
            "source_policy_documents": null,
            "statement": [
              {
                "actions": ["secretsmanager:GetSecretValue"],
                "condition": [],
                "effect": "Allow",
                "not_actions": [],
                "not_principals": [],
                "not_resources": [],
                "principals": [],
                "resources": [
                  "arn:aws:secretsmanager:ap-southeast-2:201335468138:secret:hills-carpal-secret-prod-PlVUN0"
                ],
                "sid": ""
              }
            ],
            "version": "2012-10-17"
          },
          "sensitive_attributes": []
        }
      ]
    },
    {
      "module": "module.prod",
      "mode": "data",
      "type": "aws_iam_policy_document",
      "name": "half_hourly_cron_sns_topic_policy",
      "provider": "provider[\"registry.terraform.io/hashicorp/aws\"]",
      "instances": [
        {
          "schema_version": 0,
          "attributes": {
            "id": "548362211",
            "json": "{\n  \"Version\": \"2012-10-17\",\n  \"Statement\": [\n    {\n      \"Effect\": \"Allow\",\n      \"Action\": \"SNS:Publish\",\n      \"Resource\": \"arn:aws:sns:ap-southeast-2:201335468138:half-hourly-cron-prod\",\n      \"Principal\": {\n        \"Service\": \"events.amazonaws.com\"\n      }\n    }\n  ]\n}",
            "minified_json": "{\"Version\":\"2012-10-17\",\"Statement\":[{\"Effect\":\"Allow\",\"Action\":\"SNS:Publish\",\"Resource\":\"arn:aws:sns:ap-southeast-2:201335468138:half-hourly-cron-prod\",\"Principal\":{\"Service\":\"events.amazonaws.com\"}}]}",
            "override_json": null,
            "override_policy_documents": null,
            "policy_id": null,
            "source_json": null,
            "source_policy_documents": null,
            "statement": [
              {
                "actions": ["SNS:Publish"],
                "condition": [],
                "effect": "Allow",
                "not_actions": [],
                "not_principals": [],
                "not_resources": [],
                "principals": [
                  {
                    "identifiers": ["events.amazonaws.com"],
                    "type": "Service"
                  }
                ],
                "resources": [
                  "arn:aws:sns:ap-southeast-2:201335468138:half-hourly-cron-prod"
                ],
                "sid": ""
              }
            ],
            "version": "2012-10-17"
          },
          "sensitive_attributes": []
        }
      ]
    },
    {
      "module": "module.prod",
      "mode": "managed",
      "type": "aws_cloudwatch_event_rule",
      "name": "daily_cron",
      "provider": "provider[\"registry.terraform.io/hashicorp/aws\"]",
      "instances": [
        {
          "schema_version": 1,
          "attributes": {
            "arn": "arn:aws:events:ap-southeast-2:201335468138:rule/daily_cron-prod",
            "description": "Daily cron - happens every morning Sydney time",
            "event_bus_name": "default",
            "event_pattern": null,
            "force_destroy": false,
            "id": "daily_cron-prod",
            "is_enabled": true,
            "name": "daily_cron-prod",
            "name_prefix": "",
            "role_arn": "",
            "schedule_expression": "cron(0 22 * * ? *)",
            "state": "ENABLED",
            "tags": {},
            "tags_all": {}
          },
          "sensitive_attributes": [],
          "private": "bnVsbA=="
        }
      ]
    },
    {
      "module": "module.prod",
      "mode": "managed",
      "type": "aws_cloudwatch_event_rule",
      "name": "half_hourly_cron",
      "provider": "provider[\"registry.terraform.io/hashicorp/aws\"]",
      "instances": [
        {
          "schema_version": 1,
          "attributes": {
            "arn": "arn:aws:events:ap-southeast-2:201335468138:rule/half-hourly-cron-prod",
            "description": "Half-hourly cron",
            "event_bus_name": "default",
            "event_pattern": null,
            "force_destroy": false,
            "id": "half-hourly-cron-prod",
            "is_enabled": true,
            "name": "half-hourly-cron-prod",
            "name_prefix": "",
            "role_arn": "",
            "schedule_expression": "rate(30 minutes)",
            "state": "ENABLED",
            "tags": {},
            "tags_all": {}
          },
          "sensitive_attributes": [],
          "private": "bnVsbA=="
        }
      ]
    },
    {
      "module": "module.prod",
      "mode": "managed",
      "type": "aws_cloudwatch_event_target",
      "name": "daily_cron_sns",
      "provider": "provider[\"registry.terraform.io/hashicorp/aws\"]",
      "instances": [
        {
          "schema_version": 1,
          "attributes": {
            "arn": "arn:aws:sns:ap-southeast-2:201335468138:daily-cron-prod",
            "batch_target": [],
            "dead_letter_config": [],
            "ecs_target": [],
            "event_bus_name": "default",
            "force_destroy": false,
            "http_target": [],
            "id": "daily_cron-prod-SendToSNS",
            "input": "",
            "input_path": "",
            "input_transformer": [],
            "kinesis_target": [],
            "redshift_target": [],
            "retry_policy": [],
            "role_arn": "",
            "rule": "daily_cron-prod",
            "run_command_targets": [],
            "sagemaker_pipeline_target": [],
            "sqs_target": [],
            "target_id": "SendToSNS"
          },
          "sensitive_attributes": [],
          "private": "bnVsbA==",
          "dependencies": [
            "module.prod.aws_cloudwatch_event_rule.daily_cron",
            "module.prod.aws_sns_topic.daily_cron_sns_topic"
          ]
        }
      ]
    },
    {
      "module": "module.prod",
      "mode": "managed",
      "type": "aws_cloudwatch_event_target",
      "name": "half_hourly_cron_sns",
      "provider": "provider[\"registry.terraform.io/hashicorp/aws\"]",
      "instances": [
        {
          "schema_version": 1,
          "attributes": {
            "arn": "arn:aws:sns:ap-southeast-2:201335468138:half-hourly-cron-prod",
            "batch_target": [],
            "dead_letter_config": [],
            "ecs_target": [],
            "event_bus_name": "default",
            "force_destroy": false,
            "http_target": [],
            "id": "half-hourly-cron-prod-SendToSNS",
            "input": "",
            "input_path": "",
            "input_transformer": [],
            "kinesis_target": [],
            "redshift_target": [],
            "retry_policy": [],
            "role_arn": "",
            "rule": "half-hourly-cron-prod",
            "run_command_targets": [],
            "sagemaker_pipeline_target": [],
            "sqs_target": [],
            "target_id": "SendToSNS"
          },
          "sensitive_attributes": [],
          "private": "bnVsbA==",
          "dependencies": [
            "module.prod.aws_cloudwatch_event_rule.half_hourly_cron",
            "module.prod.aws_sns_topic.half_hourly_cron_sns_topic"
          ]
        }
      ]
    },
    {
      "module": "module.prod",
      "mode": "managed",
      "type": "aws_cloudwatch_log_group",
      "name": "awslogs-hills-carpal",
      "provider": "provider[\"registry.terraform.io/hashicorp/aws\"]",
      "instances": [
        {
          "schema_version": 0,
          "attributes": {
            "arn": "arn:aws:logs:ap-southeast-2:201335468138:log-group:awslogs-hills-carpal-prod",
            "id": "awslogs-hills-carpal-prod",
            "kms_key_id": "",
            "log_group_class": "STANDARD",
            "name": "awslogs-hills-carpal-prod",
            "name_prefix": "",
            "retention_in_days": 0,
            "skip_destroy": false,
            "tags": {},
            "tags_all": {}
          },
          "sensitive_attributes": [],
          "private": "bnVsbA=="
        }
      ]
    },
    {
      "module": "module.prod",
      "mode": "managed",
      "type": "aws_ecs_cluster",
      "name": "hills-carpal-cluster",
      "provider": "provider[\"registry.terraform.io/hashicorp/aws\"]",
      "instances": [
        {
          "schema_version": 0,
          "attributes": {
            "arn": "arn:aws:ecs:ap-southeast-2:201335468138:cluster/hills-carpal-cluster-prod",
            "configuration": [],
            "id": "arn:aws:ecs:ap-southeast-2:201335468138:cluster/hills-carpal-cluster-prod",
            "name": "hills-carpal-cluster-prod",
            "service_connect_defaults": [],
            "setting": [
              {
                "name": "containerInsights",
                "value": "disabled"
              }
            ],
            "tags": {},
            "tags_all": {}
          },
          "sensitive_attributes": [],
          "private": "bnVsbA=="
        }
      ]
    },
    {
      "module": "module.prod",
      "mode": "managed",
      "type": "aws_ecs_service",
      "name": "hills-carpal-service",
      "provider": "provider[\"registry.terraform.io/hashicorp/aws\"]",
      "instances": [
        {
          "schema_version": 1,
          "attributes": {
            "alarms": [],
            "capacity_provider_strategy": [],
            "cluster": "arn:aws:ecs:ap-southeast-2:201335468138:cluster/hills-carpal-cluster-prod",
            "deployment_circuit_breaker": [
              {
                "enable": false,
                "rollback": false
              }
            ],
            "deployment_controller": [
              {
                "type": "ECS"
              }
            ],
            "deployment_maximum_percent": 200,
            "deployment_minimum_healthy_percent": 0,
            "desired_count": 1,
            "enable_ecs_managed_tags": false,
            "enable_execute_command": false,
            "force_delete": null,
            "force_new_deployment": null,
            "health_check_grace_period_seconds": 0,
            "iam_role": "/aws-service-role/ecs.amazonaws.com/AWSServiceRoleForECS",
            "id": "arn:aws:ecs:ap-southeast-2:201335468138:service/hills-carpal-cluster-prod/hills-carpal-service-prod",
            "launch_type": "FARGATE",
            "load_balancer": [
              {
                "container_name": "hills-carpal-task-prod",
                "container_port": 3000,
                "elb_name": "",
                "target_group_arn": "arn:aws:elasticloadbalancing:ap-southeast-2:201335468138:targetgroup/target-group-prod/a2c1a2172214bb13"
              }
            ],
            "name": "hills-carpal-service-prod",
            "network_configuration": [
              {
                "assign_public_ip": true,
                "security_groups": ["sg-039e87001c36bf0b4"],
                "subnets": [
                  "subnet-67e8d22e",
                  "subnet-a0959cc7",
                  "subnet-f8cf74a0"
                ]
              }
            ],
            "ordered_placement_strategy": [],
            "placement_constraints": [],
            "platform_version": "LATEST",
            "propagate_tags": "NONE",
            "scheduling_strategy": "REPLICA",
            "service_connect_configuration": [],
            "service_registries": [],
            "tags": {},
            "tags_all": {},
            "task_definition": "arn:aws:ecs:ap-southeast-2:201335468138:task-definition/hills-carpal-task-prod:68",
            "timeouts": null,
            "triggers": {},
            "volume_configuration": [],
            "wait_for_steady_state": false
          },
          "sensitive_attributes": [],
          "private": "eyJlMmJmYjczMC1lY2FhLTExZTYtOGY4OC0zNDM2M2JjN2M0YzAiOnsiY3JlYXRlIjoxMjAwMDAwMDAwMDAwLCJkZWxldGUiOjEyMDAwMDAwMDAwMDAsInVwZGF0ZSI6MTIwMDAwMDAwMDAwMH0sInNjaGVtYV92ZXJzaW9uIjoiMSJ9",
          "dependencies": [
            "aws_default_subnet.default_subnet_a",
            "aws_default_subnet.default_subnet_b",
            "aws_default_subnet.default_subnet_c",
            "aws_default_vpc.default_vpc",
            "aws_ecr_repository.hills-carpal-repo",
            "aws_iam_role.ecs_task_execution_role",
            "aws_security_group.load_balancer_security_group",
            "data.aws_iam_policy_document.assume_role_policy",
            "module.prod.aws_ecs_cluster.hills-carpal-cluster",
            "module.prod.aws_ecs_task_definition.hills-carpal-task",
            "module.prod.aws_lb_target_group.target_group",
            "module.prod.aws_secretsmanager_secret.hills-carpal-secret",
            "module.prod.aws_security_group.service_security_group",
            "module.prod_db.aws_db_instance.hills-carpal-db",
            "module.prod_db.aws_security_group.db_security_group"
          ]
        }
      ]
    },
    {
      "module": "module.prod",
      "mode": "managed",
      "type": "aws_ecs_task_definition",
      "name": "hills-carpal-task",
      "provider": "provider[\"registry.terraform.io/hashicorp/aws\"]",
      "instances": [
        {
          "schema_version": 1,
          "attributes": {
            "arn": "arn:aws:ecs:ap-southeast-2:201335468138:task-definition/hills-carpal-task-prod:65",
            "arn_without_revision": "arn:aws:ecs:ap-southeast-2:201335468138:task-definition/hills-carpal-task-prod",
            "container_definitions": "[{\"cpu\":10,\"environment\":[{\"name\":\"BACKUP_GOOGLE_SHEET_ID\",\"value\":\"1MFfENxjTsva5NZbzi9ArF2JS9NHv4ZxfkA0IJzhp8rM\"},{\"name\":\"ENVIRONMENT_NAME\",\"value\":\"Production\"},{\"name\":\"EXTERNAL_URL\",\"value\":\"https://ride.carpal.org.au\"},{\"name\":\"GOOGLE_SERVICE_ACCOUNT_EMAIL\",\"value\":\"hillscarpalsheets@hills-carpal.iam.gserviceaccount.com\"},{\"name\":\"MYSQL_HOST\",\"value\":\"hillscarpal-db-prod.cbmtdkajuu0s.ap-southeast-2.rds.amazonaws.com\"},{\"name\":\"MYSQL_PORT\",\"value\":\"3306\"},{\"name\":\"MYSQL_USE_SSL\",\"value\":\"TRUE\"},{\"name\":\"REQUIRE_USER_ROLE\",\"value\":\"prod\"}],\"essential\":true,\"image\":\"201335468138.dkr.ecr.ap-southeast-2.amazonaws.com/hills-carpal-repo:ad5058328d59ee40e0f318fa668dca207a51ed2d\",\"logConfiguration\":{\"logDriver\":\"awslogs\",\"options\":{\"awslogs-group\":\"awslogs-hills-carpal-prod\",\"awslogs-region\":\"ap-southeast-2\",\"awslogs-stream-prefix\":\"hills-carpal-prod\"}},\"memory\":256,\"mountPoints\":[],\"name\":\"hills-carpal-task-prod\",\"portMappings\":[{\"containerPort\":3000,\"hostPort\":3000,\"protocol\":\"tcp\"}],\"secrets\":[{\"name\":\"MYSQL_PW\",\"valueFrom\":\"arn:aws:secretsmanager:ap-southeast-2:201335468138:secret:hills-carpal-secret-prod-PlVUN0:MYSQL_PW::\"},{\"name\":\"MYSQL_USER\",\"valueFrom\":\"arn:aws:secretsmanager:ap-southeast-2:201335468138:secret:hills-carpal-secret-prod-PlVUN0:MYSQL_USER::\"},{\"name\":\"AUTH0_CLIENT_SECRET\",\"valueFrom\":\"arn:aws:secretsmanager:ap-southeast-2:201335468138:secret:hills-carpal-secret-prod-PlVUN0:AUTH0_CLIENT_SECRET::\"},{\"name\":\"SMTP_USERNAME\",\"valueFrom\":\"arn:aws:secretsmanager:ap-southeast-2:201335468138:secret:hills-carpal-secret-prod-PlVUN0:SMTP_USERNAME::\"},{\"name\":\"SMTP_PASSWORD\",\"valueFrom\":\"arn:aws:secretsmanager:ap-southeast-2:201335468138:secret:hills-carpal-secret-prod-PlVUN0:SMTP_PASSWORD::\"},{\"name\":\"GOOGLE_PRIVATE_KEY\",\"valueFrom\":\"arn:aws:secretsmanager:ap-southeast-2:201335468138:secret:hills-carpal-secret-prod-PlVUN0:GOOGLE_PRIVATE_KEY::\"},{\"name\":\"SURVEY_GOOGLE_SHEET_ID\",\"valueFrom\":\"arn:aws:secretsmanager:ap-southeast-2:201335468138:secret:hills-carpal-secret-prod-PlVUN0:SURVEY_GOOGLE_SHEET_ID::\"}],\"volumesFrom\":[]}]",
            "cpu": "256",
            "ephemeral_storage": [],
            "execution_role_arn": "arn:aws:iam::201335468138:role/ecs_task_execution_role",
            "family": "hills-carpal-task-prod",
            "id": "hills-carpal-task-prod",
            "inference_accelerator": [],
            "ipc_mode": "",
            "memory": "512",
            "network_mode": "awsvpc",
            "pid_mode": "",
            "placement_constraints": [],
            "proxy_configuration": [],
            "requires_compatibilities": ["FARGATE"],
            "revision": 65,
            "runtime_platform": [],
            "skip_destroy": null,
            "tags": {},
            "tags_all": {},
            "task_role_arn": "",
            "track_latest": false,
            "volume": []
          },
          "sensitive_attributes": [],
          "private": "eyJzY2hlbWFfdmVyc2lvbiI6IjEifQ==",
          "dependencies": [
            "aws_default_vpc.default_vpc",
            "aws_ecr_repository.hills-carpal-repo",
            "aws_iam_role.ecs_task_execution_role",
            "data.aws_iam_policy_document.assume_role_policy",
            "module.prod.aws_secretsmanager_secret.hills-carpal-secret",
            "module.prod_db.aws_db_instance.hills-carpal-db",
            "module.prod_db.aws_security_group.db_security_group"
          ]
        }
      ]
    },
    {
      "module": "module.prod",
      "mode": "managed",
      "type": "aws_iam_instance_profile",
      "name": "ecsInstanceProfile",
      "provider": "provider[\"registry.terraform.io/hashicorp/aws\"]",
      "instances": [
        {
          "schema_version": 0,
          "attributes": {
            "arn": "arn:aws:iam::201335468138:instance-profile/ecs-instance-profile-prod",
            "create_date": "2021-04-02T09:57:46Z",
            "id": "ecs-instance-profile-prod",
            "name": "ecs-instance-profile-prod",
            "name_prefix": "",
            "path": "/",
            "role": "ecsInstanceRole-prod",
            "tags": {},
            "tags_all": {},
            "unique_id": "AIPAS5YEHOBVGJAJPQKMI"
          },
          "sensitive_attributes": [],
          "private": "bnVsbA==",
          "dependencies": [
            "module.prod.aws_iam_role.ecsInstanceRole",
            "module.prod.data.aws_iam_policy_document.assume_role_policy_ec2"
          ]
        }
      ]
    },
    {
      "module": "module.prod",
      "mode": "managed",
      "type": "aws_iam_policy",
      "name": "get_access_to_secrets",
      "provider": "provider[\"registry.terraform.io/hashicorp/aws\"]",
      "instances": [
        {
          "schema_version": 0,
          "attributes": {
            "arn": "arn:aws:iam::201335468138:policy/get-access-to-secrets-prod",
            "attachment_count": 1,
            "description": "",
            "id": "arn:aws:iam::201335468138:policy/get-access-to-secrets-prod",
            "name": "get-access-to-secrets-prod",
            "name_prefix": "",
            "path": "/",
            "policy": "{\n  \"Version\": \"2012-10-17\",\n  \"Statement\": [\n    {\n      \"Sid\": \"\",\n      \"Effect\": \"Allow\",\n      \"Action\": \"secretsmanager:GetSecretValue\",\n      \"Resource\": \"arn:aws:secretsmanager:ap-southeast-2:201335468138:secret:hills-carpal-secret-prod-PlVUN0\"\n    }\n  ]\n}",
            "policy_id": "ANPAS5YEHOBVH7FJU4EHV",
            "tags": {},
            "tags_all": {}
          },
          "sensitive_attributes": [],
          "private": "bnVsbA==",
          "dependencies": [
            "module.prod.aws_secretsmanager_secret.hills-carpal-secret",
            "module.prod.data.aws_iam_policy_document.get_access_to_secrets"
          ]
        }
      ]
    },
    {
      "module": "module.prod",
      "mode": "managed",
      "type": "aws_iam_role",
      "name": "ecsInstanceRole",
      "provider": "provider[\"registry.terraform.io/hashicorp/aws\"]",
      "instances": [
        {
          "schema_version": 0,
          "attributes": {
            "arn": "arn:aws:iam::201335468138:role/ecsInstanceRole-prod",
            "assume_role_policy": "{\"Version\":\"2012-10-17\",\"Statement\":[{\"Sid\":\"\",\"Effect\":\"Allow\",\"Principal\":{\"Service\":\"ec2.amazonaws.com\"},\"Action\":\"sts:AssumeRole\"}]}",
            "create_date": "2021-04-02T09:57:42Z",
            "description": "",
            "force_detach_policies": false,
            "id": "ecsInstanceRole-prod",
            "inline_policy": [],
            "managed_policy_arns": [
              "arn:aws:iam::aws:policy/service-role/AmazonEC2ContainerServiceforEC2Role"
            ],
            "max_session_duration": 3600,
            "name": "ecsInstanceRole-prod",
            "name_prefix": "",
            "path": "/",
            "permissions_boundary": "",
            "tags": {},
            "tags_all": {},
            "unique_id": "AROAS5YEHOBVHYJQ3UCGB"
          },
          "sensitive_attributes": [],
          "private": "bnVsbA==",
          "dependencies": [
            "module.prod.data.aws_iam_policy_document.assume_role_policy_ec2"
          ]
        }
      ]
    },
    {
      "module": "module.prod",
      "mode": "managed",
      "type": "aws_iam_role_policy_attachment",
      "name": "attach-ec2-container-service",
      "provider": "provider[\"registry.terraform.io/hashicorp/aws\"]",
      "instances": [
        {
          "schema_version": 0,
          "attributes": {
            "id": "ecsInstanceRole-prod-20210402095746241100000001",
            "policy_arn": "arn:aws:iam::aws:policy/service-role/AmazonEC2ContainerServiceforEC2Role",
            "role": "ecsInstanceRole-prod"
          },
          "sensitive_attributes": [],
          "private": "bnVsbA==",
          "dependencies": [
            "module.prod.aws_iam_role.ecsInstanceRole",
            "module.prod.data.aws_iam_policy_document.assume_role_policy_ec2"
          ]
        }
      ]
    },
    {
      "module": "module.prod",
      "mode": "managed",
      "type": "aws_iam_role_policy_attachment",
      "name": "test-attach",
      "provider": "provider[\"registry.terraform.io/hashicorp/aws\"]",
      "instances": [
        {
          "schema_version": 0,
          "attributes": {
            "id": "ecs_task_execution_role-20210402101422030200000004",
            "policy_arn": "arn:aws:iam::201335468138:policy/get-access-to-secrets-prod",
            "role": "ecs_task_execution_role"
          },
          "sensitive_attributes": [],
          "private": "bnVsbA==",
          "dependencies": [
            "aws_iam_role.ecs_task_execution_role",
            "data.aws_iam_policy_document.assume_role_policy",
            "module.prod.aws_iam_policy.get_access_to_secrets",
            "module.prod.aws_secretsmanager_secret.hills-carpal-secret",
            "module.prod.data.aws_iam_policy_document.get_access_to_secrets"
          ]
        }
      ]
    },
    {
      "module": "module.prod",
      "mode": "managed",
      "type": "aws_lb_listener",
      "name": "listener",
      "provider": "provider[\"registry.terraform.io/hashicorp/aws\"]",
      "instances": [
        {
          "schema_version": 0,
          "attributes": {
            "alpn_policy": null,
            "arn": "arn:aws:elasticloadbalancing:ap-southeast-2:201335468138:listener/app/hills-carpal-prod-lb-tf/53844ca3f397aaf4/a247fd4423136b0d",
            "certificate_arn": null,
            "default_action": [
              {
                "authenticate_cognito": [],
                "authenticate_oidc": [],
                "fixed_response": [],
                "forward": [],
                "order": 1,
                "redirect": [],
                "target_group_arn": "arn:aws:elasticloadbalancing:ap-southeast-2:201335468138:targetgroup/target-group-prod/a2c1a2172214bb13",
                "type": "forward"
              }
            ],
            "id": "arn:aws:elasticloadbalancing:ap-southeast-2:201335468138:listener/app/hills-carpal-prod-lb-tf/53844ca3f397aaf4/a247fd4423136b0d",
            "load_balancer_arn": "arn:aws:elasticloadbalancing:ap-southeast-2:201335468138:loadbalancer/app/hills-carpal-prod-lb-tf/53844ca3f397aaf4",
            "mutual_authentication": [],
            "port": 80,
            "protocol": "HTTP",
            "ssl_policy": "",
            "tags": {},
            "tags_all": {},
            "timeouts": null
          },
          "sensitive_attributes": [],
          "private": "eyJlMmJmYjczMC1lY2FhLTExZTYtOGY4OC0zNDM2M2JjN2M0YzAiOnsicmVhZCI6NjAwMDAwMDAwMDAwfX0=",
          "dependencies": [
            "aws_alb.application_load_balancer",
            "aws_default_subnet.default_subnet_a",
            "aws_default_subnet.default_subnet_b",
            "aws_default_subnet.default_subnet_c",
            "aws_default_vpc.default_vpc",
            "aws_security_group.load_balancer_security_group",
            "module.prod.aws_lb_target_group.target_group"
          ]
        }
      ]
    },
    {
      "module": "module.prod",
      "mode": "managed",
      "type": "aws_lb_target_group",
      "name": "target_group",
      "provider": "provider[\"registry.terraform.io/hashicorp/aws\"]",
      "instances": [
        {
          "schema_version": 0,
          "attributes": {
            "arn": "arn:aws:elasticloadbalancing:ap-southeast-2:201335468138:targetgroup/target-group-prod/a2c1a2172214bb13",
            "arn_suffix": "targetgroup/target-group-prod/a2c1a2172214bb13",
            "connection_termination": null,
            "deregistration_delay": "300",
            "health_check": [
              {
                "enabled": true,
                "healthy_threshold": 2,
                "interval": 30,
                "matcher": "200,301,302",
                "path": "/",
                "port": "traffic-port",
                "protocol": "HTTP",
                "timeout": 5,
                "unhealthy_threshold": 6
              }
            ],
            "id": "arn:aws:elasticloadbalancing:ap-southeast-2:201335468138:targetgroup/target-group-prod/a2c1a2172214bb13",
            "ip_address_type": "ipv4",
            "lambda_multi_value_headers_enabled": false,
            "load_balancer_arns": [
              "arn:aws:elasticloadbalancing:ap-southeast-2:201335468138:loadbalancer/app/hills-carpal-prod-lb-tf/53844ca3f397aaf4"
            ],
            "load_balancing_algorithm_type": "round_robin",
            "load_balancing_anomaly_mitigation": "off",
            "load_balancing_cross_zone_enabled": "use_load_balancer_configuration",
            "name": "target-group-prod",
            "name_prefix": "",
            "port": 80,
            "preserve_client_ip": null,
            "protocol": "HTTP",
            "protocol_version": "HTTP1",
            "proxy_protocol_v2": false,
            "slow_start": 0,
            "stickiness": [
              {
                "cookie_duration": 86400,
                "cookie_name": "",
                "enabled": false,
                "type": "lb_cookie"
              }
            ],
            "tags": {},
            "tags_all": {},
            "target_failover": [
              {
                "on_deregistration": null,
                "on_unhealthy": null
              }
            ],
            "target_group_health": [
              {
                "dns_failover": [
                  {
                    "minimum_healthy_targets_count": "1",
                    "minimum_healthy_targets_percentage": "off"
                  }
                ],
                "unhealthy_state_routing": [
                  {
                    "minimum_healthy_targets_count": 1,
                    "minimum_healthy_targets_percentage": "off"
                  }
                ]
              }
            ],
            "target_health_state": [
              {
                "enable_unhealthy_connection_termination": null,
                "unhealthy_draining_interval": null
              }
            ],
            "target_type": "ip",
            "vpc_id": "vpc-c5bc9da2"
          },
          "sensitive_attributes": [],
          "private": "bnVsbA==",
          "dependencies": ["aws_default_vpc.default_vpc"]
        }
      ]
    },
    {
      "module": "module.prod",
      "mode": "managed",
      "type": "aws_secretsmanager_secret",
      "name": "hills-carpal-secret",
      "provider": "provider[\"registry.terraform.io/hashicorp/aws\"]",
      "instances": [
        {
          "schema_version": 0,
          "attributes": {
            "arn": "arn:aws:secretsmanager:ap-southeast-2:201335468138:secret:hills-carpal-secret-prod-PlVUN0",
            "description": "",
            "force_overwrite_replica_secret": null,
            "id": "arn:aws:secretsmanager:ap-southeast-2:201335468138:secret:hills-carpal-secret-prod-PlVUN0",
            "kms_key_id": "",
            "name": "hills-carpal-secret-prod",
            "name_prefix": "",
            "policy": "",
            "recovery_window_in_days": 30,
            "replica": [],
            "tags": {},
            "tags_all": {}
          },
          "sensitive_attributes": [],
          "private": "bnVsbA=="
        }
      ]
    },
    {
      "module": "module.prod",
      "mode": "managed",
      "type": "aws_security_group",
      "name": "service_security_group",
      "provider": "provider[\"registry.terraform.io/hashicorp/aws\"]",
      "instances": [
        {
          "schema_version": 1,
          "attributes": {
            "arn": "arn:aws:ec2:ap-southeast-2:201335468138:security-group/sg-039e87001c36bf0b4",
            "description": "Managed by Terraform",
            "egress": [
              {
                "cidr_blocks": ["0.0.0.0/0"],
                "description": "",
                "from_port": 0,
                "ipv6_cidr_blocks": [],
                "prefix_list_ids": [],
                "protocol": "-1",
                "security_groups": [],
                "self": false,
                "to_port": 0
              }
            ],
            "id": "sg-039e87001c36bf0b4",
            "ingress": [
              {
                "cidr_blocks": [],
                "description": "",
                "from_port": 0,
                "ipv6_cidr_blocks": [],
                "prefix_list_ids": [],
                "protocol": "-1",
                "security_groups": ["sg-0f9f14db415cc5ef9"],
                "self": false,
                "to_port": 0
              }
            ],
            "name": "terraform-20210331115119687400000001",
            "name_prefix": "terraform-",
            "owner_id": "201335468138",
            "revoke_rules_on_delete": false,
            "tags": {},
            "tags_all": {},
            "timeouts": null,
            "vpc_id": "vpc-c5bc9da2"
          },
          "sensitive_attributes": [],
          "private": "eyJlMmJmYjczMC1lY2FhLTExZTYtOGY4OC0zNDM2M2JjN2M0YzAiOnsiY3JlYXRlIjo2MDAwMDAwMDAwMDAsImRlbGV0ZSI6OTAwMDAwMDAwMDAwfSwic2NoZW1hX3ZlcnNpb24iOiIxIn0=",
          "dependencies": ["aws_security_group.load_balancer_security_group"]
        }
      ]
    },
    {
      "module": "module.prod",
      "mode": "managed",
      "type": "aws_sns_topic",
      "name": "daily_cron_sns_topic",
      "provider": "provider[\"registry.terraform.io/hashicorp/aws\"]",
      "instances": [
        {
          "schema_version": 0,
          "attributes": {
            "application_failure_feedback_role_arn": "",
            "application_success_feedback_role_arn": "",
            "application_success_feedback_sample_rate": 0,
            "archive_policy": "",
            "arn": "arn:aws:sns:ap-southeast-2:201335468138:daily-cron-prod",
            "beginning_archive_time": "",
            "content_based_deduplication": false,
            "delivery_policy": "",
            "display_name": "",
            "fifo_topic": false,
            "firehose_failure_feedback_role_arn": "",
            "firehose_success_feedback_role_arn": "",
            "firehose_success_feedback_sample_rate": 0,
            "http_failure_feedback_role_arn": "",
            "http_success_feedback_role_arn": "",
            "http_success_feedback_sample_rate": 0,
            "id": "arn:aws:sns:ap-southeast-2:201335468138:daily-cron-prod",
            "kms_master_key_id": "",
            "lambda_failure_feedback_role_arn": "",
            "lambda_success_feedback_role_arn": "",
            "lambda_success_feedback_sample_rate": 0,
            "name": "daily-cron-prod",
            "name_prefix": "",
            "owner": "201335468138",
            "policy": "{\"Version\":\"2012-10-17\",\"Statement\":[{\"Sid\":\"\",\"Effect\":\"Allow\",\"Principal\":{\"Service\":\"events.amazonaws.com\"},\"Action\":\"SNS:Publish\",\"Resource\":\"arn:aws:sns:ap-southeast-2:201335468138:daily-cron-prod\"}]}",
            "signature_version": 0,
            "sqs_failure_feedback_role_arn": "",
            "sqs_success_feedback_role_arn": "",
            "sqs_success_feedback_sample_rate": 0,
            "tags": {},
            "tags_all": {},
            "tracing_config": ""
          },
          "sensitive_attributes": [],
          "private": "bnVsbA=="
        }
      ]
    },
    {
      "module": "module.prod",
      "mode": "managed",
      "type": "aws_sns_topic",
      "name": "half_hourly_cron_sns_topic",
      "provider": "provider[\"registry.terraform.io/hashicorp/aws\"]",
      "instances": [
        {
          "schema_version": 0,
          "attributes": {
            "application_failure_feedback_role_arn": "",
            "application_success_feedback_role_arn": "",
            "application_success_feedback_sample_rate": 0,
            "archive_policy": "",
            "arn": "arn:aws:sns:ap-southeast-2:201335468138:half-hourly-cron-prod",
            "beginning_archive_time": "",
            "content_based_deduplication": false,
            "delivery_policy": "",
            "display_name": "",
            "fifo_topic": false,
            "firehose_failure_feedback_role_arn": "",
            "firehose_success_feedback_role_arn": "",
            "firehose_success_feedback_sample_rate": 0,
            "http_failure_feedback_role_arn": "",
            "http_success_feedback_role_arn": "",
            "http_success_feedback_sample_rate": 0,
            "id": "arn:aws:sns:ap-southeast-2:201335468138:half-hourly-cron-prod",
            "kms_master_key_id": "",
            "lambda_failure_feedback_role_arn": "",
            "lambda_success_feedback_role_arn": "",
            "lambda_success_feedback_sample_rate": 0,
            "name": "half-hourly-cron-prod",
            "name_prefix": "",
            "owner": "201335468138",
            "policy": "{\"Version\":\"2012-10-17\",\"Statement\":[{\"Sid\":\"\",\"Effect\":\"Allow\",\"Principal\":{\"Service\":\"events.amazonaws.com\"},\"Action\":\"SNS:Publish\",\"Resource\":\"arn:aws:sns:ap-southeast-2:201335468138:half-hourly-cron-prod\"}]}",
            "signature_version": 0,
            "sqs_failure_feedback_role_arn": "",
            "sqs_success_feedback_role_arn": "",
            "sqs_success_feedback_sample_rate": 0,
            "tags": {},
            "tags_all": {},
            "tracing_config": ""
          },
          "sensitive_attributes": [],
          "private": "bnVsbA=="
        }
      ]
    },
    {
      "module": "module.prod",
      "mode": "managed",
      "type": "aws_sns_topic_policy",
      "name": "daily_cron_sns_topic_policy",
      "provider": "provider[\"registry.terraform.io/hashicorp/aws\"]",
      "instances": [
        {
          "schema_version": 0,
          "attributes": {
            "arn": "arn:aws:sns:ap-southeast-2:201335468138:daily-cron-prod",
            "id": "arn:aws:sns:ap-southeast-2:201335468138:daily-cron-prod",
            "owner": "201335468138",
            "policy": "{\"Version\":\"2012-10-17\",\"Statement\":[{\"Sid\":\"\",\"Effect\":\"Allow\",\"Principal\":{\"Service\":\"events.amazonaws.com\"},\"Action\":\"SNS:Publish\",\"Resource\":\"arn:aws:sns:ap-southeast-2:201335468138:daily-cron-prod\"}]}"
          },
          "sensitive_attributes": [],
          "private": "bnVsbA==",
          "dependencies": [
            "module.prod.aws_sns_topic.daily_cron_sns_topic",
            "module.prod.data.aws_iam_policy_document.daily_cron_sns_topic_policy"
          ]
        }
      ]
    },
    {
      "module": "module.prod",
      "mode": "managed",
      "type": "aws_sns_topic_policy",
      "name": "half_hourly_cron_sns_topic_policy",
      "provider": "provider[\"registry.terraform.io/hashicorp/aws\"]",
      "instances": [
        {
          "schema_version": 0,
          "attributes": {
            "arn": "arn:aws:sns:ap-southeast-2:201335468138:half-hourly-cron-prod",
            "id": "arn:aws:sns:ap-southeast-2:201335468138:half-hourly-cron-prod",
            "owner": "201335468138",
            "policy": "{\"Version\":\"2012-10-17\",\"Statement\":[{\"Sid\":\"\",\"Effect\":\"Allow\",\"Principal\":{\"Service\":\"events.amazonaws.com\"},\"Action\":\"SNS:Publish\",\"Resource\":\"arn:aws:sns:ap-southeast-2:201335468138:half-hourly-cron-prod\"}]}"
          },
          "sensitive_attributes": [],
          "private": "bnVsbA==",
          "dependencies": [
            "module.prod.aws_sns_topic.half_hourly_cron_sns_topic",
            "module.prod.data.aws_iam_policy_document.half_hourly_cron_sns_topic_policy"
          ]
        }
      ]
    },
    {
      "module": "module.prod",
      "mode": "managed",
      "type": "aws_sns_topic_subscription",
      "name": "daily_cron_sns_target",
      "provider": "provider[\"registry.terraform.io/hashicorp/aws\"]",
      "instances": [
        {
          "schema_version": 0,
          "attributes": {
            "arn": "arn:aws:sns:ap-southeast-2:201335468138:daily-cron-prod:47f360a0-3163-4e7d-8370-6b98f162603f",
            "confirmation_timeout_in_minutes": 1,
            "confirmation_was_authenticated": false,
            "delivery_policy": "",
            "endpoint": "https://ride.carpal.org.au/api/send-reminders",
            "endpoint_auto_confirms": true,
            "filter_policy": "",
            "filter_policy_scope": "",
            "id": "arn:aws:sns:ap-southeast-2:201335468138:daily-cron-prod:47f360a0-3163-4e7d-8370-6b98f162603f",
            "owner_id": "201335468138",
            "pending_confirmation": false,
            "protocol": "https",
            "raw_message_delivery": false,
            "redrive_policy": "",
            "replay_policy": "",
            "subscription_role_arn": "",
            "topic_arn": "arn:aws:sns:ap-southeast-2:201335468138:daily-cron-prod"
          },
          "sensitive_attributes": [],
          "private": "bnVsbA==",
          "dependencies": ["module.prod.aws_sns_topic.daily_cron_sns_topic"]
        }
      ]
    },
    {
      "module": "module.prod",
      "mode": "managed",
      "type": "aws_sns_topic_subscription",
      "name": "half_hourly_cron_sns_target",
      "provider": "provider[\"registry.terraform.io/hashicorp/aws\"]",
      "instances": [
        {
          "schema_version": 0,
          "attributes": {
            "arn": "arn:aws:sns:ap-southeast-2:201335468138:half-hourly-cron-prod:db6a8efa-8e53-42da-9894-f0918976fa17",
            "confirmation_timeout_in_minutes": 1,
            "confirmation_was_authenticated": false,
            "delivery_policy": "",
            "endpoint": "https://ride.carpal.org.au/api/backup-rides",
            "endpoint_auto_confirms": true,
            "filter_policy": "",
            "filter_policy_scope": "",
            "id": "arn:aws:sns:ap-southeast-2:201335468138:half-hourly-cron-prod:db6a8efa-8e53-42da-9894-f0918976fa17",
            "owner_id": "201335468138",
            "pending_confirmation": false,
            "protocol": "https",
            "raw_message_delivery": false,
            "redrive_policy": "",
            "replay_policy": "",
            "subscription_role_arn": "",
            "topic_arn": "arn:aws:sns:ap-southeast-2:201335468138:half-hourly-cron-prod"
          },
          "sensitive_attributes": [],
          "private": "bnVsbA==",
          "dependencies": [
            "module.prod.aws_sns_topic.half_hourly_cron_sns_topic"
          ]
        }
      ]
    },
    {
      "module": "module.prod_db",
      "mode": "managed",
      "type": "aws_db_instance",
      "name": "hills-carpal-db",
      "provider": "provider[\"registry.terraform.io/hashicorp/aws\"]",
      "instances": [
        {
          "schema_version": 2,
          "attributes": {
            "address": "hillscarpal-db-prod.cbmtdkajuu0s.ap-southeast-2.rds.amazonaws.com",
            "allocated_storage": 20,
            "allow_major_version_upgrade": null,
            "apply_immediately": true,
            "arn": "arn:aws:rds:ap-southeast-2:201335468138:db:hillscarpal-db-prod",
            "auto_minor_version_upgrade": true,
            "availability_zone": "ap-southeast-2c",
            "backup_retention_period": 3,
            "backup_target": "region",
            "backup_window": "15:25-15:55",
            "blue_green_update": [],
            "ca_cert_identifier": "rds-ca-rsa2048-g1",
            "character_set_name": "",
            "copy_tags_to_snapshot": false,
            "custom_iam_instance_profile": "",
            "customer_owned_ip_enabled": false,
            "db_name": "carpal",
            "db_subnet_group_name": "default",
            "dedicated_log_volume": false,
            "delete_automated_backups": true,
            "deletion_protection": true,
            "domain": "",
            "domain_auth_secret_arn": "",
            "domain_dns_ips": [],
            "domain_fqdn": "",
            "domain_iam_role_name": "",
            "domain_ou": "",
            "enabled_cloudwatch_logs_exports": [],
            "endpoint": "hillscarpal-db-prod.cbmtdkajuu0s.ap-southeast-2.rds.amazonaws.com:3306",
            "engine": "mysql",
            "engine_lifecycle_support": "open-source-rds-extended-support",
            "engine_version": "8.0",
            "engine_version_actual": "8.0.35",
            "final_snapshot_identifier": null,
            "hosted_zone_id": "Z32T0VRHXEXS0V",
            "iam_database_authentication_enabled": false,
            "id": "db-HNZWJJUZLOA5E5JIJNVPRLFPJ4",
            "identifier": "hillscarpal-db-prod",
            "identifier_prefix": "",
            "instance_class": "db.t3.micro",
            "iops": 0,
            "kms_key_id": "arn:aws:kms:ap-southeast-2:201335468138:key/57f439e8-a156-4990-8e09-944fd52cbeed",
            "latest_restorable_time": "2024-10-23T12:20:00Z",
            "license_model": "general-public-license",
            "listener_endpoint": [],
            "maintenance_window": "sat:12:27-sat:12:57",
            "manage_master_user_password": null,
            "master_user_secret": [],
            "master_user_secret_kms_key_id": null,
            "max_allocated_storage": 0,
            "monitoring_interval": 0,
            "monitoring_role_arn": "",
            "multi_az": false,
            "nchar_character_set_name": "",
            "network_type": "IPV4",
            "option_group_name": "default:mysql-8-0",
            "parameter_group_name": "default.mysql8.0",
            "password": "foobarbaz",
            "performance_insights_enabled": false,
            "performance_insights_kms_key_id": "",
            "performance_insights_retention_period": 0,
            "port": 3306,
            "publicly_accessible": false,
            "replica_mode": "",
            "replicas": [],
            "replicate_source_db": "",
            "resource_id": "db-HNZWJJUZLOA5E5JIJNVPRLFPJ4",
            "restore_to_point_in_time": [],
            "s3_import": [],
            "skip_final_snapshot": true,
            "snapshot_identifier": null,
            "status": "available",
            "storage_encrypted": true,
            "storage_throughput": 0,
            "storage_type": "gp2",
            "tags": {},
            "tags_all": {},
            "timeouts": null,
            "timezone": "",
            "upgrade_storage_config": null,
            "username": "foo",
            "vpc_security_group_ids": ["sg-06dd5ebc5b29dd529"]
          },
          "sensitive_attributes": [
            [
              {
                "type": "get_attr",
                "value": "password"
              }
            ]
          ],
          "private": "eyJlMmJmYjczMC1lY2FhLTExZTYtOGY4OC0zNDM2M2JjN2M0YzAiOnsiY3JlYXRlIjoyNDAwMDAwMDAwMDAwLCJkZWxldGUiOjM2MDAwMDAwMDAwMDAsInVwZGF0ZSI6NDgwMDAwMDAwMDAwMH0sInNjaGVtYV92ZXJzaW9uIjoiMiJ9",
          "dependencies": [
            "aws_default_vpc.default_vpc",
            "module.prod_db.aws_security_group.db_security_group"
          ]
        }
      ]
    },
    {
      "module": "module.prod_db",
      "mode": "managed",
      "type": "aws_security_group",
      "name": "db_security_group",
      "provider": "provider[\"registry.terraform.io/hashicorp/aws\"]",
      "instances": [
        {
          "schema_version": 1,
          "attributes": {
            "arn": "arn:aws:ec2:ap-southeast-2:201335468138:security-group/sg-06dd5ebc5b29dd529",
            "description": "RDS (terraform-managed) prod",
            "egress": [
              {
                "cidr_blocks": ["0.0.0.0/0"],
                "description": "",
                "from_port": 0,
                "ipv6_cidr_blocks": [],
                "prefix_list_ids": [],
                "protocol": "-1",
                "security_groups": [],
                "self": false,
                "to_port": 0
              }
            ],
            "id": "sg-06dd5ebc5b29dd529",
            "ingress": [
              {
                "cidr_blocks": ["172.31.0.0/16"],
                "description": "",
                "from_port": 3306,
                "ipv6_cidr_blocks": [],
                "prefix_list_ids": [],
                "protocol": "tcp",
                "security_groups": [],
                "self": false,
                "to_port": 3306
              }
            ],
            "name": "terraform-20210826131145804600000001",
            "name_prefix": "terraform-",
            "owner_id": "201335468138",
            "revoke_rules_on_delete": false,
            "tags": {},
            "tags_all": {},
            "timeouts": null,
            "vpc_id": "vpc-c5bc9da2"
          },
          "sensitive_attributes": [],
          "private": "eyJlMmJmYjczMC1lY2FhLTExZTYtOGY4OC0zNDM2M2JjN2M0YzAiOnsiY3JlYXRlIjo2MDAwMDAwMDAwMDAsImRlbGV0ZSI6OTAwMDAwMDAwMDAwfSwic2NoZW1hX3ZlcnNpb24iOiIxIn0=",
          "dependencies": ["aws_default_vpc.default_vpc"]
        }
      ]
    },
    {
      "module": "module.training",
      "mode": "data",
      "type": "aws_ami",
      "name": "amazon_linux_ecs",
      "provider": "provider[\"registry.terraform.io/hashicorp/aws\"]",
      "instances": [
        {
          "schema_version": 0,
          "attributes": {
            "architecture": "x86_64",
            "arn": "arn:aws:ec2:ap-southeast-2::image/ami-0f33a6f47c7a422dd",
            "block_device_mappings": [
              {
                "device_name": "/dev/xvda",
                "ebs": {
                  "delete_on_termination": "true",
                  "encrypted": "false",
                  "iops": "0",
                  "snapshot_id": "snap-0a237ab5249cd89b8",
                  "throughput": "0",
                  "volume_size": "8",
                  "volume_type": "gp2"
                },
                "no_device": "",
                "virtual_name": ""
              },
              {
                "device_name": "/dev/xvdcz",
                "ebs": {
                  "delete_on_termination": "true",
                  "encrypted": "false",
                  "iops": "0",
                  "snapshot_id": "snap-0a6d265390d2dcab0",
                  "throughput": "0",
                  "volume_size": "22",
                  "volume_type": "gp2"
                },
                "no_device": "",
                "virtual_name": ""
              }
            ],
            "boot_mode": "",
            "creation_date": "2024-10-10T21:40:37.000Z",
            "deprecation_time": "2026-10-10T21:40:37.000Z",
            "description": "Amazon Linux AMI amzn-ami-2018.03.20241010 x86_64 ECS HVM GP2",
            "ena_support": true,
            "executable_users": null,
            "filter": [
              {
                "name": "name",
                "values": ["amzn-ami-*-amazon-ecs-optimized"]
              },
              {
                "name": "owner-alias",
                "values": ["amazon"]
              }
            ],
            "hypervisor": "xen",
            "id": "ami-0f33a6f47c7a422dd",
            "image_id": "ami-0f33a6f47c7a422dd",
            "image_location": "amazon/amzn-ami-2018.03.20241010-amazon-ecs-optimized",
            "image_owner_alias": "amazon",
            "image_type": "machine",
            "imds_support": "",
            "include_deprecated": false,
            "kernel_id": "",
            "most_recent": true,
            "name": "amzn-ami-2018.03.20241010-amazon-ecs-optimized",
            "name_regex": null,
            "owner_id": "591542846629",
            "owners": ["amazon"],
            "platform": "",
            "platform_details": "Linux/UNIX",
            "product_codes": [],
            "public": true,
            "ramdisk_id": "",
            "root_device_name": "/dev/xvda",
            "root_device_type": "ebs",
            "root_snapshot_id": "snap-0a237ab5249cd89b8",
            "sriov_net_support": "simple",
            "state": "available",
            "state_reason": {
              "code": "UNSET",
              "message": "UNSET"
            },
            "tags": {},
            "timeouts": null,
            "tpm_support": "",
            "usage_operation": "RunInstances",
            "virtualization_type": "hvm"
          },
          "sensitive_attributes": []
        }
      ]
    },
    {
      "module": "module.training",
      "mode": "data",
      "type": "aws_iam_policy_document",
      "name": "assume_role_policy_ec2",
      "provider": "provider[\"registry.terraform.io/hashicorp/aws\"]",
      "instances": [
        {
          "schema_version": 0,
          "attributes": {
            "id": "2851119427",
            "json": "{\n  \"Version\": \"2012-10-17\",\n  \"Statement\": [\n    {\n      \"Effect\": \"Allow\",\n      \"Action\": \"sts:AssumeRole\",\n      \"Principal\": {\n        \"Service\": \"ec2.amazonaws.com\"\n      }\n    }\n  ]\n}",
            "minified_json": "{\"Version\":\"2012-10-17\",\"Statement\":[{\"Effect\":\"Allow\",\"Action\":\"sts:AssumeRole\",\"Principal\":{\"Service\":\"ec2.amazonaws.com\"}}]}",
            "override_json": null,
            "override_policy_documents": null,
            "policy_id": null,
            "source_json": null,
            "source_policy_documents": null,
            "statement": [
              {
                "actions": ["sts:AssumeRole"],
                "condition": [],
                "effect": "Allow",
                "not_actions": [],
                "not_principals": [],
                "not_resources": [],
                "principals": [
                  {
                    "identifiers": ["ec2.amazonaws.com"],
                    "type": "Service"
                  }
                ],
                "resources": [],
                "sid": ""
              }
            ],
            "version": "2012-10-17"
          },
          "sensitive_attributes": []
        }
      ]
    },
    {
      "module": "module.training",
      "mode": "data",
      "type": "aws_iam_policy_document",
      "name": "daily_cron_sns_topic_policy",
      "provider": "provider[\"registry.terraform.io/hashicorp/aws\"]",
      "instances": [
        {
          "schema_version": 0,
          "attributes": {
            "id": "1783937268",
            "json": "{\n  \"Version\": \"2012-10-17\",\n  \"Statement\": [\n    {\n      \"Effect\": \"Allow\",\n      \"Action\": \"SNS:Publish\",\n      \"Resource\": \"arn:aws:sns:ap-southeast-2:201335468138:daily-cron-training\",\n      \"Principal\": {\n        \"Service\": \"events.amazonaws.com\"\n      }\n    }\n  ]\n}",
            "minified_json": "{\"Version\":\"2012-10-17\",\"Statement\":[{\"Effect\":\"Allow\",\"Action\":\"SNS:Publish\",\"Resource\":\"arn:aws:sns:ap-southeast-2:201335468138:daily-cron-training\",\"Principal\":{\"Service\":\"events.amazonaws.com\"}}]}",
            "override_json": null,
            "override_policy_documents": null,
            "policy_id": null,
            "source_json": null,
            "source_policy_documents": null,
            "statement": [
              {
                "actions": ["SNS:Publish"],
                "condition": [],
                "effect": "Allow",
                "not_actions": [],
                "not_principals": [],
                "not_resources": [],
                "principals": [
                  {
                    "identifiers": ["events.amazonaws.com"],
                    "type": "Service"
                  }
                ],
                "resources": [
                  "arn:aws:sns:ap-southeast-2:201335468138:daily-cron-training"
                ],
                "sid": ""
              }
            ],
            "version": "2012-10-17"
          },
          "sensitive_attributes": []
        }
      ]
    },
    {
      "module": "module.training",
      "mode": "data",
      "type": "aws_iam_policy_document",
      "name": "get_access_to_secrets",
      "provider": "provider[\"registry.terraform.io/hashicorp/aws\"]",
      "instances": [
        {
          "schema_version": 0,
          "attributes": {
            "id": "3580836270",
            "json": "{\n  \"Version\": \"2012-10-17\",\n  \"Statement\": [\n    {\n      \"Effect\": \"Allow\",\n      \"Action\": \"secretsmanager:GetSecretValue\",\n      \"Resource\": \"arn:aws:secretsmanager:ap-southeast-2:201335468138:secret:hills-carpal-secret-training-H39c3Z\"\n    }\n  ]\n}",
            "minified_json": "{\"Version\":\"2012-10-17\",\"Statement\":[{\"Effect\":\"Allow\",\"Action\":\"secretsmanager:GetSecretValue\",\"Resource\":\"arn:aws:secretsmanager:ap-southeast-2:201335468138:secret:hills-carpal-secret-training-H39c3Z\"}]}",
            "override_json": null,
            "override_policy_documents": null,
            "policy_id": null,
            "source_json": null,
            "source_policy_documents": null,
            "statement": [
              {
                "actions": ["secretsmanager:GetSecretValue"],
                "condition": [],
                "effect": "Allow",
                "not_actions": [],
                "not_principals": [],
                "not_resources": [],
                "principals": [],
                "resources": [
                  "arn:aws:secretsmanager:ap-southeast-2:201335468138:secret:hills-carpal-secret-training-H39c3Z"
                ],
                "sid": ""
              }
            ],
            "version": "2012-10-17"
          },
          "sensitive_attributes": []
        }
      ]
    },
    {
      "module": "module.training",
      "mode": "data",
      "type": "aws_iam_policy_document",
      "name": "half_hourly_cron_sns_topic_policy",
      "provider": "provider[\"registry.terraform.io/hashicorp/aws\"]",
      "instances": [
        {
          "schema_version": 0,
          "attributes": {
            "id": "3059712429",
            "json": "{\n  \"Version\": \"2012-10-17\",\n  \"Statement\": [\n    {\n      \"Effect\": \"Allow\",\n      \"Action\": \"SNS:Publish\",\n      \"Resource\": \"arn:aws:sns:ap-southeast-2:201335468138:half-hourly-cron-training\",\n      \"Principal\": {\n        \"Service\": \"events.amazonaws.com\"\n      }\n    }\n  ]\n}",
            "minified_json": "{\"Version\":\"2012-10-17\",\"Statement\":[{\"Effect\":\"Allow\",\"Action\":\"SNS:Publish\",\"Resource\":\"arn:aws:sns:ap-southeast-2:201335468138:half-hourly-cron-training\",\"Principal\":{\"Service\":\"events.amazonaws.com\"}}]}",
            "override_json": null,
            "override_policy_documents": null,
            "policy_id": null,
            "source_json": null,
            "source_policy_documents": null,
            "statement": [
              {
                "actions": ["SNS:Publish"],
                "condition": [],
                "effect": "Allow",
                "not_actions": [],
                "not_principals": [],
                "not_resources": [],
                "principals": [
                  {
                    "identifiers": ["events.amazonaws.com"],
                    "type": "Service"
                  }
                ],
                "resources": [
                  "arn:aws:sns:ap-southeast-2:201335468138:half-hourly-cron-training"
                ],
                "sid": ""
              }
            ],
            "version": "2012-10-17"
          },
          "sensitive_attributes": []
        }
      ]
    },
    {
      "module": "module.training",
      "mode": "managed",
      "type": "aws_cloudwatch_event_rule",
      "name": "daily_cron",
      "provider": "provider[\"registry.terraform.io/hashicorp/aws\"]",
      "instances": [
        {
          "schema_version": 1,
          "attributes": {
            "arn": "arn:aws:events:ap-southeast-2:201335468138:rule/daily_cron-training",
            "description": "Daily cron - happens every morning Sydney time",
            "event_bus_name": "default",
            "event_pattern": null,
            "force_destroy": false,
            "id": "daily_cron-training",
            "is_enabled": true,
            "name": "daily_cron-training",
            "name_prefix": "",
            "role_arn": "",
            "schedule_expression": "cron(0 22 * * ? *)",
            "state": "ENABLED",
            "tags": {},
            "tags_all": {}
          },
          "sensitive_attributes": [],
          "private": "bnVsbA=="
        }
      ]
    },
    {
      "module": "module.training",
      "mode": "managed",
      "type": "aws_cloudwatch_event_rule",
      "name": "half_hourly_cron",
      "provider": "provider[\"registry.terraform.io/hashicorp/aws\"]",
      "instances": [
        {
          "schema_version": 1,
          "attributes": {
            "arn": "arn:aws:events:ap-southeast-2:201335468138:rule/half-hourly-cron-training",
            "description": "Half-hourly cron",
            "event_bus_name": "default",
            "event_pattern": null,
            "force_destroy": false,
            "id": "half-hourly-cron-training",
            "is_enabled": true,
            "name": "half-hourly-cron-training",
            "name_prefix": "",
            "role_arn": "",
            "schedule_expression": "rate(30 minutes)",
            "state": "ENABLED",
            "tags": {},
            "tags_all": {}
          },
          "sensitive_attributes": [],
          "private": "bnVsbA=="
        }
      ]
    },
    {
      "module": "module.training",
      "mode": "managed",
      "type": "aws_cloudwatch_event_target",
      "name": "daily_cron_sns",
      "provider": "provider[\"registry.terraform.io/hashicorp/aws\"]",
      "instances": [
        {
          "schema_version": 1,
          "attributes": {
            "arn": "arn:aws:sns:ap-southeast-2:201335468138:daily-cron-training",
            "batch_target": [],
            "dead_letter_config": [],
            "ecs_target": [],
            "event_bus_name": "default",
            "force_destroy": false,
            "http_target": [],
            "id": "daily_cron-training-SendToSNS",
            "input": "",
            "input_path": "",
            "input_transformer": [],
            "kinesis_target": [],
            "redshift_target": [],
            "retry_policy": [],
            "role_arn": "",
            "rule": "daily_cron-training",
            "run_command_targets": [],
            "sagemaker_pipeline_target": [],
            "sqs_target": [],
            "target_id": "SendToSNS"
          },
          "sensitive_attributes": [],
          "private": "bnVsbA==",
          "dependencies": [
            "module.training.aws_cloudwatch_event_rule.daily_cron",
            "module.training.aws_sns_topic.daily_cron_sns_topic"
          ]
        }
      ]
    },
    {
      "module": "module.training",
      "mode": "managed",
      "type": "aws_cloudwatch_event_target",
      "name": "half_hourly_cron_sns",
      "provider": "provider[\"registry.terraform.io/hashicorp/aws\"]",
      "instances": [
        {
          "schema_version": 1,
          "attributes": {
            "arn": "arn:aws:sns:ap-southeast-2:201335468138:half-hourly-cron-training",
            "batch_target": [],
            "dead_letter_config": [],
            "ecs_target": [],
            "event_bus_name": "default",
            "force_destroy": false,
            "http_target": [],
            "id": "half-hourly-cron-training-SendToSNS",
            "input": "",
            "input_path": "",
            "input_transformer": [],
            "kinesis_target": [],
            "redshift_target": [],
            "retry_policy": [],
            "role_arn": "",
            "rule": "half-hourly-cron-training",
            "run_command_targets": [],
            "sagemaker_pipeline_target": [],
            "sqs_target": [],
            "target_id": "SendToSNS"
          },
          "sensitive_attributes": [],
          "private": "bnVsbA==",
          "dependencies": [
            "module.training.aws_cloudwatch_event_rule.half_hourly_cron",
            "module.training.aws_sns_topic.half_hourly_cron_sns_topic"
          ]
        }
      ]
    },
    {
      "module": "module.training",
      "mode": "managed",
      "type": "aws_cloudwatch_log_group",
      "name": "awslogs-hills-carpal",
      "provider": "provider[\"registry.terraform.io/hashicorp/aws\"]",
      "instances": [
        {
          "schema_version": 0,
          "attributes": {
            "arn": "arn:aws:logs:ap-southeast-2:201335468138:log-group:awslogs-hills-carpal-training",
            "id": "awslogs-hills-carpal-training",
            "kms_key_id": "",
            "log_group_class": "STANDARD",
            "name": "awslogs-hills-carpal-training",
            "name_prefix": "",
            "retention_in_days": 0,
            "skip_destroy": false,
            "tags": {},
            "tags_all": {}
          },
          "sensitive_attributes": [],
          "private": "bnVsbA=="
        }
      ]
    },
    {
      "module": "module.training",
      "mode": "managed",
      "type": "aws_ecs_cluster",
      "name": "hills-carpal-cluster",
      "provider": "provider[\"registry.terraform.io/hashicorp/aws\"]",
      "instances": [
        {
          "schema_version": 0,
          "attributes": {
            "arn": "arn:aws:ecs:ap-southeast-2:201335468138:cluster/hills-carpal-cluster-training",
            "configuration": [],
            "id": "arn:aws:ecs:ap-southeast-2:201335468138:cluster/hills-carpal-cluster-training",
            "name": "hills-carpal-cluster-training",
            "service_connect_defaults": [],
            "setting": [
              {
                "name": "containerInsights",
                "value": "disabled"
              }
            ],
            "tags": {},
            "tags_all": {}
          },
          "sensitive_attributes": [],
          "private": "bnVsbA=="
        }
      ]
    },
    {
      "module": "module.training",
      "mode": "managed",
      "type": "aws_ecs_service",
      "name": "hills-carpal-service",
      "provider": "provider[\"registry.terraform.io/hashicorp/aws\"]",
      "instances": [
        {
          "schema_version": 1,
          "attributes": {
            "alarms": [],
            "capacity_provider_strategy": [],
            "cluster": "arn:aws:ecs:ap-southeast-2:201335468138:cluster/hills-carpal-cluster-training",
            "deployment_circuit_breaker": [
              {
                "enable": false,
                "rollback": false
              }
            ],
            "deployment_controller": [
              {
                "type": "ECS"
              }
            ],
            "deployment_maximum_percent": 200,
            "deployment_minimum_healthy_percent": 0,
            "desired_count": 1,
            "enable_ecs_managed_tags": false,
            "enable_execute_command": false,
            "force_delete": null,
            "force_new_deployment": null,
            "health_check_grace_period_seconds": 0,
            "iam_role": "/aws-service-role/ecs.amazonaws.com/AWSServiceRoleForECS",
            "id": "arn:aws:ecs:ap-southeast-2:201335468138:service/hills-carpal-cluster-training/hills-carpal-service-training",
            "launch_type": "FARGATE",
            "load_balancer": [
              {
                "container_name": "hills-carpal-task-training",
                "container_port": 3000,
                "elb_name": "",
                "target_group_arn": "arn:aws:elasticloadbalancing:ap-southeast-2:201335468138:targetgroup/target-group-training/de591d7dbe9bb0fd"
              }
            ],
            "name": "hills-carpal-service-training",
            "network_configuration": [
              {
                "assign_public_ip": true,
                "security_groups": ["sg-0cf35eb43a8d0d888"],
                "subnets": [
                  "subnet-67e8d22e",
                  "subnet-a0959cc7",
                  "subnet-f8cf74a0"
                ]
              }
            ],
            "ordered_placement_strategy": [],
            "placement_constraints": [],
            "platform_version": "LATEST",
            "propagate_tags": "NONE",
            "scheduling_strategy": "REPLICA",
            "service_connect_configuration": [],
            "service_registries": [],
            "tags": {},
            "tags_all": {},
            "task_definition": "arn:aws:ecs:ap-southeast-2:201335468138:task-definition/hills-carpal-task-training:87",
            "timeouts": null,
            "triggers": {},
            "volume_configuration": [],
            "wait_for_steady_state": false
          },
          "sensitive_attributes": [],
          "private": "eyJlMmJmYjczMC1lY2FhLTExZTYtOGY4OC0zNDM2M2JjN2M0YzAiOnsiY3JlYXRlIjoxMjAwMDAwMDAwMDAwLCJkZWxldGUiOjEyMDAwMDAwMDAwMDAsInVwZGF0ZSI6MTIwMDAwMDAwMDAwMH0sInNjaGVtYV92ZXJzaW9uIjoiMSJ9",
          "dependencies": [
            "aws_default_subnet.default_subnet_a",
            "aws_default_subnet.default_subnet_b",
            "aws_default_subnet.default_subnet_c",
            "aws_default_vpc.default_vpc",
            "aws_ecr_repository.hills-carpal-repo",
            "aws_iam_role.ecs_task_execution_role",
            "aws_security_group.load_balancer_security_group",
            "data.aws_iam_policy_document.assume_role_policy",
            "module.dev_db.aws_db_instance.hills-carpal-db",
            "module.dev_db.aws_security_group.db_security_group",
            "module.training.aws_ecs_cluster.hills-carpal-cluster",
            "module.training.aws_ecs_task_definition.hills-carpal-task",
            "module.training.aws_lb_target_group.target_group",
            "module.training.aws_secretsmanager_secret.hills-carpal-secret",
            "module.training.aws_security_group.service_security_group"
          ]
        }
      ]
    },
    {
      "module": "module.training",
      "mode": "managed",
      "type": "aws_ecs_task_definition",
      "name": "hills-carpal-task",
      "provider": "provider[\"registry.terraform.io/hashicorp/aws\"]",
      "instances": [
        {
          "schema_version": 1,
          "attributes": {
            "arn": "arn:aws:ecs:ap-southeast-2:201335468138:task-definition/hills-carpal-task-training:54",
            "arn_without_revision": "arn:aws:ecs:ap-southeast-2:201335468138:task-definition/hills-carpal-task-training",
            "container_definitions": "[{\"cpu\":10,\"environment\":[{\"name\":\"BACKUP_GOOGLE_SHEET_ID\",\"value\":\"190aMCZO9QwXU-9dIep6OPkadc4-8T4kW0cHEO8gEXp4\"},{\"name\":\"ENVIRONMENT_NAME\",\"value\":\"Training\"},{\"name\":\"EXTERNAL_URL\",\"value\":\"https://training.ride.carpal.org.au\"},{\"name\":\"GOOGLE_SERVICE_ACCOUNT_EMAIL\",\"value\":\"hillscarpalsheets@hills-carpal.iam.gserviceaccount.com\"},{\"name\":\"MYSQL_HOST\",\"value\":\"hillscarpal-db-dev.cbmtdkajuu0s.ap-southeast-2.rds.amazonaws.com\"},{\"name\":\"MYSQL_PORT\",\"value\":\"3306\"},{\"name\":\"MYSQL_USE_SSL\",\"value\":\"TRUE\"},{\"name\":\"REQUIRE_USER_ROLE\",\"value\":\"training\"}],\"essential\":true,\"image\":\"201335468138.dkr.ecr.ap-southeast-2.amazonaws.com/hills-carpal-repo:ad5058328d59ee40e0f318fa668dca207a51ed2d\",\"logConfiguration\":{\"logDriver\":\"awslogs\",\"options\":{\"awslogs-group\":\"awslogs-hills-carpal-training\",\"awslogs-region\":\"ap-southeast-2\",\"awslogs-stream-prefix\":\"hills-carpal-training\"}},\"memory\":256,\"mountPoints\":[],\"name\":\"hills-carpal-task-training\",\"portMappings\":[{\"containerPort\":3000,\"hostPort\":3000,\"protocol\":\"tcp\"}],\"secrets\":[{\"name\":\"MYSQL_PW\",\"valueFrom\":\"arn:aws:secretsmanager:ap-southeast-2:201335468138:secret:hills-carpal-secret-training-H39c3Z:MYSQL_PW::\"},{\"name\":\"MYSQL_USER\",\"valueFrom\":\"arn:aws:secretsmanager:ap-southeast-2:201335468138:secret:hills-carpal-secret-training-H39c3Z:MYSQL_USER::\"},{\"name\":\"AUTH0_CLIENT_SECRET\",\"valueFrom\":\"arn:aws:secretsmanager:ap-southeast-2:201335468138:secret:hills-carpal-secret-training-H39c3Z:AUTH0_CLIENT_SECRET::\"},{\"name\":\"SMTP_USERNAME\",\"valueFrom\":\"arn:aws:secretsmanager:ap-southeast-2:201335468138:secret:hills-carpal-secret-training-H39c3Z:SMTP_USERNAME::\"},{\"name\":\"SMTP_PASSWORD\",\"valueFrom\":\"arn:aws:secretsmanager:ap-southeast-2:201335468138:secret:hills-carpal-secret-training-H39c3Z:SMTP_PASSWORD::\"},{\"name\":\"GOOGLE_PRIVATE_KEY\",\"valueFrom\":\"arn:aws:secretsmanager:ap-southeast-2:201335468138:secret:hills-carpal-secret-training-H39c3Z:GOOGLE_PRIVATE_KEY::\"},{\"name\":\"SURVEY_GOOGLE_SHEET_ID\",\"valueFrom\":\"arn:aws:secretsmanager:ap-southeast-2:201335468138:secret:hills-carpal-secret-training-H39c3Z:SURVEY_GOOGLE_SHEET_ID::\"}],\"volumesFrom\":[]}]",
            "cpu": "256",
            "ephemeral_storage": [],
            "execution_role_arn": "arn:aws:iam::201335468138:role/ecs_task_execution_role",
            "family": "hills-carpal-task-training",
            "id": "hills-carpal-task-training",
            "inference_accelerator": [],
            "ipc_mode": "",
            "memory": "512",
            "network_mode": "awsvpc",
            "pid_mode": "",
            "placement_constraints": [],
            "proxy_configuration": [],
            "requires_compatibilities": ["FARGATE"],
            "revision": 54,
            "runtime_platform": [],
            "skip_destroy": null,
            "tags": {},
            "tags_all": {},
            "task_role_arn": "",
            "track_latest": false,
            "volume": []
          },
          "sensitive_attributes": [],
          "private": "eyJzY2hlbWFfdmVyc2lvbiI6IjEifQ==",
          "dependencies": [
            "aws_default_vpc.default_vpc",
            "aws_ecr_repository.hills-carpal-repo",
            "aws_iam_role.ecs_task_execution_role",
            "data.aws_iam_policy_document.assume_role_policy",
            "module.dev_db.aws_db_instance.hills-carpal-db",
            "module.dev_db.aws_security_group.db_security_group",
            "module.training.aws_secretsmanager_secret.hills-carpal-secret"
          ]
        }
      ]
    },
    {
      "module": "module.training",
      "mode": "managed",
      "type": "aws_iam_instance_profile",
      "name": "ecsInstanceProfile",
      "provider": "provider[\"registry.terraform.io/hashicorp/aws\"]",
      "instances": [
        {
          "schema_version": 0,
          "attributes": {
            "arn": "arn:aws:iam::201335468138:instance-profile/ecs-instance-profile-training",
            "create_date": "2021-04-02T10:01:15Z",
            "id": "ecs-instance-profile-training",
            "name": "ecs-instance-profile-training",
            "name_prefix": "",
            "path": "/",
            "role": "ecsInstanceRole-training",
            "tags": {},
            "tags_all": {},
            "unique_id": "AIPAS5YEHOBVII3LZIXO3"
          },
          "sensitive_attributes": [],
          "private": "bnVsbA==",
          "dependencies": [
            "module.training.aws_iam_role.ecsInstanceRole",
            "module.training.data.aws_iam_policy_document.assume_role_policy_ec2"
          ]
        }
      ]
    },
    {
      "module": "module.training",
      "mode": "managed",
      "type": "aws_iam_policy",
      "name": "get_access_to_secrets",
      "provider": "provider[\"registry.terraform.io/hashicorp/aws\"]",
      "instances": [
        {
          "schema_version": 0,
          "attributes": {
            "arn": "arn:aws:iam::201335468138:policy/get-access-to-secrets-training",
            "attachment_count": 1,
            "description": "",
            "id": "arn:aws:iam::201335468138:policy/get-access-to-secrets-training",
            "name": "get-access-to-secrets-training",
            "name_prefix": "",
            "path": "/",
            "policy": "{\n  \"Version\": \"2012-10-17\",\n  \"Statement\": [\n    {\n      \"Sid\": \"\",\n      \"Effect\": \"Allow\",\n      \"Action\": \"secretsmanager:GetSecretValue\",\n      \"Resource\": \"arn:aws:secretsmanager:ap-southeast-2:201335468138:secret:hills-carpal-secret-training-H39c3Z\"\n    }\n  ]\n}",
            "policy_id": "ANPAS5YEHOBVAYBNVBSXJ",
            "tags": {},
            "tags_all": {}
          },
          "sensitive_attributes": [],
          "private": "bnVsbA==",
          "dependencies": [
            "module.training.aws_secretsmanager_secret.hills-carpal-secret",
            "module.training.data.aws_iam_policy_document.get_access_to_secrets"
          ]
        }
      ]
    },
    {
      "module": "module.training",
      "mode": "managed",
      "type": "aws_iam_role",
      "name": "ecsInstanceRole",
      "provider": "provider[\"registry.terraform.io/hashicorp/aws\"]",
      "instances": [
        {
          "schema_version": 0,
          "attributes": {
            "arn": "arn:aws:iam::201335468138:role/ecsInstanceRole-training",
            "assume_role_policy": "{\"Version\":\"2012-10-17\",\"Statement\":[{\"Sid\":\"\",\"Effect\":\"Allow\",\"Principal\":{\"Service\":\"ec2.amazonaws.com\"},\"Action\":\"sts:AssumeRole\"}]}",
            "create_date": "2021-04-02T10:01:11Z",
            "description": "",
            "force_detach_policies": false,
            "id": "ecsInstanceRole-training",
            "inline_policy": [],
            "managed_policy_arns": [
              "arn:aws:iam::aws:policy/service-role/AmazonEC2ContainerServiceforEC2Role"
            ],
            "max_session_duration": 3600,
            "name": "ecsInstanceRole-training",
            "name_prefix": "",
            "path": "/",
            "permissions_boundary": "",
            "tags": {},
            "tags_all": {},
            "unique_id": "AROAS5YEHOBVEG6R3RLJR"
          },
          "sensitive_attributes": [],
          "private": "bnVsbA==",
          "dependencies": [
            "module.training.data.aws_iam_policy_document.assume_role_policy_ec2"
          ]
        }
      ]
    },
    {
      "module": "module.training",
      "mode": "managed",
      "type": "aws_iam_role_policy_attachment",
      "name": "attach-ec2-container-service",
      "provider": "provider[\"registry.terraform.io/hashicorp/aws\"]",
      "instances": [
        {
          "schema_version": 0,
          "attributes": {
            "id": "ecsInstanceRole-training-20210402100115216000000001",
            "policy_arn": "arn:aws:iam::aws:policy/service-role/AmazonEC2ContainerServiceforEC2Role",
            "role": "ecsInstanceRole-training"
          },
          "sensitive_attributes": [],
          "private": "bnVsbA==",
          "dependencies": [
            "module.training.aws_iam_role.ecsInstanceRole",
            "module.training.data.aws_iam_policy_document.assume_role_policy_ec2"
          ]
        }
      ]
    },
    {
      "module": "module.training",
      "mode": "managed",
      "type": "aws_iam_role_policy_attachment",
      "name": "test-attach",
      "provider": "provider[\"registry.terraform.io/hashicorp/aws\"]",
      "instances": [
        {
          "schema_version": 0,
          "attributes": {
            "id": "ecs_task_execution_role-20210402101420252400000003",
            "policy_arn": "arn:aws:iam::201335468138:policy/get-access-to-secrets-training",
            "role": "ecs_task_execution_role"
          },
          "sensitive_attributes": [],
          "private": "bnVsbA==",
          "dependencies": [
            "aws_iam_role.ecs_task_execution_role",
            "data.aws_iam_policy_document.assume_role_policy",
            "module.training.aws_iam_policy.get_access_to_secrets",
            "module.training.aws_secretsmanager_secret.hills-carpal-secret",
            "module.training.data.aws_iam_policy_document.get_access_to_secrets"
          ]
        }
      ]
    },
    {
      "module": "module.training",
      "mode": "managed",
      "type": "aws_lb_listener",
      "name": "listener",
      "provider": "provider[\"registry.terraform.io/hashicorp/aws\"]",
      "instances": [
        {
          "schema_version": 0,
          "attributes": {
            "alpn_policy": null,
            "arn": "arn:aws:elasticloadbalancing:ap-southeast-2:201335468138:listener/app/hills-carpal-prod-lb-tf/53844ca3f397aaf4/cf07ed9cbdf7e725",
            "certificate_arn": null,
            "default_action": [
              {
                "authenticate_cognito": [],
                "authenticate_oidc": [],
                "fixed_response": [],
                "forward": [],
                "order": 1,
                "redirect": [],
                "target_group_arn": "arn:aws:elasticloadbalancing:ap-southeast-2:201335468138:targetgroup/target-group-training/de591d7dbe9bb0fd",
                "type": "forward"
              }
            ],
            "id": "arn:aws:elasticloadbalancing:ap-southeast-2:201335468138:listener/app/hills-carpal-prod-lb-tf/53844ca3f397aaf4/cf07ed9cbdf7e725",
            "load_balancer_arn": "arn:aws:elasticloadbalancing:ap-southeast-2:201335468138:loadbalancer/app/hills-carpal-prod-lb-tf/53844ca3f397aaf4",
            "mutual_authentication": [],
            "port": 1024,
            "protocol": "HTTP",
            "ssl_policy": "",
            "tags": {},
            "tags_all": {},
            "timeouts": null
          },
          "sensitive_attributes": [],
          "private": "eyJlMmJmYjczMC1lY2FhLTExZTYtOGY4OC0zNDM2M2JjN2M0YzAiOnsicmVhZCI6NjAwMDAwMDAwMDAwfX0=",
          "dependencies": [
            "aws_alb.application_load_balancer",
            "aws_default_subnet.default_subnet_a",
            "aws_default_subnet.default_subnet_b",
            "aws_default_subnet.default_subnet_c",
            "aws_default_vpc.default_vpc",
            "aws_security_group.load_balancer_security_group",
            "module.training.aws_lb_target_group.target_group"
          ]
        }
      ]
    },
    {
      "module": "module.training",
      "mode": "managed",
      "type": "aws_lb_target_group",
      "name": "target_group",
      "provider": "provider[\"registry.terraform.io/hashicorp/aws\"]",
      "instances": [
        {
          "schema_version": 0,
          "attributes": {
            "arn": "arn:aws:elasticloadbalancing:ap-southeast-2:201335468138:targetgroup/target-group-training/de591d7dbe9bb0fd",
            "arn_suffix": "targetgroup/target-group-training/de591d7dbe9bb0fd",
            "connection_termination": null,
            "deregistration_delay": "300",
            "health_check": [
              {
                "enabled": true,
                "healthy_threshold": 2,
                "interval": 30,
                "matcher": "200,301,302",
                "path": "/",
                "port": "traffic-port",
                "protocol": "HTTP",
                "timeout": 5,
                "unhealthy_threshold": 6
              }
            ],
            "id": "arn:aws:elasticloadbalancing:ap-southeast-2:201335468138:targetgroup/target-group-training/de591d7dbe9bb0fd",
            "ip_address_type": "ipv4",
            "lambda_multi_value_headers_enabled": false,
            "load_balancer_arns": [
              "arn:aws:elasticloadbalancing:ap-southeast-2:201335468138:loadbalancer/app/hills-carpal-prod-lb-tf/53844ca3f397aaf4"
            ],
            "load_balancing_algorithm_type": "round_robin",
            "load_balancing_anomaly_mitigation": "off",
            "load_balancing_cross_zone_enabled": "use_load_balancer_configuration",
            "name": "target-group-training",
            "name_prefix": "",
            "port": 80,
            "preserve_client_ip": null,
            "protocol": "HTTP",
            "protocol_version": "HTTP1",
            "proxy_protocol_v2": false,
            "slow_start": 0,
            "stickiness": [
              {
                "cookie_duration": 86400,
                "cookie_name": "",
                "enabled": false,
                "type": "lb_cookie"
              }
            ],
            "tags": {},
            "tags_all": {},
            "target_failover": [
              {
                "on_deregistration": null,
                "on_unhealthy": null
              }
            ],
            "target_group_health": [
              {
                "dns_failover": [
                  {
                    "minimum_healthy_targets_count": "1",
                    "minimum_healthy_targets_percentage": "off"
                  }
                ],
                "unhealthy_state_routing": [
                  {
                    "minimum_healthy_targets_count": 1,
                    "minimum_healthy_targets_percentage": "off"
                  }
                ]
              }
            ],
            "target_health_state": [
              {
                "enable_unhealthy_connection_termination": null,
                "unhealthy_draining_interval": null
              }
            ],
            "target_type": "ip",
            "vpc_id": "vpc-c5bc9da2"
          },
          "sensitive_attributes": [],
          "private": "bnVsbA==",
          "dependencies": ["aws_default_vpc.default_vpc"]
        }
      ]
    },
    {
      "module": "module.training",
      "mode": "managed",
      "type": "aws_secretsmanager_secret",
      "name": "hills-carpal-secret",
      "provider": "provider[\"registry.terraform.io/hashicorp/aws\"]",
      "instances": [
        {
          "schema_version": 0,
          "attributes": {
            "arn": "arn:aws:secretsmanager:ap-southeast-2:201335468138:secret:hills-carpal-secret-training-H39c3Z",
            "description": "",
            "force_overwrite_replica_secret": null,
            "id": "arn:aws:secretsmanager:ap-southeast-2:201335468138:secret:hills-carpal-secret-training-H39c3Z",
            "kms_key_id": "",
            "name": "hills-carpal-secret-training",
            "name_prefix": "",
            "policy": "",
            "recovery_window_in_days": 30,
            "replica": [],
            "tags": {},
            "tags_all": {}
          },
          "sensitive_attributes": [],
          "private": "bnVsbA=="
        }
      ]
    },
    {
      "module": "module.training",
      "mode": "managed",
      "type": "aws_security_group",
      "name": "service_security_group",
      "provider": "provider[\"registry.terraform.io/hashicorp/aws\"]",
      "instances": [
        {
          "schema_version": 1,
          "attributes": {
            "arn": "arn:aws:ec2:ap-southeast-2:201335468138:security-group/sg-0cf35eb43a8d0d888",
            "description": "Managed by Terraform",
            "egress": [
              {
                "cidr_blocks": ["0.0.0.0/0"],
                "description": "",
                "from_port": 0,
                "ipv6_cidr_blocks": [],
                "prefix_list_ids": [],
                "protocol": "-1",
                "security_groups": [],
                "self": false,
                "to_port": 0
              }
            ],
            "id": "sg-0cf35eb43a8d0d888",
            "ingress": [
              {
                "cidr_blocks": [],
                "description": "",
                "from_port": 0,
                "ipv6_cidr_blocks": [],
                "prefix_list_ids": [],
                "protocol": "-1",
                "security_groups": ["sg-0f9f14db415cc5ef9"],
                "self": false,
                "to_port": 0
              }
            ],
            "name": "terraform-20201214091721569500000002",
            "name_prefix": "terraform-",
            "owner_id": "201335468138",
            "revoke_rules_on_delete": false,
            "tags": {},
            "tags_all": {},
            "timeouts": null,
            "vpc_id": "vpc-c5bc9da2"
          },
          "sensitive_attributes": [],
          "private": "eyJlMmJmYjczMC1lY2FhLTExZTYtOGY4OC0zNDM2M2JjN2M0YzAiOnsiY3JlYXRlIjo2MDAwMDAwMDAwMDAsImRlbGV0ZSI6OTAwMDAwMDAwMDAwfSwic2NoZW1hX3ZlcnNpb24iOiIxIn0=",
          "dependencies": ["aws_security_group.load_balancer_security_group"]
        }
      ]
    },
    {
      "module": "module.training",
      "mode": "managed",
      "type": "aws_sns_topic",
      "name": "daily_cron_sns_topic",
      "provider": "provider[\"registry.terraform.io/hashicorp/aws\"]",
      "instances": [
        {
          "schema_version": 0,
          "attributes": {
            "application_failure_feedback_role_arn": "",
            "application_success_feedback_role_arn": "",
            "application_success_feedback_sample_rate": 0,
            "archive_policy": "",
            "arn": "arn:aws:sns:ap-southeast-2:201335468138:daily-cron-training",
            "beginning_archive_time": "",
            "content_based_deduplication": false,
            "delivery_policy": "",
            "display_name": "",
            "fifo_topic": false,
            "firehose_failure_feedback_role_arn": "",
            "firehose_success_feedback_role_arn": "",
            "firehose_success_feedback_sample_rate": 0,
            "http_failure_feedback_role_arn": "",
            "http_success_feedback_role_arn": "",
            "http_success_feedback_sample_rate": 0,
            "id": "arn:aws:sns:ap-southeast-2:201335468138:daily-cron-training",
            "kms_master_key_id": "",
            "lambda_failure_feedback_role_arn": "",
            "lambda_success_feedback_role_arn": "",
            "lambda_success_feedback_sample_rate": 0,
            "name": "daily-cron-training",
            "name_prefix": "",
            "owner": "201335468138",
            "policy": "{\"Version\":\"2012-10-17\",\"Statement\":[{\"Sid\":\"\",\"Effect\":\"Allow\",\"Principal\":{\"Service\":\"events.amazonaws.com\"},\"Action\":\"SNS:Publish\",\"Resource\":\"arn:aws:sns:ap-southeast-2:201335468138:daily-cron-training\"}]}",
            "signature_version": 0,
            "sqs_failure_feedback_role_arn": "",
            "sqs_success_feedback_role_arn": "",
            "sqs_success_feedback_sample_rate": 0,
            "tags": {},
            "tags_all": {},
            "tracing_config": ""
          },
          "sensitive_attributes": [],
          "private": "bnVsbA=="
        }
      ]
    },
    {
      "module": "module.training",
      "mode": "managed",
      "type": "aws_sns_topic",
      "name": "half_hourly_cron_sns_topic",
      "provider": "provider[\"registry.terraform.io/hashicorp/aws\"]",
      "instances": [
        {
          "schema_version": 0,
          "attributes": {
            "application_failure_feedback_role_arn": "",
            "application_success_feedback_role_arn": "",
            "application_success_feedback_sample_rate": 0,
            "archive_policy": "",
            "arn": "arn:aws:sns:ap-southeast-2:201335468138:half-hourly-cron-training",
            "beginning_archive_time": "",
            "content_based_deduplication": false,
            "delivery_policy": "",
            "display_name": "",
            "fifo_topic": false,
            "firehose_failure_feedback_role_arn": "",
            "firehose_success_feedback_role_arn": "",
            "firehose_success_feedback_sample_rate": 0,
            "http_failure_feedback_role_arn": "",
            "http_success_feedback_role_arn": "",
            "http_success_feedback_sample_rate": 0,
            "id": "arn:aws:sns:ap-southeast-2:201335468138:half-hourly-cron-training",
            "kms_master_key_id": "",
            "lambda_failure_feedback_role_arn": "",
            "lambda_success_feedback_role_arn": "",
            "lambda_success_feedback_sample_rate": 0,
            "name": "half-hourly-cron-training",
            "name_prefix": "",
            "owner": "201335468138",
            "policy": "{\"Version\":\"2012-10-17\",\"Statement\":[{\"Sid\":\"\",\"Effect\":\"Allow\",\"Principal\":{\"Service\":\"events.amazonaws.com\"},\"Action\":\"SNS:Publish\",\"Resource\":\"arn:aws:sns:ap-southeast-2:201335468138:half-hourly-cron-training\"}]}",
            "signature_version": 0,
            "sqs_failure_feedback_role_arn": "",
            "sqs_success_feedback_role_arn": "",
            "sqs_success_feedback_sample_rate": 0,
            "tags": {},
            "tags_all": {},
            "tracing_config": ""
          },
          "sensitive_attributes": [],
          "private": "bnVsbA=="
        }
      ]
    },
    {
      "module": "module.training",
      "mode": "managed",
      "type": "aws_sns_topic_policy",
      "name": "daily_cron_sns_topic_policy",
      "provider": "provider[\"registry.terraform.io/hashicorp/aws\"]",
      "instances": [
        {
          "schema_version": 0,
          "attributes": {
            "arn": "arn:aws:sns:ap-southeast-2:201335468138:daily-cron-training",
            "id": "arn:aws:sns:ap-southeast-2:201335468138:daily-cron-training",
            "owner": "201335468138",
            "policy": "{\"Version\":\"2012-10-17\",\"Statement\":[{\"Sid\":\"\",\"Effect\":\"Allow\",\"Principal\":{\"Service\":\"events.amazonaws.com\"},\"Action\":\"SNS:Publish\",\"Resource\":\"arn:aws:sns:ap-southeast-2:201335468138:daily-cron-training\"}]}"
          },
          "sensitive_attributes": [],
          "private": "bnVsbA==",
          "dependencies": [
            "module.training.aws_sns_topic.daily_cron_sns_topic",
            "module.training.data.aws_iam_policy_document.daily_cron_sns_topic_policy"
          ]
        }
      ]
    },
    {
      "module": "module.training",
      "mode": "managed",
      "type": "aws_sns_topic_policy",
      "name": "half_hourly_cron_sns_topic_policy",
      "provider": "provider[\"registry.terraform.io/hashicorp/aws\"]",
      "instances": [
        {
          "schema_version": 0,
          "attributes": {
            "arn": "arn:aws:sns:ap-southeast-2:201335468138:half-hourly-cron-training",
            "id": "arn:aws:sns:ap-southeast-2:201335468138:half-hourly-cron-training",
            "owner": "201335468138",
            "policy": "{\"Version\":\"2012-10-17\",\"Statement\":[{\"Sid\":\"\",\"Effect\":\"Allow\",\"Principal\":{\"Service\":\"events.amazonaws.com\"},\"Action\":\"SNS:Publish\",\"Resource\":\"arn:aws:sns:ap-southeast-2:201335468138:half-hourly-cron-training\"}]}"
          },
          "sensitive_attributes": [],
          "private": "bnVsbA==",
          "dependencies": [
            "module.training.aws_sns_topic.half_hourly_cron_sns_topic",
            "module.training.data.aws_iam_policy_document.half_hourly_cron_sns_topic_policy"
          ]
        }
      ]
    },
    {
      "module": "module.training",
      "mode": "managed",
      "type": "aws_sns_topic_subscription",
      "name": "daily_cron_sns_target",
      "provider": "provider[\"registry.terraform.io/hashicorp/aws\"]",
      "instances": [
        {
          "schema_version": 0,
          "attributes": {
            "arn": "arn:aws:sns:ap-southeast-2:201335468138:daily-cron-training:237a7893-ff37-4819-9103-5bafe00bc90d",
            "confirmation_timeout_in_minutes": 1,
            "confirmation_was_authenticated": false,
            "delivery_policy": "",
            "endpoint": "https://training.ride.carpal.org.au/api/send-reminders",
            "endpoint_auto_confirms": true,
            "filter_policy": "",
            "filter_policy_scope": "",
            "id": "arn:aws:sns:ap-southeast-2:201335468138:daily-cron-training:237a7893-ff37-4819-9103-5bafe00bc90d",
            "owner_id": "201335468138",
            "pending_confirmation": false,
            "protocol": "https",
            "raw_message_delivery": false,
            "redrive_policy": "",
            "replay_policy": "",
            "subscription_role_arn": "",
            "topic_arn": "arn:aws:sns:ap-southeast-2:201335468138:daily-cron-training"
          },
          "sensitive_attributes": [],
          "private": "bnVsbA==",
          "dependencies": ["module.training.aws_sns_topic.daily_cron_sns_topic"]
        }
      ]
    },
    {
      "module": "module.training",
      "mode": "managed",
      "type": "aws_sns_topic_subscription",
      "name": "half_hourly_cron_sns_target",
      "provider": "provider[\"registry.terraform.io/hashicorp/aws\"]",
      "instances": [
        {
          "schema_version": 0,
          "attributes": {
            "arn": "arn:aws:sns:ap-southeast-2:201335468138:half-hourly-cron-training:9eb5ec1c-d44d-4c98-9184-24ff64333a39",
            "confirmation_timeout_in_minutes": 1,
            "confirmation_was_authenticated": false,
            "delivery_policy": "",
            "endpoint": "https://training.ride.carpal.org.au/api/backup-rides",
            "endpoint_auto_confirms": true,
            "filter_policy": "",
            "filter_policy_scope": "",
            "id": "arn:aws:sns:ap-southeast-2:201335468138:half-hourly-cron-training:9eb5ec1c-d44d-4c98-9184-24ff64333a39",
            "owner_id": "201335468138",
            "pending_confirmation": false,
            "protocol": "https",
            "raw_message_delivery": false,
            "redrive_policy": "",
            "replay_policy": "",
            "subscription_role_arn": "",
            "topic_arn": "arn:aws:sns:ap-southeast-2:201335468138:half-hourly-cron-training"
          },
          "sensitive_attributes": [],
          "private": "bnVsbA==",
          "dependencies": [
            "module.training.aws_sns_topic.half_hourly_cron_sns_topic"
          ]
        }
      ]
    }
  ],
  "check_results": null
}
