{
  "version": 4,
  "terraform_version": "0.14.2",
  "serial": 102,
  "lineage": "4a627e43-cc54-8c20-0703-c76719610b36",
  "outputs": {},
  "resources": [
    {
      "mode": "data",
      "type": "aws_iam_policy_document",
      "name": "assume_role_policy",
      "provider": "provider[\"registry.terraform.io/hashicorp/aws\"]",
      "instances": [
        {
          "schema_version": 0,
          "attributes": {
            "id": "320642683",
            "json": "{\n  \"Version\": \"2012-10-17\",\n  \"Statement\": [\n    {\n      \"Sid\": \"\",\n      \"Effect\": \"Allow\",\n      \"Action\": \"sts:AssumeRole\",\n      \"Principal\": {\n        \"Service\": \"ecs-tasks.amazonaws.com\"\n      }\n    }\n  ]\n}",
            "override_json": null,
            "policy_id": null,
            "source_json": null,
            "statement": [
              {
                "actions": [
                  "sts:AssumeRole"
                ],
                "condition": [],
                "effect": "Allow",
                "not_actions": [],
                "not_principals": [],
                "not_resources": [],
                "principals": [
                  {
                    "identifiers": [
                      "ecs-tasks.amazonaws.com"
                    ],
                    "type": "Service"
                  }
                ],
                "resources": [],
                "sid": ""
              }
            ],
            "version": "2012-10-17"
          },
          "sensitive_attributes": []
        }
      ]
    },
    {
      "mode": "data",
      "type": "aws_iam_policy_document",
      "name": "get_access_to_secrets",
      "provider": "provider[\"registry.terraform.io/hashicorp/aws\"]",
      "instances": [
        {
          "schema_version": 0,
          "attributes": {
            "id": "548547432",
            "json": "{\n  \"Version\": \"2012-10-17\",\n  \"Statement\": [\n    {\n      \"Sid\": \"\",\n      \"Effect\": \"Allow\",\n      \"Action\": \"secretsmanager:GetSecretValue\",\n      \"Resource\": \"arn:aws:secretsmanager:ap-southeast-2:201335468138:secret:hills-carpal-secret-prod-PlVUN0\"\n    }\n  ]\n}",
            "override_json": null,
            "policy_id": null,
            "source_json": null,
            "statement": [
              {
                "actions": [
                  "secretsmanager:GetSecretValue"
                ],
                "condition": [],
                "effect": "Allow",
                "not_actions": [],
                "not_principals": [],
                "not_resources": [],
                "principals": [],
                "resources": [
                  "arn:aws:secretsmanager:ap-southeast-2:201335468138:secret:hills-carpal-secret-prod-PlVUN0"
                ],
                "sid": ""
              }
            ],
            "version": "2012-10-17"
          },
          "sensitive_attributes": []
        }
      ]
    },
    {
      "mode": "managed",
      "type": "aws_alb",
      "name": "application_load_balancer",
      "provider": "provider[\"registry.terraform.io/hashicorp/aws\"]",
      "instances": [
        {
          "schema_version": 0,
          "attributes": {
            "access_logs": [
              {
                "bucket": "",
                "enabled": false,
                "prefix": ""
              }
            ],
            "arn": "arn:aws:elasticloadbalancing:ap-southeast-2:201335468138:loadbalancer/app/hills-carpal-prod-lb-tf/3361c0b5cd9cc7dd",
            "arn_suffix": "app/hills-carpal-prod-lb-tf/3361c0b5cd9cc7dd",
            "dns_name": "hills-carpal-prod-lb-tf-212396198.ap-southeast-2.elb.amazonaws.com",
            "drop_invalid_header_fields": false,
            "enable_cross_zone_load_balancing": null,
            "enable_deletion_protection": false,
            "enable_http2": true,
            "id": "arn:aws:elasticloadbalancing:ap-southeast-2:201335468138:loadbalancer/app/hills-carpal-prod-lb-tf/3361c0b5cd9cc7dd",
            "idle_timeout": 60,
            "internal": false,
            "ip_address_type": "ipv4",
            "load_balancer_type": "application",
            "name": "hills-carpal-prod-lb-tf",
            "name_prefix": null,
            "security_groups": [
              "sg-0089839aeda87df8b"
            ],
            "subnet_mapping": [
              {
                "allocation_id": "",
                "subnet_id": "subnet-67e8d22e"
              },
              {
                "allocation_id": "",
                "subnet_id": "subnet-a0959cc7"
              },
              {
                "allocation_id": "",
                "subnet_id": "subnet-f8cf74a0"
              }
            ],
            "subnets": [
              "subnet-67e8d22e",
              "subnet-a0959cc7",
              "subnet-f8cf74a0"
            ],
            "tags": {},
            "timeouts": null,
            "vpc_id": "vpc-c5bc9da2",
            "zone_id": "Z1GM3OXH4ZPM65"
          },
          "sensitive_attributes": [],
          "private": "eyJlMmJmYjczMC1lY2FhLTExZTYtOGY4OC0zNDM2M2JjN2M0YzAiOnsiY3JlYXRlIjo2MDAwMDAwMDAwMDAsImRlbGV0ZSI6NjAwMDAwMDAwMDAwLCJ1cGRhdGUiOjYwMDAwMDAwMDAwMH19",
          "dependencies": [
            "aws_default_subnet.default_subnet_a",
            "aws_default_subnet.default_subnet_b",
            "aws_default_subnet.default_subnet_c",
            "aws_security_group.load_balancer_security_group"
          ]
        }
      ]
    },
    {
      "mode": "managed",
      "type": "aws_cloudwatch_log_group",
      "name": "awslogs-hills-carpal-prod",
      "provider": "provider[\"registry.terraform.io/hashicorp/aws\"]",
      "instances": [
        {
          "schema_version": 0,
          "attributes": {
            "arn": "arn:aws:logs:ap-southeast-2:201335468138:log-group:awslogs-hills-carpal-prod:*",
            "id": "awslogs-hills-carpal-prod",
            "kms_key_id": "",
            "name": "awslogs-hills-carpal-prod",
            "name_prefix": null,
            "retention_in_days": 0,
            "tags": {}
          },
          "sensitive_attributes": [],
          "private": "bnVsbA=="
        }
      ]
    },
    {
      "mode": "managed",
      "type": "aws_db_instance",
      "name": "hills-carpal-db-prod",
      "provider": "provider[\"registry.terraform.io/hashicorp/aws\"]",
      "instances": [
        {
          "schema_version": 1,
          "attributes": {
            "address": "terraform-20201214143959354100000001.cbmtdkajuu0s.ap-southeast-2.rds.amazonaws.com",
            "allocated_storage": 20,
            "allow_major_version_upgrade": null,
            "apply_immediately": null,
            "arn": "arn:aws:rds:ap-southeast-2:201335468138:db:terraform-20201214143959354100000001",
            "auto_minor_version_upgrade": true,
            "availability_zone": "ap-southeast-2a",
            "backup_retention_period": 3,
            "backup_window": "13:51-14:21",
            "ca_cert_identifier": "rds-ca-2019",
            "character_set_name": null,
            "copy_tags_to_snapshot": false,
            "db_subnet_group_name": "default",
            "delete_automated_backups": true,
            "deletion_protection": true,
            "domain": "",
            "domain_iam_role_name": "",
            "enabled_cloudwatch_logs_exports": [],
            "endpoint": "terraform-20201214143959354100000001.cbmtdkajuu0s.ap-southeast-2.rds.amazonaws.com:3306",
            "engine": "mysql",
            "engine_version": "5.7.26",
            "final_snapshot_identifier": null,
            "hosted_zone_id": "Z32T0VRHXEXS0V",
            "iam_database_authentication_enabled": false,
            "id": "terraform-20201214143959354100000001",
            "identifier": "terraform-20201214143959354100000001",
            "identifier_prefix": null,
            "instance_class": "db.t2.micro",
            "iops": 0,
            "kms_key_id": "",
            "license_model": "general-public-license",
            "maintenance_window": "fri:18:19-fri:18:49",
            "max_allocated_storage": 0,
            "monitoring_interval": 0,
            "monitoring_role_arn": "",
            "multi_az": false,
            "name": "carpal",
            "option_group_name": "default:mysql-5-7",
            "parameter_group_name": "default.mysql5.7",
            "password": "foobarbaz",
            "performance_insights_enabled": false,
            "performance_insights_kms_key_id": "",
            "performance_insights_retention_period": 0,
            "port": 3306,
            "publicly_accessible": false,
            "replicas": [],
            "replicate_source_db": "",
            "resource_id": "db-IWMHONWOZEHYBATDXMBOP5LQVU",
            "s3_import": [],
            "security_group_names": [],
            "skip_final_snapshot": false,
            "snapshot_identifier": null,
            "status": "available",
            "storage_encrypted": false,
            "storage_type": "gp2",
            "tags": {},
            "timeouts": null,
            "timezone": "",
            "username": "foo",
            "vpc_security_group_ids": [
              "sg-accecad1"
            ]
          },
          "sensitive_attributes": [],
          "private": "eyJlMmJmYjczMC1lY2FhLTExZTYtOGY4OC0zNDM2M2JjN2M0YzAiOnsiY3JlYXRlIjoyNDAwMDAwMDAwMDAwLCJkZWxldGUiOjI0MDAwMDAwMDAwMDAsInVwZGF0ZSI6NDgwMDAwMDAwMDAwMH0sInNjaGVtYV92ZXJzaW9uIjoiMSJ9"
        }
      ]
    },
    {
      "mode": "managed",
      "type": "aws_default_subnet",
      "name": "default_subnet_a",
      "provider": "provider[\"registry.terraform.io/hashicorp/aws\"]",
      "instances": [
        {
          "schema_version": 1,
          "attributes": {
            "arn": "arn:aws:ec2:ap-southeast-2:201335468138:subnet/subnet-a0959cc7",
            "assign_ipv6_address_on_creation": false,
            "availability_zone": "ap-southeast-2a",
            "availability_zone_id": "apse2-az1",
            "cidr_block": "172.31.0.0/20",
            "id": "subnet-a0959cc7",
            "ipv6_cidr_block": "",
            "ipv6_cidr_block_association_id": "",
            "map_public_ip_on_launch": true,
            "outpost_arn": "",
            "owner_id": "201335468138",
            "tags": {},
            "timeouts": null,
            "vpc_id": "vpc-c5bc9da2"
          },
          "sensitive_attributes": [],
          "private": "eyJlMmJmYjczMC1lY2FhLTExZTYtOGY4OC0zNDM2M2JjN2M0YzAiOnsiY3JlYXRlIjo2MDAwMDAwMDAwMDAsImRlbGV0ZSI6MTIwMDAwMDAwMDAwMH0sInNjaGVtYV92ZXJzaW9uIjoiMSJ9"
        }
      ]
    },
    {
      "mode": "managed",
      "type": "aws_default_subnet",
      "name": "default_subnet_b",
      "provider": "provider[\"registry.terraform.io/hashicorp/aws\"]",
      "instances": [
        {
          "schema_version": 1,
          "attributes": {
            "arn": "arn:aws:ec2:ap-southeast-2:201335468138:subnet/subnet-67e8d22e",
            "assign_ipv6_address_on_creation": false,
            "availability_zone": "ap-southeast-2b",
            "availability_zone_id": "apse2-az3",
            "cidr_block": "172.31.32.0/20",
            "id": "subnet-67e8d22e",
            "ipv6_cidr_block": "",
            "ipv6_cidr_block_association_id": "",
            "map_public_ip_on_launch": true,
            "outpost_arn": "",
            "owner_id": "201335468138",
            "tags": {},
            "timeouts": null,
            "vpc_id": "vpc-c5bc9da2"
          },
          "sensitive_attributes": [],
          "private": "eyJlMmJmYjczMC1lY2FhLTExZTYtOGY4OC0zNDM2M2JjN2M0YzAiOnsiY3JlYXRlIjo2MDAwMDAwMDAwMDAsImRlbGV0ZSI6MTIwMDAwMDAwMDAwMH0sInNjaGVtYV92ZXJzaW9uIjoiMSJ9"
        }
      ]
    },
    {
      "mode": "managed",
      "type": "aws_default_subnet",
      "name": "default_subnet_c",
      "provider": "provider[\"registry.terraform.io/hashicorp/aws\"]",
      "instances": [
        {
          "schema_version": 1,
          "attributes": {
            "arn": "arn:aws:ec2:ap-southeast-2:201335468138:subnet/subnet-f8cf74a0",
            "assign_ipv6_address_on_creation": false,
            "availability_zone": "ap-southeast-2c",
            "availability_zone_id": "apse2-az2",
            "cidr_block": "172.31.16.0/20",
            "id": "subnet-f8cf74a0",
            "ipv6_cidr_block": "",
            "ipv6_cidr_block_association_id": "",
            "map_public_ip_on_launch": true,
            "outpost_arn": "",
            "owner_id": "201335468138",
            "tags": {},
            "timeouts": null,
            "vpc_id": "vpc-c5bc9da2"
          },
          "sensitive_attributes": [],
          "private": "eyJlMmJmYjczMC1lY2FhLTExZTYtOGY4OC0zNDM2M2JjN2M0YzAiOnsiY3JlYXRlIjo2MDAwMDAwMDAwMDAsImRlbGV0ZSI6MTIwMDAwMDAwMDAwMH0sInNjaGVtYV92ZXJzaW9uIjoiMSJ9"
        }
      ]
    },
    {
      "mode": "managed",
      "type": "aws_default_vpc",
      "name": "default_vpc",
      "provider": "provider[\"registry.terraform.io/hashicorp/aws\"]",
      "instances": [
        {
          "schema_version": 1,
          "attributes": {
            "arn": "arn:aws:ec2:ap-southeast-2:201335468138:vpc/vpc-c5bc9da2",
            "assign_generated_ipv6_cidr_block": false,
            "cidr_block": "172.31.0.0/16",
            "default_network_acl_id": "acl-3c3bf45a",
            "default_route_table_id": "rtb-5bf3593d",
            "default_security_group_id": "sg-accecad1",
            "dhcp_options_id": "dopt-1ed89b79",
            "enable_classiclink": false,
            "enable_classiclink_dns_support": false,
            "enable_dns_hostnames": true,
            "enable_dns_support": true,
            "id": "vpc-c5bc9da2",
            "instance_tenancy": "default",
            "ipv6_association_id": "",
            "ipv6_cidr_block": "",
            "main_route_table_id": "rtb-5bf3593d",
            "owner_id": "201335468138",
            "tags": {}
          },
          "sensitive_attributes": [],
          "private": "eyJzY2hlbWFfdmVyc2lvbiI6IjEifQ=="
        }
      ]
    },
    {
      "mode": "managed",
      "type": "aws_ecr_repository",
      "name": "hills-carpal-repo",
      "provider": "provider[\"registry.terraform.io/hashicorp/aws\"]",
      "instances": [
        {
          "schema_version": 0,
          "attributes": {
            "arn": "arn:aws:ecr:ap-southeast-2:201335468138:repository/hills-carpal-repo",
            "id": "hills-carpal-repo",
            "image_scanning_configuration": [
              {
                "scan_on_push": false
              }
            ],
            "image_tag_mutability": "MUTABLE",
            "name": "hills-carpal-repo",
            "registry_id": "201335468138",
            "repository_url": "201335468138.dkr.ecr.ap-southeast-2.amazonaws.com/hills-carpal-repo",
            "tags": {},
            "timeouts": {
              "delete": null
            }
          },
          "sensitive_attributes": [],
          "private": "eyJlMmJmYjczMC1lY2FhLTExZTYtOGY4OC0zNDM2M2JjN2M0YzAiOnsiZGVsZXRlIjoxMjAwMDAwMDAwMDAwfSwic2NoZW1hX3ZlcnNpb24iOiIwIn0="
        }
      ]
    },
    {
      "mode": "managed",
      "type": "aws_ecs_cluster",
      "name": "hills-carpal-cluster-prod",
      "provider": "provider[\"registry.terraform.io/hashicorp/aws\"]",
      "instances": [
        {
          "schema_version": 0,
          "attributes": {
            "arn": "arn:aws:ecs:ap-southeast-2:201335468138:cluster/hills-carpal-cluster-prod",
            "capacity_providers": [],
            "default_capacity_provider_strategy": [],
            "id": "arn:aws:ecs:ap-southeast-2:201335468138:cluster/hills-carpal-cluster-prod",
            "name": "hills-carpal-cluster-prod",
            "setting": [
              {
                "name": "containerInsights",
                "value": "disabled"
              }
            ],
            "tags": {}
          },
          "sensitive_attributes": [],
          "private": "bnVsbA=="
        }
      ]
    },
    {
      "mode": "managed",
      "type": "aws_ecs_service",
      "name": "hills-carpal-service-prod",
      "provider": "provider[\"registry.terraform.io/hashicorp/aws\"]",
      "instances": [
        {
          "schema_version": 0,
          "attributes": {
            "capacity_provider_strategy": [],
            "cluster": "arn:aws:ecs:ap-southeast-2:201335468138:cluster/hills-carpal-cluster-prod",
            "deployment_controller": [
              {
                "type": "ECS"
              }
            ],
            "deployment_maximum_percent": 200,
            "deployment_minimum_healthy_percent": 100,
            "desired_count": 1,
            "enable_ecs_managed_tags": false,
            "force_new_deployment": null,
            "health_check_grace_period_seconds": 0,
            "iam_role": "aws-service-role",
            "id": "arn:aws:ecs:ap-southeast-2:201335468138:service/hills-carpal-cluster-prod/hills-carpal-service-prod",
            "launch_type": "FARGATE",
            "load_balancer": [
              {
                "container_name": "hills-carpal-task-prod",
                "container_port": 3000,
                "elb_name": "",
                "target_group_arn": "arn:aws:elasticloadbalancing:ap-southeast-2:201335468138:targetgroup/target-group/1ef5500a2c13e545"
              }
            ],
            "name": "hills-carpal-service-prod",
            "network_configuration": [
              {
                "assign_public_ip": true,
                "security_groups": [
                  "sg-0cf35eb43a8d0d888"
                ],
                "subnets": [
                  "subnet-67e8d22e",
                  "subnet-a0959cc7",
                  "subnet-f8cf74a0"
                ]
              }
            ],
            "ordered_placement_strategy": [],
            "placement_constraints": [],
            "placement_strategy": [],
            "platform_version": "LATEST",
            "propagate_tags": "NONE",
            "scheduling_strategy": "REPLICA",
            "service_registries": [],
            "tags": {},
            "task_definition": "arn:aws:ecs:ap-southeast-2:201335468138:task-definition/hills-carpal-task-prod:13",
            "timeouts": null
          },
          "sensitive_attributes": [],
          "private": "eyJlMmJmYjczMC1lY2FhLTExZTYtOGY4OC0zNDM2M2JjN2M0YzAiOnsiZGVsZXRlIjoxMjAwMDAwMDAwMDAwfX0=",
          "dependencies": [
            "aws_db_instance.hills-carpal-db-prod",
            "aws_default_subnet.default_subnet_a",
            "aws_default_subnet.default_subnet_b",
            "aws_default_subnet.default_subnet_c",
            "aws_ecr_repository.hills-carpal-repo",
            "aws_ecs_cluster.hills-carpal-cluster-prod",
            "aws_ecs_task_definition.hills-carpal-task-prod",
            "aws_iam_role.ecsTaskExecutionRole",
            "aws_lb_target_group.target_group",
            "aws_secretsmanager_secret.hills-carpal-secret-prod",
            "aws_security_group.service_security_group"
          ]
        }
      ]
    },
    {
      "mode": "managed",
      "type": "aws_ecs_task_definition",
      "name": "hills-carpal-task-prod",
      "provider": "provider[\"registry.terraform.io/hashicorp/aws\"]",
      "instances": [
        {
          "schema_version": 1,
          "attributes": {
            "arn": "arn:aws:ecs:ap-southeast-2:201335468138:task-definition/hills-carpal-task-prod:13",
            "container_definitions": "[{\"cpu\":256,\"environment\":[{\"name\":\"MYSQL_HOST\",\"value\":\"terraform-20201214143959354100000001.cbmtdkajuu0s.ap-southeast-2.rds.amazonaws.com\"},{\"name\":\"MYSQL_PORT\",\"value\":\"3306\"}],\"essential\":true,\"image\":\"201335468138.dkr.ecr.ap-southeast-2.amazonaws.com/hills-carpal-repo:2\",\"logConfiguration\":{\"logDriver\":\"awslogs\",\"options\":{\"awslogs-group\":\"awslogs-hills-carpal-prod\",\"awslogs-region\":\"ap-southeast-2\",\"awslogs-stream-prefix\":\"hills-carpal-prod\"}},\"memory\":512,\"mountPoints\":[],\"name\":\"hills-carpal-task-prod\",\"portMappings\":[{\"containerPort\":3000,\"hostPort\":3000,\"protocol\":\"tcp\"}],\"secrets\":[{\"name\":\"MYSQL_PW\",\"valueFrom\":\"arn:aws:secretsmanager:ap-southeast-2:201335468138:secret:hills-carpal-secret-prod-PlVUN0:MYSQL_PW::\"},{\"name\":\"MYSQL_USER\",\"valueFrom\":\"arn:aws:secretsmanager:ap-southeast-2:201335468138:secret:hills-carpal-secret-prod-PlVUN0:MYSQL_USER::\"}],\"volumesFrom\":[]}]",
            "cpu": "256",
            "execution_role_arn": "arn:aws:iam::201335468138:role/ecsTaskExecutionRole",
            "family": "hills-carpal-task-prod",
            "id": "hills-carpal-task-prod",
            "inference_accelerator": [],
            "ipc_mode": "",
            "memory": "512",
            "network_mode": "awsvpc",
            "pid_mode": "",
            "placement_constraints": [],
            "proxy_configuration": [],
            "requires_compatibilities": [
              "FARGATE"
            ],
            "revision": 13,
            "tags": null,
            "task_role_arn": "",
            "volume": []
          },
          "sensitive_attributes": [],
          "private": "eyJzY2hlbWFfdmVyc2lvbiI6IjEifQ==",
          "dependencies": [
            "aws_db_instance.hills-carpal-db-prod",
            "aws_ecr_repository.hills-carpal-repo",
            "aws_iam_role.ecsTaskExecutionRole",
            "aws_secretsmanager_secret.hills-carpal-secret-prod"
          ]
        }
      ]
    },
    {
      "mode": "managed",
      "type": "aws_iam_policy",
      "name": "get_access_to_secrets",
      "provider": "provider[\"registry.terraform.io/hashicorp/aws\"]",
      "instances": [
        {
          "schema_version": 0,
          "attributes": {
            "arn": "arn:aws:iam::201335468138:policy/get-access-to-secrets",
            "description": "",
            "id": "arn:aws:iam::201335468138:policy/get-access-to-secrets",
            "name": "get-access-to-secrets",
            "name_prefix": null,
            "path": "/",
            "policy": "{\n  \"Version\": \"2012-10-17\",\n  \"Statement\": [\n    {\n      \"Sid\": \"\",\n      \"Effect\": \"Allow\",\n      \"Action\": \"secretsmanager:GetSecretValue\",\n      \"Resource\": \"arn:aws:secretsmanager:ap-southeast-2:201335468138:secret:hills-carpal-secret-prod-PlVUN0\"\n    }\n  ]\n}"
          },
          "sensitive_attributes": [],
          "private": "bnVsbA==",
          "dependencies": [
            "aws_secretsmanager_secret.hills-carpal-secret-prod",
            "data.aws_iam_policy_document.get_access_to_secrets"
          ]
        }
      ]
    },
    {
      "mode": "managed",
      "type": "aws_iam_role",
      "name": "ecsTaskExecutionRole",
      "provider": "provider[\"registry.terraform.io/hashicorp/aws\"]",
      "instances": [
        {
          "schema_version": 0,
          "attributes": {
            "arn": "arn:aws:iam::201335468138:role/ecsTaskExecutionRole",
            "assume_role_policy": "{\"Version\":\"2012-10-17\",\"Statement\":[{\"Sid\":\"\",\"Effect\":\"Allow\",\"Principal\":{\"Service\":\"ecs-tasks.amazonaws.com\"},\"Action\":\"sts:AssumeRole\"}]}",
            "create_date": "2020-12-13T07:45:43Z",
            "description": "",
            "force_detach_policies": false,
            "id": "ecsTaskExecutionRole",
            "max_session_duration": 3600,
            "name": "ecsTaskExecutionRole",
            "name_prefix": null,
            "path": "/",
            "permissions_boundary": null,
            "tags": {},
            "unique_id": "AROAS5YEHOBVFSWG4TOQG"
          },
          "sensitive_attributes": [],
          "private": "bnVsbA==",
          "dependencies": [
            "data.aws_iam_policy_document.assume_role_policy"
          ]
        }
      ]
    },
    {
      "mode": "managed",
      "type": "aws_iam_role_policy_attachment",
      "name": "ecsTaskExecutionRole_policy",
      "provider": "provider[\"registry.terraform.io/hashicorp/aws\"]",
      "instances": [
        {
          "schema_version": 0,
          "attributes": {
            "id": "ecsTaskExecutionRole-20201213074552874200000001",
            "policy_arn": "arn:aws:iam::aws:policy/service-role/AmazonECSTaskExecutionRolePolicy",
            "role": "ecsTaskExecutionRole"
          },
          "sensitive_attributes": [],
          "private": "bnVsbA==",
          "dependencies": [
            "aws_iam_role.ecsTaskExecutionRole",
            "data.aws_iam_policy_document.assume_role_policy"
          ]
        }
      ]
    },
    {
      "mode": "managed",
      "type": "aws_iam_role_policy_attachment",
      "name": "test-attach",
      "provider": "provider[\"registry.terraform.io/hashicorp/aws\"]",
      "instances": [
        {
          "schema_version": 0,
          "attributes": {
            "id": "ecsTaskExecutionRole-20201214130218817000000001",
            "policy_arn": "arn:aws:iam::201335468138:policy/get-access-to-secrets",
            "role": "ecsTaskExecutionRole"
          },
          "sensitive_attributes": [],
          "private": "bnVsbA==",
          "dependencies": [
            "aws_iam_policy.get_access_to_secrets",
            "aws_iam_role.ecsTaskExecutionRole",
            "aws_secretsmanager_secret.hills-carpal-secret-prod",
            "data.aws_iam_policy_document.assume_role_policy",
            "data.aws_iam_policy_document.get_access_to_secrets"
          ]
        }
      ]
    },
    {
      "mode": "managed",
      "type": "aws_lb_listener",
      "name": "listener",
      "provider": "provider[\"registry.terraform.io/hashicorp/aws\"]",
      "instances": [
        {
          "schema_version": 0,
          "attributes": {
            "arn": "arn:aws:elasticloadbalancing:ap-southeast-2:201335468138:listener/app/hills-carpal-prod-lb-tf/3361c0b5cd9cc7dd/ef61d4a9d4abafc2",
            "certificate_arn": null,
            "default_action": [
              {
                "authenticate_cognito": [],
                "authenticate_oidc": [],
                "fixed_response": [],
                "forward": [],
                "order": 1,
                "redirect": [],
                "target_group_arn": "arn:aws:elasticloadbalancing:ap-southeast-2:201335468138:targetgroup/target-group/1ef5500a2c13e545",
                "type": "forward"
              }
            ],
            "id": "arn:aws:elasticloadbalancing:ap-southeast-2:201335468138:listener/app/hills-carpal-prod-lb-tf/3361c0b5cd9cc7dd/ef61d4a9d4abafc2",
            "load_balancer_arn": "arn:aws:elasticloadbalancing:ap-southeast-2:201335468138:loadbalancer/app/hills-carpal-prod-lb-tf/3361c0b5cd9cc7dd",
            "port": 80,
            "protocol": "HTTP",
            "ssl_policy": "",
            "timeouts": null
          },
          "sensitive_attributes": [],
          "private": "eyJlMmJmYjczMC1lY2FhLTExZTYtOGY4OC0zNDM2M2JjN2M0YzAiOnsicmVhZCI6NjAwMDAwMDAwMDAwfX0=",
          "dependencies": [
            "aws_alb.application_load_balancer",
            "aws_default_subnet.default_subnet_a",
            "aws_default_subnet.default_subnet_b",
            "aws_default_subnet.default_subnet_c",
            "aws_default_vpc.default_vpc",
            "aws_lb_target_group.target_group",
            "aws_security_group.load_balancer_security_group"
          ]
        }
      ]
    },
    {
      "mode": "managed",
      "type": "aws_lb_target_group",
      "name": "target_group",
      "provider": "provider[\"registry.terraform.io/hashicorp/aws\"]",
      "instances": [
        {
          "schema_version": 0,
          "attributes": {
            "arn": "arn:aws:elasticloadbalancing:ap-southeast-2:201335468138:targetgroup/target-group/1ef5500a2c13e545",
            "arn_suffix": "targetgroup/target-group/1ef5500a2c13e545",
            "deregistration_delay": 300,
            "health_check": [
              {
                "enabled": true,
                "healthy_threshold": 2,
                "interval": 30,
                "matcher": "200,301,302",
                "path": "/",
                "port": "traffic-port",
                "protocol": "HTTP",
                "timeout": 5,
                "unhealthy_threshold": 6
              }
            ],
            "id": "arn:aws:elasticloadbalancing:ap-southeast-2:201335468138:targetgroup/target-group/1ef5500a2c13e545",
            "lambda_multi_value_headers_enabled": false,
            "load_balancing_algorithm_type": "round_robin",
            "name": "target-group",
            "name_prefix": null,
            "port": 80,
            "protocol": "HTTP",
            "proxy_protocol_v2": false,
            "slow_start": 0,
            "stickiness": [
              {
                "cookie_duration": 86400,
                "enabled": false,
                "type": "lb_cookie"
              }
            ],
            "tags": {},
            "target_type": "ip",
            "vpc_id": "vpc-c5bc9da2"
          },
          "sensitive_attributes": [],
          "private": "bnVsbA==",
          "dependencies": [
            "aws_default_vpc.default_vpc"
          ]
        }
      ]
    },
    {
      "mode": "managed",
      "type": "aws_secretsmanager_secret",
      "name": "hills-carpal-secret-prod",
      "provider": "provider[\"registry.terraform.io/hashicorp/aws\"]",
      "instances": [
        {
          "schema_version": 0,
          "attributes": {
            "arn": "arn:aws:secretsmanager:ap-southeast-2:201335468138:secret:hills-carpal-secret-prod-PlVUN0",
            "description": "",
            "id": "arn:aws:secretsmanager:ap-southeast-2:201335468138:secret:hills-carpal-secret-prod-PlVUN0",
            "kms_key_id": "",
            "name": "hills-carpal-secret-prod",
            "name_prefix": null,
            "policy": null,
            "recovery_window_in_days": 30,
            "rotation_enabled": false,
            "rotation_lambda_arn": "",
            "rotation_rules": [],
            "tags": {}
          },
          "sensitive_attributes": [],
          "private": "bnVsbA=="
        }
      ]
    },
    {
      "mode": "managed",
      "type": "aws_security_group",
      "name": "load_balancer_security_group",
      "provider": "provider[\"registry.terraform.io/hashicorp/aws\"]",
      "instances": [
        {
          "schema_version": 1,
          "attributes": {
            "arn": "arn:aws:ec2:ap-southeast-2:201335468138:security-group/sg-0089839aeda87df8b",
            "description": "Managed by Terraform",
            "egress": [
              {
                "cidr_blocks": [
                  "0.0.0.0/0"
                ],
                "description": "",
                "from_port": 0,
                "ipv6_cidr_blocks": [],
                "prefix_list_ids": [],
                "protocol": "-1",
                "security_groups": [],
                "self": false,
                "to_port": 0
              }
            ],
            "id": "sg-0089839aeda87df8b",
            "ingress": [
              {
                "cidr_blocks": [
                  "0.0.0.0/0"
                ],
                "description": "",
                "from_port": 80,
                "ipv6_cidr_blocks": [],
                "prefix_list_ids": [],
                "protocol": "tcp",
                "security_groups": [],
                "self": false,
                "to_port": 80
              }
            ],
            "name": "terraform-20201214091719949200000001",
            "name_prefix": null,
            "owner_id": "201335468138",
            "revoke_rules_on_delete": false,
            "tags": {},
            "timeouts": null,
            "vpc_id": "vpc-c5bc9da2"
          },
          "sensitive_attributes": [],
          "private": "eyJlMmJmYjczMC1lY2FhLTExZTYtOGY4OC0zNDM2M2JjN2M0YzAiOnsiY3JlYXRlIjo2MDAwMDAwMDAwMDAsImRlbGV0ZSI6NjAwMDAwMDAwMDAwfSwic2NoZW1hX3ZlcnNpb24iOiIxIn0="
        }
      ]
    },
    {
      "mode": "managed",
      "type": "aws_security_group",
      "name": "service_security_group",
      "provider": "provider[\"registry.terraform.io/hashicorp/aws\"]",
      "instances": [
        {
          "schema_version": 1,
          "attributes": {
            "arn": "arn:aws:ec2:ap-southeast-2:201335468138:security-group/sg-0cf35eb43a8d0d888",
            "description": "Managed by Terraform",
            "egress": [
              {
                "cidr_blocks": [
                  "0.0.0.0/0"
                ],
                "description": "",
                "from_port": 0,
                "ipv6_cidr_blocks": [],
                "prefix_list_ids": [],
                "protocol": "-1",
                "security_groups": [],
                "self": false,
                "to_port": 0
              }
            ],
            "id": "sg-0cf35eb43a8d0d888",
            "ingress": [
              {
                "cidr_blocks": [],
                "description": "",
                "from_port": 0,
                "ipv6_cidr_blocks": [],
                "prefix_list_ids": [],
                "protocol": "-1",
                "security_groups": [
                  "sg-0089839aeda87df8b"
                ],
                "self": false,
                "to_port": 0
              }
            ],
            "name": "terraform-20201214091721569500000002",
            "name_prefix": null,
            "owner_id": "201335468138",
            "revoke_rules_on_delete": false,
            "tags": {},
            "timeouts": null,
            "vpc_id": "vpc-c5bc9da2"
          },
          "sensitive_attributes": [],
          "private": "eyJlMmJmYjczMC1lY2FhLTExZTYtOGY4OC0zNDM2M2JjN2M0YzAiOnsiY3JlYXRlIjo2MDAwMDAwMDAwMDAsImRlbGV0ZSI6NjAwMDAwMDAwMDAwfSwic2NoZW1hX3ZlcnNpb24iOiIxIn0=",
          "dependencies": [
            "aws_security_group.load_balancer_security_group"
          ]
        }
      ]
    }
  ]
}
