{
  "version": 4,
  "terraform_version": "0.14.2",
  "serial": 861,
  "lineage": "4a627e43-cc54-8c20-0703-c76719610b36",
  "outputs": {},
  "resources": [
    {
      "mode": "data",
      "type": "aws_iam_policy_document",
      "name": "assume_role_policy",
      "provider": "provider[\"registry.terraform.io/hashicorp/aws\"]",
      "instances": [
        {
          "schema_version": 0,
          "attributes": {
            "id": "320642683",
            "json": "{\n  \"Version\": \"2012-10-17\",\n  \"Statement\": [\n    {\n      \"Sid\": \"\",\n      \"Effect\": \"Allow\",\n      \"Action\": \"sts:AssumeRole\",\n      \"Principal\": {\n        \"Service\": \"ecs-tasks.amazonaws.com\"\n      }\n    }\n  ]\n}",
            "override_json": null,
            "policy_id": null,
            "source_json": null,
            "statement": [
              {
                "actions": [
                  "sts:AssumeRole"
                ],
                "condition": [],
                "effect": "Allow",
                "not_actions": [],
                "not_principals": [],
                "not_resources": [],
                "principals": [
                  {
                    "identifiers": [
                      "ecs-tasks.amazonaws.com"
                    ],
                    "type": "Service"
                  }
                ],
                "resources": [],
                "sid": ""
              }
            ],
            "version": "2012-10-17"
          },
          "sensitive_attributes": []
        }
      ]
    },
    {
      "mode": "managed",
      "type": "aws_alb",
      "name": "application_load_balancer",
      "provider": "provider[\"registry.terraform.io/hashicorp/aws\"]",
      "instances": [
        {
          "schema_version": 0,
          "attributes": {
            "access_logs": [
              {
                "bucket": "",
                "enabled": false,
                "prefix": ""
              }
            ],
            "arn": "arn:aws:elasticloadbalancing:ap-southeast-2:201335468138:loadbalancer/app/hills-carpal-prod-lb-tf/53844ca3f397aaf4",
            "arn_suffix": "app/hills-carpal-prod-lb-tf/53844ca3f397aaf4",
            "dns_name": "hills-carpal-prod-lb-tf-638900556.ap-southeast-2.elb.amazonaws.com",
            "drop_invalid_header_fields": false,
            "enable_cross_zone_load_balancing": null,
            "enable_deletion_protection": false,
            "enable_http2": true,
            "id": "arn:aws:elasticloadbalancing:ap-southeast-2:201335468138:loadbalancer/app/hills-carpal-prod-lb-tf/53844ca3f397aaf4",
            "idle_timeout": 60,
            "internal": false,
            "ip_address_type": "ipv4",
            "load_balancer_type": "application",
            "name": "hills-carpal-prod-lb-tf",
            "name_prefix": null,
            "security_groups": [
              "sg-0f9f14db415cc5ef9"
            ],
            "subnet_mapping": [
              {
                "allocation_id": "",
                "subnet_id": "subnet-67e8d22e"
              },
              {
                "allocation_id": "",
                "subnet_id": "subnet-a0959cc7"
              },
              {
                "allocation_id": "",
                "subnet_id": "subnet-f8cf74a0"
              }
            ],
            "subnets": [
              "subnet-67e8d22e",
              "subnet-a0959cc7",
              "subnet-f8cf74a0"
            ],
            "tags": {},
            "timeouts": null,
            "vpc_id": "vpc-c5bc9da2",
            "zone_id": "Z1GM3OXH4ZPM65"
          },
          "sensitive_attributes": [],
          "private": "eyJlMmJmYjczMC1lY2FhLTExZTYtOGY4OC0zNDM2M2JjN2M0YzAiOnsiY3JlYXRlIjo2MDAwMDAwMDAwMDAsImRlbGV0ZSI6NjAwMDAwMDAwMDAwLCJ1cGRhdGUiOjYwMDAwMDAwMDAwMH19",
          "dependencies": [
            "aws_default_subnet.default_subnet_a",
            "aws_default_subnet.default_subnet_b",
            "aws_default_subnet.default_subnet_c",
            "aws_security_group.load_balancer_security_group"
          ]
        }
      ]
    },
    {
      "mode": "managed",
      "type": "aws_default_subnet",
      "name": "default_subnet_a",
      "provider": "provider[\"registry.terraform.io/hashicorp/aws\"]",
      "instances": [
        {
          "schema_version": 1,
          "attributes": {
            "arn": "arn:aws:ec2:ap-southeast-2:201335468138:subnet/subnet-a0959cc7",
            "assign_ipv6_address_on_creation": false,
            "availability_zone": "ap-southeast-2a",
            "availability_zone_id": "apse2-az1",
            "cidr_block": "172.31.0.0/20",
            "id": "subnet-a0959cc7",
            "ipv6_cidr_block": "",
            "ipv6_cidr_block_association_id": "",
            "map_public_ip_on_launch": true,
            "outpost_arn": "",
            "owner_id": "201335468138",
            "tags": {},
            "timeouts": null,
            "vpc_id": "vpc-c5bc9da2"
          },
          "sensitive_attributes": [],
          "private": "eyJlMmJmYjczMC1lY2FhLTExZTYtOGY4OC0zNDM2M2JjN2M0YzAiOnsiY3JlYXRlIjo2MDAwMDAwMDAwMDAsImRlbGV0ZSI6MTIwMDAwMDAwMDAwMH0sInNjaGVtYV92ZXJzaW9uIjoiMSJ9"
        }
      ]
    },
    {
      "mode": "managed",
      "type": "aws_default_subnet",
      "name": "default_subnet_b",
      "provider": "provider[\"registry.terraform.io/hashicorp/aws\"]",
      "instances": [
        {
          "schema_version": 1,
          "attributes": {
            "arn": "arn:aws:ec2:ap-southeast-2:201335468138:subnet/subnet-67e8d22e",
            "assign_ipv6_address_on_creation": false,
            "availability_zone": "ap-southeast-2b",
            "availability_zone_id": "apse2-az3",
            "cidr_block": "172.31.32.0/20",
            "id": "subnet-67e8d22e",
            "ipv6_cidr_block": "",
            "ipv6_cidr_block_association_id": "",
            "map_public_ip_on_launch": true,
            "outpost_arn": "",
            "owner_id": "201335468138",
            "tags": {},
            "timeouts": null,
            "vpc_id": "vpc-c5bc9da2"
          },
          "sensitive_attributes": [],
          "private": "eyJlMmJmYjczMC1lY2FhLTExZTYtOGY4OC0zNDM2M2JjN2M0YzAiOnsiY3JlYXRlIjo2MDAwMDAwMDAwMDAsImRlbGV0ZSI6MTIwMDAwMDAwMDAwMH0sInNjaGVtYV92ZXJzaW9uIjoiMSJ9"
        }
      ]
    },
    {
      "mode": "managed",
      "type": "aws_default_subnet",
      "name": "default_subnet_c",
      "provider": "provider[\"registry.terraform.io/hashicorp/aws\"]",
      "instances": [
        {
          "schema_version": 1,
          "attributes": {
            "arn": "arn:aws:ec2:ap-southeast-2:201335468138:subnet/subnet-f8cf74a0",
            "assign_ipv6_address_on_creation": false,
            "availability_zone": "ap-southeast-2c",
            "availability_zone_id": "apse2-az2",
            "cidr_block": "172.31.16.0/20",
            "id": "subnet-f8cf74a0",
            "ipv6_cidr_block": "",
            "ipv6_cidr_block_association_id": "",
            "map_public_ip_on_launch": true,
            "outpost_arn": "",
            "owner_id": "201335468138",
            "tags": {},
            "timeouts": null,
            "vpc_id": "vpc-c5bc9da2"
          },
          "sensitive_attributes": [],
          "private": "eyJlMmJmYjczMC1lY2FhLTExZTYtOGY4OC0zNDM2M2JjN2M0YzAiOnsiY3JlYXRlIjo2MDAwMDAwMDAwMDAsImRlbGV0ZSI6MTIwMDAwMDAwMDAwMH0sInNjaGVtYV92ZXJzaW9uIjoiMSJ9"
        }
      ]
    },
    {
      "mode": "managed",
      "type": "aws_default_vpc",
      "name": "default_vpc",
      "provider": "provider[\"registry.terraform.io/hashicorp/aws\"]",
      "instances": [
        {
          "schema_version": 1,
          "attributes": {
            "arn": "arn:aws:ec2:ap-southeast-2:201335468138:vpc/vpc-c5bc9da2",
            "assign_generated_ipv6_cidr_block": false,
            "cidr_block": "172.31.0.0/16",
            "default_network_acl_id": "acl-3c3bf45a",
            "default_route_table_id": "rtb-5bf3593d",
            "default_security_group_id": "sg-accecad1",
            "dhcp_options_id": "dopt-1ed89b79",
            "enable_classiclink": false,
            "enable_classiclink_dns_support": false,
            "enable_dns_hostnames": true,
            "enable_dns_support": true,
            "id": "vpc-c5bc9da2",
            "instance_tenancy": "default",
            "ipv6_association_id": "",
            "ipv6_cidr_block": "",
            "main_route_table_id": "rtb-5bf3593d",
            "owner_id": "201335468138",
            "tags": {}
          },
          "sensitive_attributes": [],
          "private": "eyJzY2hlbWFfdmVyc2lvbiI6IjEifQ=="
        }
      ]
    },
    {
      "mode": "managed",
      "type": "aws_ecr_repository",
      "name": "hills-carpal-repo",
      "provider": "provider[\"registry.terraform.io/hashicorp/aws\"]",
      "instances": [
        {
          "schema_version": 0,
          "attributes": {
            "arn": "arn:aws:ecr:ap-southeast-2:201335468138:repository/hills-carpal-repo",
            "id": "hills-carpal-repo",
            "image_scanning_configuration": [
              {
                "scan_on_push": false
              }
            ],
            "image_tag_mutability": "MUTABLE",
            "name": "hills-carpal-repo",
            "registry_id": "201335468138",
            "repository_url": "201335468138.dkr.ecr.ap-southeast-2.amazonaws.com/hills-carpal-repo",
            "tags": {},
            "timeouts": {
              "delete": null
            }
          },
          "sensitive_attributes": [],
          "private": "eyJlMmJmYjczMC1lY2FhLTExZTYtOGY4OC0zNDM2M2JjN2M0YzAiOnsiZGVsZXRlIjoxMjAwMDAwMDAwMDAwfSwic2NoZW1hX3ZlcnNpb24iOiIwIn0="
        }
      ]
    },
    {
      "mode": "managed",
      "type": "aws_iam_role",
      "name": "ecs_task_execution_role",
      "provider": "provider[\"registry.terraform.io/hashicorp/aws\"]",
      "instances": [
        {
          "schema_version": 0,
          "attributes": {
            "arn": "arn:aws:iam::201335468138:role/ecs_task_execution_role",
            "assume_role_policy": "{\"Version\":\"2012-10-17\",\"Statement\":[{\"Sid\":\"\",\"Effect\":\"Allow\",\"Principal\":{\"Service\":\"ecs-tasks.amazonaws.com\"},\"Action\":\"sts:AssumeRole\"}]}",
            "create_date": "2021-04-02T09:30:02Z",
            "description": "",
            "force_detach_policies": false,
            "id": "ecs_task_execution_role",
            "max_session_duration": 3600,
            "name": "ecs_task_execution_role",
            "name_prefix": null,
            "path": "/",
            "permissions_boundary": null,
            "tags": {},
            "unique_id": "AROAS5YEHOBVCL4MCDRXT"
          },
          "sensitive_attributes": [],
          "private": "bnVsbA==",
          "dependencies": [
            "data.aws_iam_policy_document.assume_role_policy"
          ]
        }
      ]
    },
    {
      "mode": "managed",
      "type": "aws_iam_role_policy_attachment",
      "name": "ecs_task_execution_role_policy",
      "provider": "provider[\"registry.terraform.io/hashicorp/aws\"]",
      "instances": [
        {
          "schema_version": 0,
          "attributes": {
            "id": "ecs_task_execution_role-20210402093005945900000003",
            "policy_arn": "arn:aws:iam::aws:policy/service-role/AmazonECSTaskExecutionRolePolicy",
            "role": "ecs_task_execution_role"
          },
          "sensitive_attributes": [],
          "private": "bnVsbA==",
          "dependencies": [
            "aws_iam_role.ecs_task_execution_role",
            "data.aws_iam_policy_document.assume_role_policy"
          ]
        }
      ]
    },
    {
      "mode": "managed",
      "type": "aws_security_group",
      "name": "load_balancer_security_group",
      "provider": "provider[\"registry.terraform.io/hashicorp/aws\"]",
      "instances": [
        {
          "schema_version": 1,
          "attributes": {
            "arn": "arn:aws:ec2:ap-southeast-2:201335468138:security-group/sg-0f9f14db415cc5ef9",
            "description": "Managed by Terraform",
            "egress": [
              {
                "cidr_blocks": [
                  "0.0.0.0/0"
                ],
                "description": "",
                "from_port": 0,
                "ipv6_cidr_blocks": [],
                "prefix_list_ids": [],
                "protocol": "-1",
                "security_groups": [],
                "self": false,
                "to_port": 0
              }
            ],
            "id": "sg-0f9f14db415cc5ef9",
            "ingress": [
              {
                "cidr_blocks": [
                  "0.0.0.0/0"
                ],
                "description": "",
                "from_port": 1024,
                "ipv6_cidr_blocks": [],
                "prefix_list_ids": [],
                "protocol": "tcp",
                "security_groups": [],
                "self": false,
                "to_port": 1024
              },
              {
                "cidr_blocks": [
                  "0.0.0.0/0"
                ],
                "description": "",
                "from_port": 80,
                "ipv6_cidr_blocks": [],
                "prefix_list_ids": [],
                "protocol": "tcp",
                "security_groups": [],
                "self": false,
                "to_port": 80
              }
            ],
            "name": "terraform-20210807131950164600000001",
            "name_prefix": null,
            "owner_id": "201335468138",
            "revoke_rules_on_delete": false,
            "tags": {},
            "timeouts": null,
            "vpc_id": "vpc-c5bc9da2"
          },
          "sensitive_attributes": [],
          "private": "eyJlMmJmYjczMC1lY2FhLTExZTYtOGY4OC0zNDM2M2JjN2M0YzAiOnsiY3JlYXRlIjo2MDAwMDAwMDAwMDAsImRlbGV0ZSI6NjAwMDAwMDAwMDAwfSwic2NoZW1hX3ZlcnNpb24iOiIxIn0="
        }
      ]
    },
    {
      "module": "module.bastion",
      "mode": "data",
      "type": "aws_ami",
      "name": "ubuntu",
      "provider": "provider[\"registry.terraform.io/hashicorp/aws\"]",
      "instances": [
        {
          "schema_version": 0,
          "attributes": {
            "architecture": "x86_64",
            "arn": "arn:aws:ec2:ap-southeast-2::image/ami-095bb41ec97911f24",
            "block_device_mappings": [
              {
                "device_name": "/dev/sda1",
                "ebs": {
                  "delete_on_termination": "true",
                  "encrypted": "false",
                  "iops": "0",
                  "snapshot_id": "snap-083b165980787ed8a",
                  "volume_size": "8",
                  "volume_type": "gp2"
                },
                "no_device": "",
                "virtual_name": ""
              },
              {
                "device_name": "/dev/sdb",
                "ebs": {},
                "no_device": "",
                "virtual_name": "ephemeral0"
              },
              {
                "device_name": "/dev/sdc",
                "ebs": {},
                "no_device": "",
                "virtual_name": "ephemeral1"
              }
            ],
            "creation_date": "2021-11-16T00:17:33.000Z",
            "description": "Canonical, Ubuntu, 20.04 LTS, amd64 focal image build on 2021-11-15",
            "executable_users": null,
            "filter": [
              {
                "name": "name",
                "values": [
                  "ubuntu/images/hvm-ssd/ubuntu-focal-20.04-amd64-server-20211115"
                ]
              },
              {
                "name": "virtualization-type",
                "values": [
                  "hvm"
                ]
              }
            ],
            "hypervisor": "xen",
            "id": "ami-095bb41ec97911f24",
            "image_id": "ami-095bb41ec97911f24",
            "image_location": "099720109477/ubuntu/images/hvm-ssd/ubuntu-focal-20.04-amd64-server-20211115",
            "image_owner_alias": null,
            "image_type": "machine",
            "kernel_id": null,
            "most_recent": false,
            "name": "ubuntu/images/hvm-ssd/ubuntu-focal-20.04-amd64-server-20211115",
            "name_regex": null,
            "owner_id": "099720109477",
            "owners": [
              "099720109477"
            ],
            "platform": null,
            "product_codes": [],
            "public": true,
            "ramdisk_id": null,
            "root_device_name": "/dev/sda1",
            "root_device_type": "ebs",
            "root_snapshot_id": "snap-083b165980787ed8a",
            "sriov_net_support": "simple",
            "state": "available",
            "state_reason": {
              "code": "UNSET",
              "message": "UNSET"
            },
            "tags": {},
            "virtualization_type": "hvm"
          },
          "sensitive_attributes": []
        }
      ]
    },
    {
      "module": "module.bastion",
      "mode": "managed",
      "type": "aws_default_vpc",
      "name": "default",
      "provider": "provider[\"registry.terraform.io/hashicorp/aws\"]",
      "instances": [
        {
          "schema_version": 1,
          "attributes": {
            "arn": "arn:aws:ec2:ap-southeast-2:201335468138:vpc/vpc-c5bc9da2",
            "assign_generated_ipv6_cidr_block": false,
            "cidr_block": "172.31.0.0/16",
            "default_network_acl_id": "acl-3c3bf45a",
            "default_route_table_id": "rtb-5bf3593d",
            "default_security_group_id": "sg-accecad1",
            "dhcp_options_id": "dopt-1ed89b79",
            "enable_classiclink": false,
            "enable_classiclink_dns_support": false,
            "enable_dns_hostnames": true,
            "enable_dns_support": true,
            "id": "vpc-c5bc9da2",
            "instance_tenancy": "default",
            "ipv6_association_id": "",
            "ipv6_cidr_block": "",
            "main_route_table_id": "rtb-5bf3593d",
            "owner_id": "201335468138",
            "tags": {}
          },
          "sensitive_attributes": [],
          "private": "eyJzY2hlbWFfdmVyc2lvbiI6IjEifQ=="
        }
      ]
    },
    {
      "module": "module.bastion",
      "mode": "managed",
      "type": "aws_eip",
      "name": "eip",
      "provider": "provider[\"registry.terraform.io/hashicorp/aws\"]",
      "instances": [
        {
          "schema_version": 0,
          "attributes": {
            "allocation_id": null,
            "associate_with_private_ip": null,
            "association_id": "eipassoc-015e90aa4c442f3f7",
            "customer_owned_ip": "",
            "customer_owned_ipv4_pool": "",
            "domain": "vpc",
            "id": "eipalloc-07fc005b7ca28256d",
            "instance": "i-06a8dc0892d500b06",
            "network_interface": "eni-0760b110ce6985cd3",
            "private_dns": "ip-172-31-29-42.ap-southeast-2.compute.internal",
            "private_ip": "172.31.29.42",
            "public_dns": "ec2-52-65-238-41.ap-southeast-2.compute.amazonaws.com",
            "public_ip": "52.65.238.41",
            "public_ipv4_pool": "amazon",
            "tags": {},
            "timeouts": null,
            "vpc": true
          },
          "sensitive_attributes": [],
          "private": "eyJlMmJmYjczMC1lY2FhLTExZTYtOGY4OC0zNDM2M2JjN2M0YzAiOnsiZGVsZXRlIjoxODAwMDAwMDAwMDAsInJlYWQiOjkwMDAwMDAwMDAwMCwidXBkYXRlIjozMDAwMDAwMDAwMDB9fQ==",
          "dependencies": [
            "module.bastion.aws_default_vpc.default",
            "module.bastion.aws_instance.bastion",
            "module.bastion.aws_key_pair.bastion_key",
            "module.bastion.aws_security_group.bastion-sg",
            "module.bastion.data.aws_ami.ubuntu"
          ]
        }
      ]
    },
    {
      "module": "module.bastion",
      "mode": "managed",
      "type": "aws_instance",
      "name": "bastion",
      "provider": "provider[\"registry.terraform.io/hashicorp/aws\"]",
      "instances": [
        {
          "schema_version": 1,
          "attributes": {
            "ami": "ami-095bb41ec97911f24",
            "arn": "arn:aws:ec2:ap-southeast-2:201335468138:instance/i-06a8dc0892d500b06",
            "associate_public_ip_address": true,
            "availability_zone": "ap-southeast-2c",
            "cpu_core_count": 1,
            "cpu_threads_per_core": 1,
            "credit_specification": [
              {
                "cpu_credits": "standard"
              }
            ],
            "disable_api_termination": false,
            "ebs_block_device": [],
            "ebs_optimized": false,
            "ephemeral_block_device": [],
            "get_password_data": false,
            "hibernation": false,
            "host_id": null,
            "iam_instance_profile": "",
            "id": "i-06a8dc0892d500b06",
            "instance_initiated_shutdown_behavior": null,
            "instance_state": "running",
            "instance_type": "t2.nano",
            "ipv6_address_count": 0,
            "ipv6_addresses": [],
            "key_name": "hills-carpal-aws",
            "metadata_options": [
              {
                "http_endpoint": "enabled",
                "http_put_response_hop_limit": 1,
                "http_tokens": "optional"
              }
            ],
            "monitoring": false,
            "network_interface": [],
            "network_interface_id": null,
            "outpost_arn": "",
            "password_data": "",
            "placement_group": "",
            "primary_network_interface_id": "eni-0760b110ce6985cd3",
            "private_dns": "ip-172-31-29-42.ap-southeast-2.compute.internal",
            "private_ip": "172.31.29.42",
            "public_dns": "ec2-52-65-238-41.ap-southeast-2.compute.amazonaws.com",
            "public_ip": "52.65.238.41",
            "root_block_device": [
              {
                "delete_on_termination": true,
                "device_name": "/dev/sda1",
                "encrypted": false,
                "iops": 100,
                "kms_key_id": "",
                "volume_id": "vol-0df058dbcad7d41ba",
                "volume_size": 8,
                "volume_type": "gp2"
              }
            ],
            "security_groups": [
              "bastion-security-group"
            ],
            "source_dest_check": true,
            "subnet_id": "subnet-f8cf74a0",
            "tags": {},
            "tenancy": "default",
            "timeouts": null,
            "user_data": null,
            "user_data_base64": null,
            "volume_tags": {},
            "vpc_security_group_ids": [
              "sg-0138670358cc2f7ba"
            ]
          },
          "sensitive_attributes": [],
          "private": "eyJlMmJmYjczMC1lY2FhLTExZTYtOGY4OC0zNDM2M2JjN2M0YzAiOnsiY3JlYXRlIjo2MDAwMDAwMDAwMDAsImRlbGV0ZSI6MTIwMDAwMDAwMDAwMCwidXBkYXRlIjo2MDAwMDAwMDAwMDB9LCJzY2hlbWFfdmVyc2lvbiI6IjEifQ==",
          "dependencies": [
            "module.bastion.aws_default_vpc.default",
            "module.bastion.aws_key_pair.bastion_key",
            "module.bastion.aws_security_group.bastion-sg",
            "module.bastion.data.aws_ami.ubuntu"
          ]
        }
      ]
    },
    {
      "module": "module.bastion",
      "mode": "managed",
      "type": "aws_key_pair",
      "name": "bastion_key",
      "provider": "provider[\"registry.terraform.io/hashicorp/aws\"]",
      "instances": [
        {
          "schema_version": 1,
          "attributes": {
            "arn": "arn:aws:ec2:ap-southeast-2:201335468138:key-pair/hills-carpal-aws",
            "fingerprint": "5b:41:e4:64:95:26:38:51:d6:f5:c1:de:09:e7:9f:2c",
            "id": "hills-carpal-aws",
            "key_name": "hills-carpal-aws",
            "key_name_prefix": null,
            "key_pair_id": "key-079e32b61567fe50a",
            "public_key": "ssh-rsa AAAAB3NzaC1yc2EAAAADAQABAAACAQDFwzLDAmnpkJHT3DxIeqa1XcqESjeIrCYggvnG9lBwb221AvRcvCpGCaMh7G9QckkfThTevQLUDjUQLb5i8j3tWIOUEgSuExz2mwy+QNhgR6jju4UWGCdKEeF545Bz3S8ibNWrVzwf9n2e9z3LmgSMBcrK4+Sumc2fJw7MHfKQuXk6VGtZfj+738qUsFA6pZEZAJlSWtFbE4Ftg3LTrXWVJptzQS2I9lzaXDDiUMqhyaUXo0tHeahyhGKbk9PmXqh1bU4rR5T/vSg9abfGSYmv/cW0JHwYx7xGQBGOCV+ZHunfHpAuQxCjWqNv8fN9MDKHY/e+U1q872BE5NkLx4Ug6HyGImyBOuQed29Kz1NK74B98hoc3Ql7zVMDSQm4zglXBb1eLLC4vRV52snJE9rS2mFI/d6pCq9XlzVIC/sbRayN4kDbgU65mTf59lH9oYiM9oTwVFy3ISeUyLiVY3EjuadE6senNLvtrvWJ8V8oMFLLszdyTPHK87CyACtbglRgYNbao4ppR7buNci50ESKaP9znbS8sAjH8d5BW2jdCvk6uTuBa7Tb9Jl4P+Kh3/4aXn89BdxMCbez0b4aqOwavY1fxZwPeV1djY5UV/TrDtImro87UUJJHGMWVr1m+YyUC8ZN7EdYnolFOlmMtEOCBao1kxCswIN4qDSKZXsaxQ== alex@alexgilleran.com",
            "tags": {}
          },
          "sensitive_attributes": [],
          "private": "eyJzY2hlbWFfdmVyc2lvbiI6IjEifQ=="
        }
      ]
    },
    {
      "module": "module.bastion",
      "mode": "managed",
      "type": "aws_security_group",
      "name": "bastion-sg",
      "provider": "provider[\"registry.terraform.io/hashicorp/aws\"]",
      "instances": [
        {
          "schema_version": 1,
          "attributes": {
            "arn": "arn:aws:ec2:ap-southeast-2:201335468138:security-group/sg-0138670358cc2f7ba",
            "description": "Managed by Terraform",
            "egress": [
              {
                "cidr_blocks": [
                  "0.0.0.0/0"
                ],
                "description": "",
                "from_port": 0,
                "ipv6_cidr_blocks": [],
                "prefix_list_ids": [],
                "protocol": "-1",
                "security_groups": [],
                "self": false,
                "to_port": 0
              }
            ],
            "id": "sg-0138670358cc2f7ba",
            "ingress": [
              {
                "cidr_blocks": [
                  "0.0.0.0/0"
                ],
                "description": "",
                "from_port": 22,
                "ipv6_cidr_blocks": [],
                "prefix_list_ids": [],
                "protocol": "tcp",
                "security_groups": [],
                "self": false,
                "to_port": 22
              }
            ],
            "name": "bastion-security-group",
            "name_prefix": null,
            "owner_id": "201335468138",
            "revoke_rules_on_delete": false,
            "tags": {},
            "timeouts": null,
            "vpc_id": "vpc-c5bc9da2"
          },
          "sensitive_attributes": [],
          "private": "eyJlMmJmYjczMC1lY2FhLTExZTYtOGY4OC0zNDM2M2JjN2M0YzAiOnsiY3JlYXRlIjo2MDAwMDAwMDAwMDAsImRlbGV0ZSI6NjAwMDAwMDAwMDAwfSwic2NoZW1hX3ZlcnNpb24iOiIxIn0=",
          "dependencies": [
            "module.bastion.aws_default_vpc.default"
          ]
        }
      ]
    },
    {
      "module": "module.dev_db",
      "mode": "managed",
      "type": "aws_db_instance",
      "name": "hills-carpal-db",
      "provider": "provider[\"registry.terraform.io/hashicorp/aws\"]",
      "instances": [
        {
          "schema_version": 1,
          "attributes": {
            "address": "hillscarpal-db-dev.cbmtdkajuu0s.ap-southeast-2.rds.amazonaws.com",
            "allocated_storage": 20,
            "allow_major_version_upgrade": null,
            "apply_immediately": true,
            "arn": "arn:aws:rds:ap-southeast-2:201335468138:db:hillscarpal-db-dev",
            "auto_minor_version_upgrade": true,
            "availability_zone": "ap-southeast-2c",
            "backup_retention_period": 3,
            "backup_window": "13:40-14:10",
            "ca_cert_identifier": "rds-ca-2019",
            "character_set_name": null,
            "copy_tags_to_snapshot": false,
            "db_subnet_group_name": "default",
            "delete_automated_backups": true,
            "deletion_protection": true,
            "domain": "",
            "domain_iam_role_name": "",
            "enabled_cloudwatch_logs_exports": [],
            "endpoint": "hillscarpal-db-dev.cbmtdkajuu0s.ap-southeast-2.rds.amazonaws.com:3306",
            "engine": "mysql",
            "engine_version": "5.7.33",
            "final_snapshot_identifier": "",
            "hosted_zone_id": "Z32T0VRHXEXS0V",
            "iam_database_authentication_enabled": false,
            "id": "hillscarpal-db-dev",
            "identifier": "hillscarpal-db-dev",
            "identifier_prefix": null,
            "instance_class": "db.t3.micro",
            "iops": 0,
            "kms_key_id": "arn:aws:kms:ap-southeast-2:201335468138:key/57f439e8-a156-4990-8e09-944fd52cbeed",
            "license_model": "general-public-license",
            "maintenance_window": "sat:19:00-sat:19:30",
            "max_allocated_storage": 0,
            "monitoring_interval": 0,
            "monitoring_role_arn": "",
            "multi_az": false,
            "name": "carpal",
            "option_group_name": "default:mysql-5-7",
            "parameter_group_name": "makedumpswork",
            "password": "foobarbaz",
            "performance_insights_enabled": false,
            "performance_insights_kms_key_id": "",
            "performance_insights_retention_period": 0,
            "port": 3306,
            "publicly_accessible": true,
            "replicas": [],
            "replicate_source_db": "",
            "resource_id": "db-F4C2IOGCBFONV5USIEJC6OQJLU",
            "s3_import": [],
            "security_group_names": [],
            "skip_final_snapshot": true,
            "snapshot_identifier": null,
            "status": "available",
            "storage_encrypted": true,
            "storage_type": "gp2",
            "tags": {},
            "timeouts": null,
            "timezone": "",
            "username": "foo",
            "vpc_security_group_ids": [
              "sg-00721aa4a6fedfd64"
            ]
          },
          "sensitive_attributes": [],
          "private": "eyJlMmJmYjczMC1lY2FhLTExZTYtOGY4OC0zNDM2M2JjN2M0YzAiOnsiY3JlYXRlIjoyNDAwMDAwMDAwMDAwLCJkZWxldGUiOjI0MDAwMDAwMDAwMDAsInVwZGF0ZSI6NDgwMDAwMDAwMDAwMH0sInNjaGVtYV92ZXJzaW9uIjoiMSJ9",
          "dependencies": [
            "aws_default_vpc.default_vpc",
            "module.dev_db.aws_security_group.db_security_group"
          ]
        }
      ]
    },
    {
      "module": "module.dev_db",
      "mode": "managed",
      "type": "aws_security_group",
      "name": "db_security_group",
      "provider": "provider[\"registry.terraform.io/hashicorp/aws\"]",
      "instances": [
        {
          "schema_version": 1,
          "attributes": {
            "arn": "arn:aws:ec2:ap-southeast-2:201335468138:security-group/sg-00721aa4a6fedfd64",
            "description": "RDS (terraform-managed) dev",
            "egress": [
              {
                "cidr_blocks": [
                  "0.0.0.0/0"
                ],
                "description": "",
                "from_port": 0,
                "ipv6_cidr_blocks": [],
                "prefix_list_ids": [],
                "protocol": "-1",
                "security_groups": [],
                "self": false,
                "to_port": 0
              }
            ],
            "id": "sg-00721aa4a6fedfd64",
            "ingress": [
              {
                "cidr_blocks": [
                  "172.31.0.0/16"
                ],
                "description": "",
                "from_port": 3306,
                "ipv6_cidr_blocks": [],
                "prefix_list_ids": [],
                "protocol": "tcp",
                "security_groups": [],
                "self": false,
                "to_port": 3306
              }
            ],
            "name": "dev-rds-sg",
            "name_prefix": null,
            "owner_id": "201335468138",
            "revoke_rules_on_delete": false,
            "tags": {},
            "timeouts": null,
            "vpc_id": "vpc-c5bc9da2"
          },
          "sensitive_attributes": [],
          "private": "eyJlMmJmYjczMC1lY2FhLTExZTYtOGY4OC0zNDM2M2JjN2M0YzAiOnsiY3JlYXRlIjo2MDAwMDAwMDAwMDAsImRlbGV0ZSI6NjAwMDAwMDAwMDAwfSwic2NoZW1hX3ZlcnNpb24iOiIxIn0=",
          "dependencies": [
            "aws_default_vpc.default_vpc"
          ]
        }
      ]
    },
    {
      "module": "module.prod",
      "mode": "data",
      "type": "aws_ami",
      "name": "amazon_linux_ecs",
      "provider": "provider[\"registry.terraform.io/hashicorp/aws\"]",
      "instances": [
        {
          "schema_version": 0,
          "attributes": {
            "architecture": "x86_64",
            "arn": "arn:aws:ec2:ap-southeast-2::image/ami-058aaa8fc87243469",
            "block_device_mappings": [
              {
                "device_name": "/dev/xvda",
                "ebs": {
                  "delete_on_termination": "true",
                  "encrypted": "false",
                  "iops": "0",
                  "snapshot_id": "snap-06abeaab33a883fd6",
                  "volume_size": "30",
                  "volume_type": "gp2"
                },
                "no_device": "",
                "virtual_name": ""
              }
            ],
            "creation_date": "2021-11-19T00:01:21.000Z",
            "description": "Amazon Linux AMI amzn-ami-2018.03.20211120 x86_64 ECS HVM GP2",
            "executable_users": null,
            "filter": [
              {
                "name": "name",
                "values": [
                  "amzn-ami-*-amazon-ecs-optimized"
                ]
              },
              {
                "name": "owner-alias",
                "values": [
                  "amazon"
                ]
              }
            ],
            "hypervisor": "xen",
            "id": "ami-058aaa8fc87243469",
            "image_id": "ami-058aaa8fc87243469",
            "image_location": "amazon/amzn-ami-2018.03.20211120-amazon-ecs-optimized",
            "image_owner_alias": "amazon",
            "image_type": "machine",
            "kernel_id": null,
            "most_recent": true,
            "name": "amzn-ami-2018.03.20211120-amazon-ecs-optimized",
            "name_regex": null,
            "owner_id": "591542846629",
            "owners": [
              "amazon"
            ],
            "platform": null,
            "product_codes": [],
            "public": true,
            "ramdisk_id": null,
            "root_device_name": "/dev/xvda",
            "root_device_type": "ebs",
            "root_snapshot_id": "snap-06abeaab33a883fd6",
            "sriov_net_support": "simple",
            "state": "available",
            "state_reason": {
              "code": "UNSET",
              "message": "UNSET"
            },
            "tags": {},
            "virtualization_type": "hvm"
          },
          "sensitive_attributes": []
        }
      ]
    },
    {
      "module": "module.prod",
      "mode": "data",
      "type": "aws_iam_policy_document",
      "name": "assume_role_policy_ec2",
      "provider": "provider[\"registry.terraform.io/hashicorp/aws\"]",
      "instances": [
        {
          "schema_version": 0,
          "attributes": {
            "id": "1903849331",
            "json": "{\n  \"Version\": \"2012-10-17\",\n  \"Statement\": [\n    {\n      \"Sid\": \"\",\n      \"Effect\": \"Allow\",\n      \"Action\": \"sts:AssumeRole\",\n      \"Principal\": {\n        \"Service\": \"ec2.amazonaws.com\"\n      }\n    }\n  ]\n}",
            "override_json": null,
            "policy_id": null,
            "source_json": null,
            "statement": [
              {
                "actions": [
                  "sts:AssumeRole"
                ],
                "condition": [],
                "effect": "Allow",
                "not_actions": [],
                "not_principals": [],
                "not_resources": [],
                "principals": [
                  {
                    "identifiers": [
                      "ec2.amazonaws.com"
                    ],
                    "type": "Service"
                  }
                ],
                "resources": [],
                "sid": ""
              }
            ],
            "version": "2012-10-17"
          },
          "sensitive_attributes": []
        }
      ]
    },
    {
      "module": "module.prod",
      "mode": "data",
      "type": "aws_iam_policy_document",
      "name": "daily_cron_sns_topic_policy",
      "provider": "provider[\"registry.terraform.io/hashicorp/aws\"]",
      "instances": [
        {
          "schema_version": 0,
          "attributes": {
            "id": "3026627498",
            "json": "{\n  \"Version\": \"2012-10-17\",\n  \"Statement\": [\n    {\n      \"Sid\": \"\",\n      \"Effect\": \"Allow\",\n      \"Action\": \"SNS:Publish\",\n      \"Resource\": \"arn:aws:sns:ap-southeast-2:201335468138:daily-cron-prod\",\n      \"Principal\": {\n        \"Service\": \"events.amazonaws.com\"\n      }\n    }\n  ]\n}",
            "override_json": null,
            "policy_id": null,
            "source_json": null,
            "statement": [
              {
                "actions": [
                  "SNS:Publish"
                ],
                "condition": [],
                "effect": "Allow",
                "not_actions": [],
                "not_principals": [],
                "not_resources": [],
                "principals": [
                  {
                    "identifiers": [
                      "events.amazonaws.com"
                    ],
                    "type": "Service"
                  }
                ],
                "resources": [
                  "arn:aws:sns:ap-southeast-2:201335468138:daily-cron-prod"
                ],
                "sid": ""
              }
            ],
            "version": "2012-10-17"
          },
          "sensitive_attributes": []
        }
      ]
    },
    {
      "module": "module.prod",
      "mode": "data",
      "type": "aws_iam_policy_document",
      "name": "get_access_to_secrets",
      "provider": "provider[\"registry.terraform.io/hashicorp/aws\"]",
      "instances": [
        {
          "schema_version": 0,
          "attributes": {
            "id": "548547432",
            "json": "{\n  \"Version\": \"2012-10-17\",\n  \"Statement\": [\n    {\n      \"Sid\": \"\",\n      \"Effect\": \"Allow\",\n      \"Action\": \"secretsmanager:GetSecretValue\",\n      \"Resource\": \"arn:aws:secretsmanager:ap-southeast-2:201335468138:secret:hills-carpal-secret-prod-PlVUN0\"\n    }\n  ]\n}",
            "override_json": null,
            "policy_id": null,
            "source_json": null,
            "statement": [
              {
                "actions": [
                  "secretsmanager:GetSecretValue"
                ],
                "condition": [],
                "effect": "Allow",
                "not_actions": [],
                "not_principals": [],
                "not_resources": [],
                "principals": [],
                "resources": [
                  "arn:aws:secretsmanager:ap-southeast-2:201335468138:secret:hills-carpal-secret-prod-PlVUN0"
                ],
                "sid": ""
              }
            ],
            "version": "2012-10-17"
          },
          "sensitive_attributes": []
        }
      ]
    },
    {
      "module": "module.prod",
      "mode": "data",
      "type": "aws_iam_policy_document",
      "name": "half_hourly_cron_sns_topic_policy",
      "provider": "provider[\"registry.terraform.io/hashicorp/aws\"]",
      "instances": [
        {
          "schema_version": 0,
          "attributes": {
            "id": "1075819173",
            "json": "{\n  \"Version\": \"2012-10-17\",\n  \"Statement\": [\n    {\n      \"Sid\": \"\",\n      \"Effect\": \"Allow\",\n      \"Action\": \"SNS:Publish\",\n      \"Resource\": \"arn:aws:sns:ap-southeast-2:201335468138:half-hourly-cron-prod\",\n      \"Principal\": {\n        \"Service\": \"events.amazonaws.com\"\n      }\n    }\n  ]\n}",
            "override_json": null,
            "policy_id": null,
            "source_json": null,
            "statement": [
              {
                "actions": [
                  "SNS:Publish"
                ],
                "condition": [],
                "effect": "Allow",
                "not_actions": [],
                "not_principals": [],
                "not_resources": [],
                "principals": [
                  {
                    "identifiers": [
                      "events.amazonaws.com"
                    ],
                    "type": "Service"
                  }
                ],
                "resources": [
                  "arn:aws:sns:ap-southeast-2:201335468138:half-hourly-cron-prod"
                ],
                "sid": ""
              }
            ],
            "version": "2012-10-17"
          },
          "sensitive_attributes": []
        }
      ]
    },
    {
      "module": "module.prod",
      "mode": "managed",
      "type": "aws_cloudwatch_event_rule",
      "name": "daily_cron",
      "provider": "provider[\"registry.terraform.io/hashicorp/aws\"]",
      "instances": [
        {
          "schema_version": 0,
          "attributes": {
            "arn": "arn:aws:events:ap-southeast-2:201335468138:rule/daily_cron-prod",
            "description": "Daily cron - happens every morning Sydney time",
            "event_pattern": null,
            "id": "daily_cron-prod",
            "is_enabled": true,
            "name": "daily_cron-prod",
            "name_prefix": null,
            "role_arn": "",
            "schedule_expression": "cron(0 22 * * ? *)",
            "tags": {}
          },
          "sensitive_attributes": [],
          "private": "bnVsbA=="
        }
      ]
    },
    {
      "module": "module.prod",
      "mode": "managed",
      "type": "aws_cloudwatch_event_rule",
      "name": "half_hourly_cron",
      "provider": "provider[\"registry.terraform.io/hashicorp/aws\"]",
      "instances": [
        {
          "schema_version": 0,
          "attributes": {
            "arn": "arn:aws:events:ap-southeast-2:201335468138:rule/half-hourly-cron-prod",
            "description": "Half-hourly cron",
            "event_pattern": null,
            "id": "half-hourly-cron-prod",
            "is_enabled": true,
            "name": "half-hourly-cron-prod",
            "name_prefix": null,
            "role_arn": "",
            "schedule_expression": "rate(30 minutes)",
            "tags": {}
          },
          "sensitive_attributes": [],
          "private": "bnVsbA=="
        }
      ]
    },
    {
      "module": "module.prod",
      "mode": "managed",
      "type": "aws_cloudwatch_event_target",
      "name": "daily_cron_sns",
      "provider": "provider[\"registry.terraform.io/hashicorp/aws\"]",
      "instances": [
        {
          "schema_version": 0,
          "attributes": {
            "arn": "arn:aws:sns:ap-southeast-2:201335468138:daily-cron-prod",
            "batch_target": [],
            "ecs_target": [],
            "id": "daily_cron-prod-SendToSNS",
            "input": "",
            "input_path": "",
            "input_transformer": [],
            "kinesis_target": [],
            "role_arn": "",
            "rule": "daily_cron-prod",
            "run_command_targets": [],
            "sqs_target": [],
            "target_id": "SendToSNS"
          },
          "sensitive_attributes": [],
          "private": "bnVsbA==",
          "dependencies": [
            "module.prod.aws_cloudwatch_event_rule.daily_cron",
            "module.prod.aws_sns_topic.daily_cron_sns_topic"
          ]
        }
      ]
    },
    {
      "module": "module.prod",
      "mode": "managed",
      "type": "aws_cloudwatch_event_target",
      "name": "half_hourly_cron_sns",
      "provider": "provider[\"registry.terraform.io/hashicorp/aws\"]",
      "instances": [
        {
          "schema_version": 0,
          "attributes": {
            "arn": "arn:aws:sns:ap-southeast-2:201335468138:half-hourly-cron-prod",
            "batch_target": [],
            "ecs_target": [],
            "id": "half-hourly-cron-prod-SendToSNS",
            "input": "",
            "input_path": "",
            "input_transformer": [],
            "kinesis_target": [],
            "role_arn": "",
            "rule": "half-hourly-cron-prod",
            "run_command_targets": [],
            "sqs_target": [],
            "target_id": "SendToSNS"
          },
          "sensitive_attributes": [],
          "private": "bnVsbA==",
          "dependencies": [
            "module.prod.aws_cloudwatch_event_rule.half_hourly_cron",
            "module.prod.aws_sns_topic.half_hourly_cron_sns_topic"
          ]
        }
      ]
    },
    {
      "module": "module.prod",
      "mode": "managed",
      "type": "aws_cloudwatch_log_group",
      "name": "awslogs-hills-carpal",
      "provider": "provider[\"registry.terraform.io/hashicorp/aws\"]",
      "instances": [
        {
          "schema_version": 0,
          "attributes": {
            "arn": "arn:aws:logs:ap-southeast-2:201335468138:log-group:awslogs-hills-carpal-prod:*",
            "id": "awslogs-hills-carpal-prod",
            "kms_key_id": "",
            "name": "awslogs-hills-carpal-prod",
            "name_prefix": null,
            "retention_in_days": 0,
            "tags": {}
          },
          "sensitive_attributes": [],
          "private": "bnVsbA=="
        }
      ]
    },
    {
      "module": "module.prod",
      "mode": "managed",
      "type": "aws_ecs_cluster",
      "name": "hills-carpal-cluster",
      "provider": "provider[\"registry.terraform.io/hashicorp/aws\"]",
      "instances": [
        {
          "schema_version": 0,
          "attributes": {
            "arn": "arn:aws:ecs:ap-southeast-2:201335468138:cluster/hills-carpal-cluster-prod",
            "capacity_providers": [],
            "default_capacity_provider_strategy": [],
            "id": "arn:aws:ecs:ap-southeast-2:201335468138:cluster/hills-carpal-cluster-prod",
            "name": "hills-carpal-cluster-prod",
            "setting": [],
            "tags": {}
          },
          "sensitive_attributes": [],
          "private": "bnVsbA=="
        }
      ]
    },
    {
      "module": "module.prod",
      "mode": "managed",
      "type": "aws_ecs_service",
      "name": "hills-carpal-service",
      "provider": "provider[\"registry.terraform.io/hashicorp/aws\"]",
      "instances": [
        {
          "schema_version": 0,
          "attributes": {
            "capacity_provider_strategy": [],
            "cluster": "arn:aws:ecs:ap-southeast-2:201335468138:cluster/hills-carpal-cluster-prod",
            "deployment_controller": [
              {
                "type": "ECS"
              }
            ],
            "deployment_maximum_percent": 200,
            "deployment_minimum_healthy_percent": 0,
            "desired_count": 1,
            "enable_ecs_managed_tags": false,
            "force_new_deployment": null,
            "health_check_grace_period_seconds": 0,
            "iam_role": "aws-service-role",
            "id": "arn:aws:ecs:ap-southeast-2:201335468138:service/hills-carpal-cluster-prod/hills-carpal-service-prod",
            "launch_type": "FARGATE",
            "load_balancer": [
              {
                "container_name": "hills-carpal-task-prod",
                "container_port": 3000,
                "elb_name": "",
                "target_group_arn": "arn:aws:elasticloadbalancing:ap-southeast-2:201335468138:targetgroup/target-group-prod/a2c1a2172214bb13"
              }
            ],
            "name": "hills-carpal-service-prod",
            "network_configuration": [
              {
                "assign_public_ip": true,
                "security_groups": [
                  "sg-039e87001c36bf0b4"
                ],
                "subnets": [
                  "subnet-67e8d22e",
                  "subnet-a0959cc7",
                  "subnet-f8cf74a0"
                ]
              }
            ],
            "ordered_placement_strategy": [],
            "placement_constraints": [],
            "placement_strategy": [],
            "platform_version": "LATEST",
            "propagate_tags": "NONE",
            "scheduling_strategy": "REPLICA",
            "service_registries": [],
            "tags": {},
            "task_definition": "arn:aws:ecs:ap-southeast-2:201335468138:task-definition/hills-carpal-task-prod:65",
            "timeouts": null
          },
          "sensitive_attributes": [],
          "private": "eyJlMmJmYjczMC1lY2FhLTExZTYtOGY4OC0zNDM2M2JjN2M0YzAiOnsiZGVsZXRlIjoxMjAwMDAwMDAwMDAwfX0=",
          "dependencies": [
            "aws_default_subnet.default_subnet_a",
            "aws_default_subnet.default_subnet_b",
            "aws_default_subnet.default_subnet_c",
            "aws_ecr_repository.hills-carpal-repo",
            "aws_iam_role.ecs_task_execution_role",
            "module.prod.aws_ecs_cluster.hills-carpal-cluster",
            "module.prod.aws_ecs_task_definition.hills-carpal-task",
            "module.prod.aws_lb_target_group.target_group",
            "module.prod.aws_secretsmanager_secret.hills-carpal-secret",
            "module.prod.aws_security_group.service_security_group",
            "module.prod_db.aws_db_instance.hills-carpal-db"
          ]
        }
      ]
    },
    {
      "module": "module.prod",
      "mode": "managed",
      "type": "aws_ecs_task_definition",
      "name": "hills-carpal-task",
      "provider": "provider[\"registry.terraform.io/hashicorp/aws\"]",
      "instances": [
        {
          "schema_version": 1,
          "attributes": {
            "arn": "arn:aws:ecs:ap-southeast-2:201335468138:task-definition/hills-carpal-task-prod:65",
            "container_definitions": "[{\"cpu\":10,\"environment\":[{\"name\":\"BACKUP_GOOGLE_SHEET_ID\",\"value\":\"1MFfENxjTsva5NZbzi9ArF2JS9NHv4ZxfkA0IJzhp8rM\"},{\"name\":\"ENVIRONMENT_NAME\",\"value\":\"Production\"},{\"name\":\"EXTERNAL_URL\",\"value\":\"https://ride.carpal.org.au\"},{\"name\":\"GOOGLE_SERVICE_ACCOUNT_EMAIL\",\"value\":\"hillscarpalsheets@hills-carpal.iam.gserviceaccount.com\"},{\"name\":\"MYSQL_HOST\",\"value\":\"hillscarpal-db-prod.cbmtdkajuu0s.ap-southeast-2.rds.amazonaws.com\"},{\"name\":\"MYSQL_PORT\",\"value\":\"3306\"},{\"name\":\"MYSQL_USE_SSL\",\"value\":\"TRUE\"},{\"name\":\"REQUIRE_USER_ROLE\",\"value\":\"prod\"}],\"essential\":true,\"image\":\"201335468138.dkr.ecr.ap-southeast-2.amazonaws.com/hills-carpal-repo:ad5058328d59ee40e0f318fa668dca207a51ed2d\",\"logConfiguration\":{\"logDriver\":\"awslogs\",\"options\":{\"awslogs-group\":\"awslogs-hills-carpal-prod\",\"awslogs-region\":\"ap-southeast-2\",\"awslogs-stream-prefix\":\"hills-carpal-prod\"}},\"memory\":256,\"mountPoints\":[],\"name\":\"hills-carpal-task-prod\",\"portMappings\":[{\"containerPort\":3000,\"hostPort\":3000,\"protocol\":\"tcp\"}],\"secrets\":[{\"name\":\"MYSQL_PW\",\"valueFrom\":\"arn:aws:secretsmanager:ap-southeast-2:201335468138:secret:hills-carpal-secret-prod-PlVUN0:MYSQL_PW::\"},{\"name\":\"MYSQL_USER\",\"valueFrom\":\"arn:aws:secretsmanager:ap-southeast-2:201335468138:secret:hills-carpal-secret-prod-PlVUN0:MYSQL_USER::\"},{\"name\":\"AUTH0_CLIENT_SECRET\",\"valueFrom\":\"arn:aws:secretsmanager:ap-southeast-2:201335468138:secret:hills-carpal-secret-prod-PlVUN0:AUTH0_CLIENT_SECRET::\"},{\"name\":\"SMTP_USERNAME\",\"valueFrom\":\"arn:aws:secretsmanager:ap-southeast-2:201335468138:secret:hills-carpal-secret-prod-PlVUN0:SMTP_USERNAME::\"},{\"name\":\"SMTP_PASSWORD\",\"valueFrom\":\"arn:aws:secretsmanager:ap-southeast-2:201335468138:secret:hills-carpal-secret-prod-PlVUN0:SMTP_PASSWORD::\"},{\"name\":\"GOOGLE_PRIVATE_KEY\",\"valueFrom\":\"arn:aws:secretsmanager:ap-southeast-2:201335468138:secret:hills-carpal-secret-prod-PlVUN0:GOOGLE_PRIVATE_KEY::\"},{\"name\":\"SURVEY_GOOGLE_SHEET_ID\",\"valueFrom\":\"arn:aws:secretsmanager:ap-southeast-2:201335468138:secret:hills-carpal-secret-prod-PlVUN0:SURVEY_GOOGLE_SHEET_ID::\"}],\"volumesFrom\":[]}]",
            "cpu": "256",
            "execution_role_arn": "arn:aws:iam::201335468138:role/ecs_task_execution_role",
            "family": "hills-carpal-task-prod",
            "id": "hills-carpal-task-prod",
            "inference_accelerator": [],
            "ipc_mode": "",
            "memory": "512",
            "network_mode": "awsvpc",
            "pid_mode": "",
            "placement_constraints": [],
            "proxy_configuration": [],
            "requires_compatibilities": [
              "FARGATE"
            ],
            "revision": 65,
            "tags": null,
            "task_role_arn": "",
            "volume": []
          },
          "sensitive_attributes": [],
          "private": "eyJzY2hlbWFfdmVyc2lvbiI6IjEifQ==",
          "dependencies": [
            "aws_ecr_repository.hills-carpal-repo",
            "aws_iam_role.ecs_task_execution_role",
            "module.prod.aws_secretsmanager_secret.hills-carpal-secret",
            "module.prod_db.aws_db_instance.hills-carpal-db"
          ]
        }
      ]
    },
    {
      "module": "module.prod",
      "mode": "managed",
      "type": "aws_iam_instance_profile",
      "name": "ecsInstanceProfile",
      "provider": "provider[\"registry.terraform.io/hashicorp/aws\"]",
      "instances": [
        {
          "schema_version": 0,
          "attributes": {
            "arn": "arn:aws:iam::201335468138:instance-profile/ecs-instance-profile-prod",
            "create_date": "2021-04-02T09:57:46Z",
            "id": "ecs-instance-profile-prod",
            "name": "ecs-instance-profile-prod",
            "name_prefix": null,
            "path": "/",
            "role": "ecsInstanceRole-prod",
            "roles": [
              "ecsInstanceRole-prod"
            ],
            "unique_id": "AIPAS5YEHOBVGJAJPQKMI"
          },
          "sensitive_attributes": [],
          "private": "bnVsbA==",
          "dependencies": [
            "module.prod.aws_iam_role.ecsInstanceRole",
            "module.prod.data.aws_iam_policy_document.assume_role_policy_ec2"
          ]
        }
      ]
    },
    {
      "module": "module.prod",
      "mode": "managed",
      "type": "aws_iam_policy",
      "name": "get_access_to_secrets",
      "provider": "provider[\"registry.terraform.io/hashicorp/aws\"]",
      "instances": [
        {
          "schema_version": 0,
          "attributes": {
            "arn": "arn:aws:iam::201335468138:policy/get-access-to-secrets-prod",
            "description": "",
            "id": "arn:aws:iam::201335468138:policy/get-access-to-secrets-prod",
            "name": "get-access-to-secrets-prod",
            "name_prefix": null,
            "path": "/",
            "policy": "{\n  \"Version\": \"2012-10-17\",\n  \"Statement\": [\n    {\n      \"Sid\": \"\",\n      \"Effect\": \"Allow\",\n      \"Action\": \"secretsmanager:GetSecretValue\",\n      \"Resource\": \"arn:aws:secretsmanager:ap-southeast-2:201335468138:secret:hills-carpal-secret-prod-PlVUN0\"\n    }\n  ]\n}"
          },
          "sensitive_attributes": [],
          "private": "bnVsbA==",
          "dependencies": [
            "module.prod.aws_secretsmanager_secret.hills-carpal-secret",
            "module.prod.data.aws_iam_policy_document.get_access_to_secrets"
          ]
        }
      ]
    },
    {
      "module": "module.prod",
      "mode": "managed",
      "type": "aws_iam_role",
      "name": "ecsInstanceRole",
      "provider": "provider[\"registry.terraform.io/hashicorp/aws\"]",
      "instances": [
        {
          "schema_version": 0,
          "attributes": {
            "arn": "arn:aws:iam::201335468138:role/ecsInstanceRole-prod",
            "assume_role_policy": "{\"Version\":\"2012-10-17\",\"Statement\":[{\"Sid\":\"\",\"Effect\":\"Allow\",\"Principal\":{\"Service\":\"ec2.amazonaws.com\"},\"Action\":\"sts:AssumeRole\"}]}",
            "create_date": "2021-04-02T09:57:42Z",
            "description": "",
            "force_detach_policies": false,
            "id": "ecsInstanceRole-prod",
            "max_session_duration": 3600,
            "name": "ecsInstanceRole-prod",
            "name_prefix": null,
            "path": "/",
            "permissions_boundary": null,
            "tags": {},
            "unique_id": "AROAS5YEHOBVHYJQ3UCGB"
          },
          "sensitive_attributes": [],
          "private": "bnVsbA==",
          "dependencies": [
            "module.prod.data.aws_iam_policy_document.assume_role_policy_ec2"
          ]
        }
      ]
    },
    {
      "module": "module.prod",
      "mode": "managed",
      "type": "aws_iam_role_policy_attachment",
      "name": "attach-ec2-container-service",
      "provider": "provider[\"registry.terraform.io/hashicorp/aws\"]",
      "instances": [
        {
          "schema_version": 0,
          "attributes": {
            "id": "ecsInstanceRole-prod-20210402095746241100000001",
            "policy_arn": "arn:aws:iam::aws:policy/service-role/AmazonEC2ContainerServiceforEC2Role",
            "role": "ecsInstanceRole-prod"
          },
          "sensitive_attributes": [],
          "private": "bnVsbA==",
          "dependencies": [
            "module.prod.aws_iam_role.ecsInstanceRole",
            "module.prod.data.aws_iam_policy_document.assume_role_policy_ec2"
          ]
        }
      ]
    },
    {
      "module": "module.prod",
      "mode": "managed",
      "type": "aws_iam_role_policy_attachment",
      "name": "test-attach",
      "provider": "provider[\"registry.terraform.io/hashicorp/aws\"]",
      "instances": [
        {
          "schema_version": 0,
          "attributes": {
            "id": "ecs_task_execution_role-20210402101422030200000004",
            "policy_arn": "arn:aws:iam::201335468138:policy/get-access-to-secrets-prod",
            "role": "ecs_task_execution_role"
          },
          "sensitive_attributes": [],
          "private": "bnVsbA==",
          "dependencies": [
            "aws_iam_role.ecs_task_execution_role",
            "data.aws_iam_policy_document.assume_role_policy",
            "module.prod.aws_iam_policy.get_access_to_secrets",
            "module.prod.aws_secretsmanager_secret.hills-carpal-secret",
            "module.prod.data.aws_iam_policy_document.get_access_to_secrets"
          ]
        }
      ]
    },
    {
      "module": "module.prod",
      "mode": "managed",
      "type": "aws_lb_listener",
      "name": "listener",
      "provider": "provider[\"registry.terraform.io/hashicorp/aws\"]",
      "instances": [
        {
          "schema_version": 0,
          "attributes": {
            "arn": "arn:aws:elasticloadbalancing:ap-southeast-2:201335468138:listener/app/hills-carpal-prod-lb-tf/53844ca3f397aaf4/a247fd4423136b0d",
            "certificate_arn": null,
            "default_action": [
              {
                "authenticate_cognito": [],
                "authenticate_oidc": [],
                "fixed_response": [],
                "forward": [],
                "order": 1,
                "redirect": [],
                "target_group_arn": "arn:aws:elasticloadbalancing:ap-southeast-2:201335468138:targetgroup/target-group-prod/a2c1a2172214bb13",
                "type": "forward"
              }
            ],
            "id": "arn:aws:elasticloadbalancing:ap-southeast-2:201335468138:listener/app/hills-carpal-prod-lb-tf/53844ca3f397aaf4/a247fd4423136b0d",
            "load_balancer_arn": "arn:aws:elasticloadbalancing:ap-southeast-2:201335468138:loadbalancer/app/hills-carpal-prod-lb-tf/53844ca3f397aaf4",
            "port": 80,
            "protocol": "HTTP",
            "ssl_policy": "",
            "timeouts": null
          },
          "sensitive_attributes": [],
          "private": "eyJlMmJmYjczMC1lY2FhLTExZTYtOGY4OC0zNDM2M2JjN2M0YzAiOnsicmVhZCI6NjAwMDAwMDAwMDAwfX0=",
          "dependencies": [
            "aws_alb.application_load_balancer",
            "aws_default_subnet.default_subnet_a",
            "aws_default_subnet.default_subnet_b",
            "aws_default_subnet.default_subnet_c",
            "aws_default_vpc.default_vpc",
            "aws_security_group.load_balancer_security_group",
            "module.prod.aws_lb_target_group.target_group"
          ]
        }
      ]
    },
    {
      "module": "module.prod",
      "mode": "managed",
      "type": "aws_lb_target_group",
      "name": "target_group",
      "provider": "provider[\"registry.terraform.io/hashicorp/aws\"]",
      "instances": [
        {
          "schema_version": 0,
          "attributes": {
            "arn": "arn:aws:elasticloadbalancing:ap-southeast-2:201335468138:targetgroup/target-group-prod/a2c1a2172214bb13",
            "arn_suffix": "targetgroup/target-group-prod/a2c1a2172214bb13",
            "deregistration_delay": 300,
            "health_check": [
              {
                "enabled": true,
                "healthy_threshold": 2,
                "interval": 30,
                "matcher": "200,301,302",
                "path": "/",
                "port": "traffic-port",
                "protocol": "HTTP",
                "timeout": 5,
                "unhealthy_threshold": 6
              }
            ],
            "id": "arn:aws:elasticloadbalancing:ap-southeast-2:201335468138:targetgroup/target-group-prod/a2c1a2172214bb13",
            "lambda_multi_value_headers_enabled": false,
            "load_balancing_algorithm_type": "round_robin",
            "name": "target-group-prod",
            "name_prefix": null,
            "port": 80,
            "protocol": "HTTP",
            "proxy_protocol_v2": false,
            "slow_start": 0,
            "stickiness": [
              {
                "cookie_duration": 86400,
                "enabled": false,
                "type": "lb_cookie"
              }
            ],
            "tags": {},
            "target_type": "ip",
            "vpc_id": "vpc-c5bc9da2"
          },
          "sensitive_attributes": [],
          "private": "bnVsbA==",
          "dependencies": [
            "aws_default_vpc.default_vpc"
          ]
        }
      ]
    },
    {
      "module": "module.prod",
      "mode": "managed",
      "type": "aws_secretsmanager_secret",
      "name": "hills-carpal-secret",
      "provider": "provider[\"registry.terraform.io/hashicorp/aws\"]",
      "instances": [
        {
          "schema_version": 0,
          "attributes": {
            "arn": "arn:aws:secretsmanager:ap-southeast-2:201335468138:secret:hills-carpal-secret-prod-PlVUN0",
            "description": "",
            "id": "arn:aws:secretsmanager:ap-southeast-2:201335468138:secret:hills-carpal-secret-prod-PlVUN0",
            "kms_key_id": "",
            "name": "hills-carpal-secret-prod",
            "name_prefix": null,
            "policy": null,
            "recovery_window_in_days": 30,
            "rotation_enabled": false,
            "rotation_lambda_arn": "",
            "rotation_rules": [],
            "tags": {}
          },
          "sensitive_attributes": [],
          "private": "bnVsbA=="
        }
      ]
    },
    {
      "module": "module.prod",
      "mode": "managed",
      "type": "aws_security_group",
      "name": "service_security_group",
      "provider": "provider[\"registry.terraform.io/hashicorp/aws\"]",
      "instances": [
        {
          "schema_version": 1,
          "attributes": {
            "arn": "arn:aws:ec2:ap-southeast-2:201335468138:security-group/sg-039e87001c36bf0b4",
            "description": "Managed by Terraform",
            "egress": [
              {
                "cidr_blocks": [
                  "0.0.0.0/0"
                ],
                "description": "",
                "from_port": 0,
                "ipv6_cidr_blocks": [],
                "prefix_list_ids": [],
                "protocol": "-1",
                "security_groups": [],
                "self": false,
                "to_port": 0
              }
            ],
            "id": "sg-039e87001c36bf0b4",
            "ingress": [
              {
                "cidr_blocks": [],
                "description": "",
                "from_port": 0,
                "ipv6_cidr_blocks": [],
                "prefix_list_ids": [],
                "protocol": "-1",
                "security_groups": [
                  "sg-0f9f14db415cc5ef9"
                ],
                "self": false,
                "to_port": 0
              }
            ],
            "name": "terraform-20210331115119687400000001",
            "name_prefix": null,
            "owner_id": "201335468138",
            "revoke_rules_on_delete": false,
            "tags": {},
            "timeouts": null,
            "vpc_id": "vpc-c5bc9da2"
          },
          "sensitive_attributes": [],
          "private": "eyJlMmJmYjczMC1lY2FhLTExZTYtOGY4OC0zNDM2M2JjN2M0YzAiOnsiY3JlYXRlIjo2MDAwMDAwMDAwMDAsImRlbGV0ZSI6NjAwMDAwMDAwMDAwfSwic2NoZW1hX3ZlcnNpb24iOiIxIn0=",
          "dependencies": [
            "aws_security_group.load_balancer_security_group"
          ]
        }
      ]
    },
    {
      "module": "module.prod",
      "mode": "managed",
      "type": "aws_sns_topic",
      "name": "daily_cron_sns_topic",
      "provider": "provider[\"registry.terraform.io/hashicorp/aws\"]",
      "instances": [
        {
          "schema_version": 0,
          "attributes": {
            "application_failure_feedback_role_arn": "",
            "application_success_feedback_role_arn": "",
            "application_success_feedback_sample_rate": null,
            "arn": "arn:aws:sns:ap-southeast-2:201335468138:daily-cron-prod",
            "delivery_policy": "",
            "display_name": "",
            "http_failure_feedback_role_arn": "",
            "http_success_feedback_role_arn": "",
            "http_success_feedback_sample_rate": null,
            "id": "arn:aws:sns:ap-southeast-2:201335468138:daily-cron-prod",
            "kms_master_key_id": "",
            "lambda_failure_feedback_role_arn": "",
            "lambda_success_feedback_role_arn": "",
            "lambda_success_feedback_sample_rate": null,
            "name": "daily-cron-prod",
            "name_prefix": null,
            "policy": "{\"Version\":\"2012-10-17\",\"Statement\":[{\"Sid\":\"\",\"Effect\":\"Allow\",\"Principal\":{\"Service\":\"events.amazonaws.com\"},\"Action\":\"SNS:Publish\",\"Resource\":\"arn:aws:sns:ap-southeast-2:201335468138:daily-cron-prod\"}]}",
            "sqs_failure_feedback_role_arn": "",
            "sqs_success_feedback_role_arn": "",
            "sqs_success_feedback_sample_rate": null,
            "tags": {}
          },
          "sensitive_attributes": [],
          "private": "bnVsbA=="
        }
      ]
    },
    {
      "module": "module.prod",
      "mode": "managed",
      "type": "aws_sns_topic",
      "name": "half_hourly_cron_sns_topic",
      "provider": "provider[\"registry.terraform.io/hashicorp/aws\"]",
      "instances": [
        {
          "schema_version": 0,
          "attributes": {
            "application_failure_feedback_role_arn": "",
            "application_success_feedback_role_arn": "",
            "application_success_feedback_sample_rate": null,
            "arn": "arn:aws:sns:ap-southeast-2:201335468138:half-hourly-cron-prod",
            "delivery_policy": "",
            "display_name": "",
            "http_failure_feedback_role_arn": "",
            "http_success_feedback_role_arn": "",
            "http_success_feedback_sample_rate": null,
            "id": "arn:aws:sns:ap-southeast-2:201335468138:half-hourly-cron-prod",
            "kms_master_key_id": "",
            "lambda_failure_feedback_role_arn": "",
            "lambda_success_feedback_role_arn": "",
            "lambda_success_feedback_sample_rate": null,
            "name": "half-hourly-cron-prod",
            "name_prefix": null,
            "policy": "{\"Version\":\"2012-10-17\",\"Statement\":[{\"Sid\":\"\",\"Effect\":\"Allow\",\"Principal\":{\"Service\":\"events.amazonaws.com\"},\"Action\":\"SNS:Publish\",\"Resource\":\"arn:aws:sns:ap-southeast-2:201335468138:half-hourly-cron-prod\"}]}",
            "sqs_failure_feedback_role_arn": "",
            "sqs_success_feedback_role_arn": "",
            "sqs_success_feedback_sample_rate": null,
            "tags": {}
          },
          "sensitive_attributes": [],
          "private": "bnVsbA=="
        }
      ]
    },
    {
      "module": "module.prod",
      "mode": "managed",
      "type": "aws_sns_topic_policy",
      "name": "daily_cron_sns_topic_policy",
      "provider": "provider[\"registry.terraform.io/hashicorp/aws\"]",
      "instances": [
        {
          "schema_version": 0,
          "attributes": {
            "arn": "arn:aws:sns:ap-southeast-2:201335468138:daily-cron-prod",
            "id": "arn:aws:sns:ap-southeast-2:201335468138:daily-cron-prod",
            "policy": "{\"Version\":\"2012-10-17\",\"Statement\":[{\"Sid\":\"\",\"Effect\":\"Allow\",\"Principal\":{\"Service\":\"events.amazonaws.com\"},\"Action\":\"SNS:Publish\",\"Resource\":\"arn:aws:sns:ap-southeast-2:201335468138:daily-cron-prod\"}]}"
          },
          "sensitive_attributes": [],
          "private": "bnVsbA==",
          "dependencies": [
            "module.prod.aws_sns_topic.daily_cron_sns_topic",
            "module.prod.data.aws_iam_policy_document.daily_cron_sns_topic_policy"
          ]
        }
      ]
    },
    {
      "module": "module.prod",
      "mode": "managed",
      "type": "aws_sns_topic_policy",
      "name": "half_hourly_cron_sns_topic_policy",
      "provider": "provider[\"registry.terraform.io/hashicorp/aws\"]",
      "instances": [
        {
          "schema_version": 0,
          "attributes": {
            "arn": "arn:aws:sns:ap-southeast-2:201335468138:half-hourly-cron-prod",
            "id": "arn:aws:sns:ap-southeast-2:201335468138:half-hourly-cron-prod",
            "policy": "{\"Version\":\"2012-10-17\",\"Statement\":[{\"Sid\":\"\",\"Effect\":\"Allow\",\"Principal\":{\"Service\":\"events.amazonaws.com\"},\"Action\":\"SNS:Publish\",\"Resource\":\"arn:aws:sns:ap-southeast-2:201335468138:half-hourly-cron-prod\"}]}"
          },
          "sensitive_attributes": [],
          "private": "bnVsbA==",
          "dependencies": [
            "module.prod.aws_sns_topic.half_hourly_cron_sns_topic",
            "module.prod.data.aws_iam_policy_document.half_hourly_cron_sns_topic_policy"
          ]
        }
      ]
    },
    {
      "module": "module.prod",
      "mode": "managed",
      "type": "aws_sns_topic_subscription",
      "name": "daily_cron_sns_target",
      "provider": "provider[\"registry.terraform.io/hashicorp/aws\"]",
      "instances": [
        {
          "schema_version": 0,
          "attributes": {
            "arn": "arn:aws:sns:ap-southeast-2:201335468138:daily-cron-prod:47f360a0-3163-4e7d-8370-6b98f162603f",
            "confirmation_timeout_in_minutes": 1,
            "delivery_policy": "",
            "endpoint": "https://ride.carpal.org.au/api/send-reminders",
            "endpoint_auto_confirms": true,
            "filter_policy": "",
            "id": "arn:aws:sns:ap-southeast-2:201335468138:daily-cron-prod:47f360a0-3163-4e7d-8370-6b98f162603f",
            "protocol": "https",
            "raw_message_delivery": false,
            "topic_arn": "arn:aws:sns:ap-southeast-2:201335468138:daily-cron-prod"
          },
          "sensitive_attributes": [],
          "private": "bnVsbA==",
          "dependencies": [
            "module.prod.aws_sns_topic.daily_cron_sns_topic"
          ]
        }
      ]
    },
    {
      "module": "module.prod_db",
      "mode": "managed",
      "type": "aws_db_instance",
      "name": "hills-carpal-db",
      "provider": "provider[\"registry.terraform.io/hashicorp/aws\"]",
      "instances": [
        {
          "schema_version": 1,
          "attributes": {
            "address": "hillscarpal-db-prod.cbmtdkajuu0s.ap-southeast-2.rds.amazonaws.com",
            "allocated_storage": 20,
            "allow_major_version_upgrade": null,
            "apply_immediately": true,
            "arn": "arn:aws:rds:ap-southeast-2:201335468138:db:hillscarpal-db-prod",
            "auto_minor_version_upgrade": true,
            "availability_zone": "ap-southeast-2c",
            "backup_retention_period": 3,
            "backup_window": "15:25-15:55",
            "ca_cert_identifier": "rds-ca-2019",
            "character_set_name": null,
            "copy_tags_to_snapshot": false,
            "db_subnet_group_name": "default",
            "delete_automated_backups": true,
            "deletion_protection": true,
            "domain": "",
            "domain_iam_role_name": "",
            "enabled_cloudwatch_logs_exports": [],
            "endpoint": "hillscarpal-db-prod.cbmtdkajuu0s.ap-southeast-2.rds.amazonaws.com:3306",
            "engine": "mysql",
            "engine_version": "5.7.33",
            "final_snapshot_identifier": null,
            "hosted_zone_id": "Z32T0VRHXEXS0V",
            "iam_database_authentication_enabled": false,
            "id": "hillscarpal-db-prod",
            "identifier": "hillscarpal-db-prod",
            "identifier_prefix": null,
            "instance_class": "db.t3.micro",
            "iops": 0,
            "kms_key_id": "arn:aws:kms:ap-southeast-2:201335468138:key/57f439e8-a156-4990-8e09-944fd52cbeed",
            "license_model": "general-public-license",
            "maintenance_window": "sat:12:27-sat:12:57",
            "max_allocated_storage": 0,
            "monitoring_interval": 0,
            "monitoring_role_arn": "",
            "multi_az": false,
            "name": "carpal",
            "option_group_name": "default:mysql-5-7",
            "parameter_group_name": "makedumpswork",
            "password": "foobarbaz",
            "performance_insights_enabled": false,
            "performance_insights_kms_key_id": "",
            "performance_insights_retention_period": 0,
            "port": 3306,
            "publicly_accessible": true,
            "replicas": [],
            "replicate_source_db": "",
            "resource_id": "db-HNZWJJUZLOA5E5JIJNVPRLFPJ4",
            "s3_import": [],
            "security_group_names": [],
            "skip_final_snapshot": true,
            "snapshot_identifier": null,
            "status": "available",
            "storage_encrypted": true,
            "storage_type": "gp2",
            "tags": {},
            "timeouts": null,
            "timezone": "",
            "username": "foo",
            "vpc_security_group_ids": [
              "sg-06dd5ebc5b29dd529"
            ]
          },
          "sensitive_attributes": [],
          "private": "eyJlMmJmYjczMC1lY2FhLTExZTYtOGY4OC0zNDM2M2JjN2M0YzAiOnsiY3JlYXRlIjoyNDAwMDAwMDAwMDAwLCJkZWxldGUiOjI0MDAwMDAwMDAwMDAsInVwZGF0ZSI6NDgwMDAwMDAwMDAwMH0sInNjaGVtYV92ZXJzaW9uIjoiMSJ9",
          "dependencies": [
            "aws_default_vpc.default_vpc",
            "module.prod_db.aws_security_group.db_security_group"
          ]
        }
      ]
    },
    {
      "module": "module.prod_db",
      "mode": "managed",
      "type": "aws_security_group",
      "name": "db_security_group",
      "provider": "provider[\"registry.terraform.io/hashicorp/aws\"]",
      "instances": [
        {
          "schema_version": 1,
          "attributes": {
            "arn": "arn:aws:ec2:ap-southeast-2:201335468138:security-group/sg-06dd5ebc5b29dd529",
            "description": "RDS (terraform-managed) prod",
            "egress": [
              {
                "cidr_blocks": [
                  "0.0.0.0/0"
                ],
                "description": "",
                "from_port": 0,
                "ipv6_cidr_blocks": [],
                "prefix_list_ids": [],
                "protocol": "-1",
                "security_groups": [],
                "self": false,
                "to_port": 0
              }
            ],
            "id": "sg-06dd5ebc5b29dd529",
            "ingress": [
              {
                "cidr_blocks": [
                  "172.31.0.0/16"
                ],
                "description": "",
                "from_port": 3306,
                "ipv6_cidr_blocks": [],
                "prefix_list_ids": [],
                "protocol": "tcp",
                "security_groups": [],
                "self": false,
                "to_port": 3306
              }
            ],
            "name": "terraform-20210826131145804600000001",
            "name_prefix": null,
            "owner_id": "201335468138",
            "revoke_rules_on_delete": false,
            "tags": {},
            "timeouts": null,
            "vpc_id": "vpc-c5bc9da2"
          },
          "sensitive_attributes": [],
          "private": "eyJlMmJmYjczMC1lY2FhLTExZTYtOGY4OC0zNDM2M2JjN2M0YzAiOnsiY3JlYXRlIjo2MDAwMDAwMDAwMDAsImRlbGV0ZSI6NjAwMDAwMDAwMDAwfSwic2NoZW1hX3ZlcnNpb24iOiIxIn0=",
          "dependencies": [
            "aws_default_vpc.default_vpc"
          ]
        }
      ]
    },
    {
      "module": "module.training",
      "mode": "data",
      "type": "aws_ami",
      "name": "amazon_linux_ecs",
      "provider": "provider[\"registry.terraform.io/hashicorp/aws\"]",
      "instances": [
        {
          "schema_version": 0,
          "attributes": {
            "architecture": "x86_64",
            "arn": "arn:aws:ec2:ap-southeast-2::image/ami-058aaa8fc87243469",
            "block_device_mappings": [
              {
                "device_name": "/dev/xvda",
                "ebs": {
                  "delete_on_termination": "true",
                  "encrypted": "false",
                  "iops": "0",
                  "snapshot_id": "snap-06abeaab33a883fd6",
                  "volume_size": "30",
                  "volume_type": "gp2"
                },
                "no_device": "",
                "virtual_name": ""
              }
            ],
            "creation_date": "2021-11-19T00:01:21.000Z",
            "description": "Amazon Linux AMI amzn-ami-2018.03.20211120 x86_64 ECS HVM GP2",
            "executable_users": null,
            "filter": [
              {
                "name": "name",
                "values": [
                  "amzn-ami-*-amazon-ecs-optimized"
                ]
              },
              {
                "name": "owner-alias",
                "values": [
                  "amazon"
                ]
              }
            ],
            "hypervisor": "xen",
            "id": "ami-058aaa8fc87243469",
            "image_id": "ami-058aaa8fc87243469",
            "image_location": "amazon/amzn-ami-2018.03.20211120-amazon-ecs-optimized",
            "image_owner_alias": "amazon",
            "image_type": "machine",
            "kernel_id": null,
            "most_recent": true,
            "name": "amzn-ami-2018.03.20211120-amazon-ecs-optimized",
            "name_regex": null,
            "owner_id": "591542846629",
            "owners": [
              "amazon"
            ],
            "platform": null,
            "product_codes": [],
            "public": true,
            "ramdisk_id": null,
            "root_device_name": "/dev/xvda",
            "root_device_type": "ebs",
            "root_snapshot_id": "snap-06abeaab33a883fd6",
            "sriov_net_support": "simple",
            "state": "available",
            "state_reason": {
              "code": "UNSET",
              "message": "UNSET"
            },
            "tags": {},
            "virtualization_type": "hvm"
          },
          "sensitive_attributes": []
        }
      ]
    },
    {
      "module": "module.training",
      "mode": "data",
      "type": "aws_iam_policy_document",
      "name": "assume_role_policy_ec2",
      "provider": "provider[\"registry.terraform.io/hashicorp/aws\"]",
      "instances": [
        {
          "schema_version": 0,
          "attributes": {
            "id": "1903849331",
            "json": "{\n  \"Version\": \"2012-10-17\",\n  \"Statement\": [\n    {\n      \"Sid\": \"\",\n      \"Effect\": \"Allow\",\n      \"Action\": \"sts:AssumeRole\",\n      \"Principal\": {\n        \"Service\": \"ec2.amazonaws.com\"\n      }\n    }\n  ]\n}",
            "override_json": null,
            "policy_id": null,
            "source_json": null,
            "statement": [
              {
                "actions": [
                  "sts:AssumeRole"
                ],
                "condition": [],
                "effect": "Allow",
                "not_actions": [],
                "not_principals": [],
                "not_resources": [],
                "principals": [
                  {
                    "identifiers": [
                      "ec2.amazonaws.com"
                    ],
                    "type": "Service"
                  }
                ],
                "resources": [],
                "sid": ""
              }
            ],
            "version": "2012-10-17"
          },
          "sensitive_attributes": []
        }
      ]
    },
    {
      "module": "module.training",
      "mode": "data",
      "type": "aws_iam_policy_document",
      "name": "daily_cron_sns_topic_policy",
      "provider": "provider[\"registry.terraform.io/hashicorp/aws\"]",
      "instances": [
        {
          "schema_version": 0,
          "attributes": {
            "id": "29829108",
            "json": "{\n  \"Version\": \"2012-10-17\",\n  \"Statement\": [\n    {\n      \"Sid\": \"\",\n      \"Effect\": \"Allow\",\n      \"Action\": \"SNS:Publish\",\n      \"Resource\": \"arn:aws:sns:ap-southeast-2:201335468138:daily-cron-training\",\n      \"Principal\": {\n        \"Service\": \"events.amazonaws.com\"\n      }\n    }\n  ]\n}",
            "override_json": null,
            "policy_id": null,
            "source_json": null,
            "statement": [
              {
                "actions": [
                  "SNS:Publish"
                ],
                "condition": [],
                "effect": "Allow",
                "not_actions": [],
                "not_principals": [],
                "not_resources": [],
                "principals": [
                  {
                    "identifiers": [
                      "events.amazonaws.com"
                    ],
                    "type": "Service"
                  }
                ],
                "resources": [
                  "arn:aws:sns:ap-southeast-2:201335468138:daily-cron-training"
                ],
                "sid": ""
              }
            ],
            "version": "2012-10-17"
          },
          "sensitive_attributes": []
        }
      ]
    },
    {
      "module": "module.training",
      "mode": "data",
      "type": "aws_iam_policy_document",
      "name": "get_access_to_secrets",
      "provider": "provider[\"registry.terraform.io/hashicorp/aws\"]",
      "instances": [
        {
          "schema_version": 0,
          "attributes": {
            "id": "4222520412",
            "json": "{\n  \"Version\": \"2012-10-17\",\n  \"Statement\": [\n    {\n      \"Sid\": \"\",\n      \"Effect\": \"Allow\",\n      \"Action\": \"secretsmanager:GetSecretValue\",\n      \"Resource\": \"arn:aws:secretsmanager:ap-southeast-2:201335468138:secret:hills-carpal-secret-training-H39c3Z\"\n    }\n  ]\n}",
            "override_json": null,
            "policy_id": null,
            "source_json": null,
            "statement": [
              {
                "actions": [
                  "secretsmanager:GetSecretValue"
                ],
                "condition": [],
                "effect": "Allow",
                "not_actions": [],
                "not_principals": [],
                "not_resources": [],
                "principals": [],
                "resources": [
                  "arn:aws:secretsmanager:ap-southeast-2:201335468138:secret:hills-carpal-secret-training-H39c3Z"
                ],
                "sid": ""
              }
            ],
            "version": "2012-10-17"
          },
          "sensitive_attributes": []
        }
      ]
    },
    {
      "module": "module.training",
      "mode": "data",
      "type": "aws_iam_policy_document",
      "name": "half_hourly_cron_sns_topic_policy",
      "provider": "provider[\"registry.terraform.io/hashicorp/aws\"]",
      "instances": [
        {
          "schema_version": 0,
          "attributes": {
            "id": "243162087",
            "json": "{\n  \"Version\": \"2012-10-17\",\n  \"Statement\": [\n    {\n      \"Sid\": \"\",\n      \"Effect\": \"Allow\",\n      \"Action\": \"SNS:Publish\",\n      \"Resource\": \"arn:aws:sns:ap-southeast-2:201335468138:half-hourly-cron-training\",\n      \"Principal\": {\n        \"Service\": \"events.amazonaws.com\"\n      }\n    }\n  ]\n}",
            "override_json": null,
            "policy_id": null,
            "source_json": null,
            "statement": [
              {
                "actions": [
                  "SNS:Publish"
                ],
                "condition": [],
                "effect": "Allow",
                "not_actions": [],
                "not_principals": [],
                "not_resources": [],
                "principals": [
                  {
                    "identifiers": [
                      "events.amazonaws.com"
                    ],
                    "type": "Service"
                  }
                ],
                "resources": [
                  "arn:aws:sns:ap-southeast-2:201335468138:half-hourly-cron-training"
                ],
                "sid": ""
              }
            ],
            "version": "2012-10-17"
          },
          "sensitive_attributes": []
        }
      ]
    },
    {
      "module": "module.training",
      "mode": "managed",
      "type": "aws_cloudwatch_event_rule",
      "name": "daily_cron",
      "provider": "provider[\"registry.terraform.io/hashicorp/aws\"]",
      "instances": [
        {
          "schema_version": 0,
          "attributes": {
            "arn": "arn:aws:events:ap-southeast-2:201335468138:rule/daily_cron-training",
            "description": "Daily cron - happens every morning Sydney time",
            "event_pattern": null,
            "id": "daily_cron-training",
            "is_enabled": true,
            "name": "daily_cron-training",
            "name_prefix": null,
            "role_arn": "",
            "schedule_expression": "cron(0 22 * * ? *)",
            "tags": {}
          },
          "sensitive_attributes": [],
          "private": "bnVsbA=="
        }
      ]
    },
    {
      "module": "module.training",
      "mode": "managed",
      "type": "aws_cloudwatch_event_rule",
      "name": "half_hourly_cron",
      "provider": "provider[\"registry.terraform.io/hashicorp/aws\"]",
      "instances": [
        {
          "schema_version": 0,
          "attributes": {
            "arn": "arn:aws:events:ap-southeast-2:201335468138:rule/half-hourly-cron-training",
            "description": "Half-hourly cron",
            "event_pattern": null,
            "id": "half-hourly-cron-training",
            "is_enabled": true,
            "name": "half-hourly-cron-training",
            "name_prefix": null,
            "role_arn": "",
            "schedule_expression": "rate(30 minutes)",
            "tags": {}
          },
          "sensitive_attributes": [],
          "private": "bnVsbA=="
        }
      ]
    },
    {
      "module": "module.training",
      "mode": "managed",
      "type": "aws_cloudwatch_event_target",
      "name": "daily_cron_sns",
      "provider": "provider[\"registry.terraform.io/hashicorp/aws\"]",
      "instances": [
        {
          "schema_version": 0,
          "attributes": {
            "arn": "arn:aws:sns:ap-southeast-2:201335468138:daily-cron-training",
            "batch_target": [],
            "ecs_target": [],
            "id": "daily_cron-training-SendToSNS",
            "input": "",
            "input_path": "",
            "input_transformer": [],
            "kinesis_target": [],
            "role_arn": "",
            "rule": "daily_cron-training",
            "run_command_targets": [],
            "sqs_target": [],
            "target_id": "SendToSNS"
          },
          "sensitive_attributes": [],
          "private": "bnVsbA==",
          "dependencies": [
            "module.training.aws_cloudwatch_event_rule.daily_cron",
            "module.training.aws_sns_topic.daily_cron_sns_topic"
          ]
        }
      ]
    },
    {
      "module": "module.training",
      "mode": "managed",
      "type": "aws_cloudwatch_event_target",
      "name": "half_hourly_cron_sns",
      "provider": "provider[\"registry.terraform.io/hashicorp/aws\"]",
      "instances": [
        {
          "schema_version": 0,
          "attributes": {
            "arn": "arn:aws:sns:ap-southeast-2:201335468138:half-hourly-cron-training",
            "batch_target": [],
            "ecs_target": [],
            "id": "half-hourly-cron-training-SendToSNS",
            "input": "",
            "input_path": "",
            "input_transformer": [],
            "kinesis_target": [],
            "role_arn": "",
            "rule": "half-hourly-cron-training",
            "run_command_targets": [],
            "sqs_target": [],
            "target_id": "SendToSNS"
          },
          "sensitive_attributes": [],
          "private": "bnVsbA==",
          "dependencies": [
            "module.training.aws_cloudwatch_event_rule.half_hourly_cron",
            "module.training.aws_sns_topic.half_hourly_cron_sns_topic"
          ]
        }
      ]
    },
    {
      "module": "module.training",
      "mode": "managed",
      "type": "aws_cloudwatch_log_group",
      "name": "awslogs-hills-carpal",
      "provider": "provider[\"registry.terraform.io/hashicorp/aws\"]",
      "instances": [
        {
          "schema_version": 0,
          "attributes": {
            "arn": "arn:aws:logs:ap-southeast-2:201335468138:log-group:awslogs-hills-carpal-training:*",
            "id": "awslogs-hills-carpal-training",
            "kms_key_id": "",
            "name": "awslogs-hills-carpal-training",
            "name_prefix": null,
            "retention_in_days": 0,
            "tags": {}
          },
          "sensitive_attributes": [],
          "private": "bnVsbA=="
        }
      ]
    },
    {
      "module": "module.training",
      "mode": "managed",
      "type": "aws_ecs_cluster",
      "name": "hills-carpal-cluster",
      "provider": "provider[\"registry.terraform.io/hashicorp/aws\"]",
      "instances": [
        {
          "schema_version": 0,
          "attributes": {
            "arn": "arn:aws:ecs:ap-southeast-2:201335468138:cluster/hills-carpal-cluster-training",
            "capacity_providers": [],
            "default_capacity_provider_strategy": [],
            "id": "arn:aws:ecs:ap-southeast-2:201335468138:cluster/hills-carpal-cluster-training",
            "name": "hills-carpal-cluster-training",
            "setting": [],
            "tags": {}
          },
          "sensitive_attributes": [],
          "private": "bnVsbA=="
        }
      ]
    },
    {
      "module": "module.training",
      "mode": "managed",
      "type": "aws_ecs_service",
      "name": "hills-carpal-service",
      "provider": "provider[\"registry.terraform.io/hashicorp/aws\"]",
      "instances": [
        {
          "schema_version": 0,
          "attributes": {
            "capacity_provider_strategy": [],
            "cluster": "arn:aws:ecs:ap-southeast-2:201335468138:cluster/hills-carpal-cluster-training",
            "deployment_controller": [
              {
                "type": "ECS"
              }
            ],
            "deployment_maximum_percent": 200,
            "deployment_minimum_healthy_percent": 0,
            "desired_count": 1,
            "enable_ecs_managed_tags": false,
            "force_new_deployment": null,
            "health_check_grace_period_seconds": 0,
            "iam_role": "aws-service-role",
            "id": "arn:aws:ecs:ap-southeast-2:201335468138:service/hills-carpal-cluster-training/hills-carpal-service-training",
            "launch_type": "FARGATE",
            "load_balancer": [
              {
                "container_name": "hills-carpal-task-training",
                "container_port": 3000,
                "elb_name": "",
                "target_group_arn": "arn:aws:elasticloadbalancing:ap-southeast-2:201335468138:targetgroup/target-group-training/de591d7dbe9bb0fd"
              }
            ],
            "name": "hills-carpal-service-training",
            "network_configuration": [
              {
                "assign_public_ip": true,
                "security_groups": [
                  "sg-0cf35eb43a8d0d888"
                ],
                "subnets": [
                  "subnet-67e8d22e",
                  "subnet-a0959cc7",
                  "subnet-f8cf74a0"
                ]
              }
            ],
            "ordered_placement_strategy": [],
            "placement_constraints": [],
            "placement_strategy": [],
            "platform_version": "LATEST",
            "propagate_tags": "NONE",
            "scheduling_strategy": "REPLICA",
            "service_registries": [],
            "tags": {},
            "task_definition": "arn:aws:ecs:ap-southeast-2:201335468138:task-definition/hills-carpal-task-training:54",
            "timeouts": null
          },
          "sensitive_attributes": [],
          "private": "eyJlMmJmYjczMC1lY2FhLTExZTYtOGY4OC0zNDM2M2JjN2M0YzAiOnsiZGVsZXRlIjoxMjAwMDAwMDAwMDAwfX0=",
          "dependencies": [
            "aws_default_subnet.default_subnet_a",
            "aws_default_subnet.default_subnet_b",
            "aws_default_subnet.default_subnet_c",
            "module.training.aws_ecs_cluster.hills-carpal-cluster",
            "module.training.aws_ecs_task_definition.hills-carpal-task",
            "module.training.aws_lb_target_group.target_group",
            "module.training.aws_security_group.service_security_group"
          ]
        }
      ]
    },
    {
      "module": "module.training",
      "mode": "managed",
      "type": "aws_ecs_task_definition",
      "name": "hills-carpal-task",
      "provider": "provider[\"registry.terraform.io/hashicorp/aws\"]",
      "instances": [
        {
          "schema_version": 1,
          "attributes": {
            "arn": "arn:aws:ecs:ap-southeast-2:201335468138:task-definition/hills-carpal-task-training:54",
            "container_definitions": "[{\"cpu\":10,\"environment\":[{\"name\":\"BACKUP_GOOGLE_SHEET_ID\",\"value\":\"190aMCZO9QwXU-9dIep6OPkadc4-8T4kW0cHEO8gEXp4\"},{\"name\":\"ENVIRONMENT_NAME\",\"value\":\"Training\"},{\"name\":\"EXTERNAL_URL\",\"value\":\"https://training.ride.carpal.org.au\"},{\"name\":\"GOOGLE_SERVICE_ACCOUNT_EMAIL\",\"value\":\"hillscarpalsheets@hills-carpal.iam.gserviceaccount.com\"},{\"name\":\"MYSQL_HOST\",\"value\":\"hillscarpal-db-dev.cbmtdkajuu0s.ap-southeast-2.rds.amazonaws.com\"},{\"name\":\"MYSQL_PORT\",\"value\":\"3306\"},{\"name\":\"MYSQL_USE_SSL\",\"value\":\"TRUE\"},{\"name\":\"REQUIRE_USER_ROLE\",\"value\":\"training\"}],\"essential\":true,\"image\":\"201335468138.dkr.ecr.ap-southeast-2.amazonaws.com/hills-carpal-repo:ad5058328d59ee40e0f318fa668dca207a51ed2d\",\"logConfiguration\":{\"logDriver\":\"awslogs\",\"options\":{\"awslogs-group\":\"awslogs-hills-carpal-training\",\"awslogs-region\":\"ap-southeast-2\",\"awslogs-stream-prefix\":\"hills-carpal-training\"}},\"memory\":256,\"mountPoints\":[],\"name\":\"hills-carpal-task-training\",\"portMappings\":[{\"containerPort\":3000,\"hostPort\":3000,\"protocol\":\"tcp\"}],\"secrets\":[{\"name\":\"MYSQL_PW\",\"valueFrom\":\"arn:aws:secretsmanager:ap-southeast-2:201335468138:secret:hills-carpal-secret-training-H39c3Z:MYSQL_PW::\"},{\"name\":\"MYSQL_USER\",\"valueFrom\":\"arn:aws:secretsmanager:ap-southeast-2:201335468138:secret:hills-carpal-secret-training-H39c3Z:MYSQL_USER::\"},{\"name\":\"AUTH0_CLIENT_SECRET\",\"valueFrom\":\"arn:aws:secretsmanager:ap-southeast-2:201335468138:secret:hills-carpal-secret-training-H39c3Z:AUTH0_CLIENT_SECRET::\"},{\"name\":\"SMTP_USERNAME\",\"valueFrom\":\"arn:aws:secretsmanager:ap-southeast-2:201335468138:secret:hills-carpal-secret-training-H39c3Z:SMTP_USERNAME::\"},{\"name\":\"SMTP_PASSWORD\",\"valueFrom\":\"arn:aws:secretsmanager:ap-southeast-2:201335468138:secret:hills-carpal-secret-training-H39c3Z:SMTP_PASSWORD::\"},{\"name\":\"GOOGLE_PRIVATE_KEY\",\"valueFrom\":\"arn:aws:secretsmanager:ap-southeast-2:201335468138:secret:hills-carpal-secret-training-H39c3Z:GOOGLE_PRIVATE_KEY::\"},{\"name\":\"SURVEY_GOOGLE_SHEET_ID\",\"valueFrom\":\"arn:aws:secretsmanager:ap-southeast-2:201335468138:secret:hills-carpal-secret-training-H39c3Z:SURVEY_GOOGLE_SHEET_ID::\"}],\"volumesFrom\":[]}]",
            "cpu": "256",
            "execution_role_arn": "arn:aws:iam::201335468138:role/ecs_task_execution_role",
            "family": "hills-carpal-task-training",
            "id": "hills-carpal-task-training",
            "inference_accelerator": [],
            "ipc_mode": "",
            "memory": "512",
            "network_mode": "awsvpc",
            "pid_mode": "",
            "placement_constraints": [],
            "proxy_configuration": [],
            "requires_compatibilities": [
              "FARGATE"
            ],
            "revision": 54,
            "tags": {},
            "task_role_arn": "",
            "volume": []
          },
          "sensitive_attributes": [],
          "private": "eyJzY2hlbWFfdmVyc2lvbiI6IjEifQ==",
          "dependencies": [
            "aws_default_vpc.default_vpc",
            "aws_ecr_repository.hills-carpal-repo",
            "aws_iam_role.ecs_task_execution_role",
            "data.aws_iam_policy_document.assume_role_policy",
            "module.dev_db.aws_db_instance.hills-carpal-db",
            "module.dev_db.aws_security_group.db_security_group",
            "module.training.aws_secretsmanager_secret.hills-carpal-secret"
          ]
        }
      ]
    },
    {
      "module": "module.training",
      "mode": "managed",
      "type": "aws_iam_instance_profile",
      "name": "ecsInstanceProfile",
      "provider": "provider[\"registry.terraform.io/hashicorp/aws\"]",
      "instances": [
        {
          "schema_version": 0,
          "attributes": {
            "arn": "arn:aws:iam::201335468138:instance-profile/ecs-instance-profile-training",
            "create_date": "2021-04-02T10:01:15Z",
            "id": "ecs-instance-profile-training",
            "name": "ecs-instance-profile-training",
            "name_prefix": null,
            "path": "/",
            "role": "ecsInstanceRole-training",
            "roles": [
              "ecsInstanceRole-training"
            ],
            "unique_id": "AIPAS5YEHOBVII3LZIXO3"
          },
          "sensitive_attributes": [],
          "private": "bnVsbA==",
          "dependencies": [
            "module.training.aws_iam_role.ecsInstanceRole",
            "module.training.data.aws_iam_policy_document.assume_role_policy_ec2"
          ]
        }
      ]
    },
    {
      "module": "module.training",
      "mode": "managed",
      "type": "aws_iam_policy",
      "name": "get_access_to_secrets",
      "provider": "provider[\"registry.terraform.io/hashicorp/aws\"]",
      "instances": [
        {
          "schema_version": 0,
          "attributes": {
            "arn": "arn:aws:iam::201335468138:policy/get-access-to-secrets-training",
            "description": "",
            "id": "arn:aws:iam::201335468138:policy/get-access-to-secrets-training",
            "name": "get-access-to-secrets-training",
            "name_prefix": null,
            "path": "/",
            "policy": "{\n  \"Version\": \"2012-10-17\",\n  \"Statement\": [\n    {\n      \"Sid\": \"\",\n      \"Effect\": \"Allow\",\n      \"Action\": \"secretsmanager:GetSecretValue\",\n      \"Resource\": \"arn:aws:secretsmanager:ap-southeast-2:201335468138:secret:hills-carpal-secret-training-H39c3Z\"\n    }\n  ]\n}"
          },
          "sensitive_attributes": [],
          "private": "bnVsbA==",
          "dependencies": [
            "module.training.aws_secretsmanager_secret.hills-carpal-secret",
            "module.training.data.aws_iam_policy_document.get_access_to_secrets"
          ]
        }
      ]
    },
    {
      "module": "module.training",
      "mode": "managed",
      "type": "aws_iam_role",
      "name": "ecsInstanceRole",
      "provider": "provider[\"registry.terraform.io/hashicorp/aws\"]",
      "instances": [
        {
          "schema_version": 0,
          "attributes": {
            "arn": "arn:aws:iam::201335468138:role/ecsInstanceRole-training",
            "assume_role_policy": "{\"Version\":\"2012-10-17\",\"Statement\":[{\"Sid\":\"\",\"Effect\":\"Allow\",\"Principal\":{\"Service\":\"ec2.amazonaws.com\"},\"Action\":\"sts:AssumeRole\"}]}",
            "create_date": "2021-04-02T10:01:11Z",
            "description": "",
            "force_detach_policies": false,
            "id": "ecsInstanceRole-training",
            "max_session_duration": 3600,
            "name": "ecsInstanceRole-training",
            "name_prefix": null,
            "path": "/",
            "permissions_boundary": null,
            "tags": {},
            "unique_id": "AROAS5YEHOBVEG6R3RLJR"
          },
          "sensitive_attributes": [],
          "private": "bnVsbA==",
          "dependencies": [
            "module.training.data.aws_iam_policy_document.assume_role_policy_ec2"
          ]
        }
      ]
    },
    {
      "module": "module.training",
      "mode": "managed",
      "type": "aws_iam_role_policy_attachment",
      "name": "attach-ec2-container-service",
      "provider": "provider[\"registry.terraform.io/hashicorp/aws\"]",
      "instances": [
        {
          "schema_version": 0,
          "attributes": {
            "id": "ecsInstanceRole-training-20210402100115216000000001",
            "policy_arn": "arn:aws:iam::aws:policy/service-role/AmazonEC2ContainerServiceforEC2Role",
            "role": "ecsInstanceRole-training"
          },
          "sensitive_attributes": [],
          "private": "bnVsbA==",
          "dependencies": [
            "module.training.aws_iam_role.ecsInstanceRole",
            "module.training.data.aws_iam_policy_document.assume_role_policy_ec2"
          ]
        }
      ]
    },
    {
      "module": "module.training",
      "mode": "managed",
      "type": "aws_iam_role_policy_attachment",
      "name": "test-attach",
      "provider": "provider[\"registry.terraform.io/hashicorp/aws\"]",
      "instances": [
        {
          "schema_version": 0,
          "attributes": {
            "id": "ecs_task_execution_role-20210402101420252400000003",
            "policy_arn": "arn:aws:iam::201335468138:policy/get-access-to-secrets-training",
            "role": "ecs_task_execution_role"
          },
          "sensitive_attributes": [],
          "private": "bnVsbA==",
          "dependencies": [
            "aws_iam_role.ecs_task_execution_role",
            "data.aws_iam_policy_document.assume_role_policy",
            "module.training.aws_iam_policy.get_access_to_secrets",
            "module.training.aws_secretsmanager_secret.hills-carpal-secret",
            "module.training.data.aws_iam_policy_document.get_access_to_secrets"
          ]
        }
      ]
    },
    {
      "module": "module.training",
      "mode": "managed",
      "type": "aws_lb_listener",
      "name": "listener",
      "provider": "provider[\"registry.terraform.io/hashicorp/aws\"]",
      "instances": [
        {
          "schema_version": 0,
          "attributes": {
            "arn": "arn:aws:elasticloadbalancing:ap-southeast-2:201335468138:listener/app/hills-carpal-prod-lb-tf/53844ca3f397aaf4/cf07ed9cbdf7e725",
            "certificate_arn": null,
            "default_action": [
              {
                "authenticate_cognito": [],
                "authenticate_oidc": [],
                "fixed_response": [],
                "forward": [],
                "order": 1,
                "redirect": [],
                "target_group_arn": "arn:aws:elasticloadbalancing:ap-southeast-2:201335468138:targetgroup/target-group-training/de591d7dbe9bb0fd",
                "type": "forward"
              }
            ],
            "id": "arn:aws:elasticloadbalancing:ap-southeast-2:201335468138:listener/app/hills-carpal-prod-lb-tf/53844ca3f397aaf4/cf07ed9cbdf7e725",
            "load_balancer_arn": "arn:aws:elasticloadbalancing:ap-southeast-2:201335468138:loadbalancer/app/hills-carpal-prod-lb-tf/53844ca3f397aaf4",
            "port": 1024,
            "protocol": "HTTP",
            "ssl_policy": "",
            "timeouts": null
          },
          "sensitive_attributes": [],
          "private": "eyJlMmJmYjczMC1lY2FhLTExZTYtOGY4OC0zNDM2M2JjN2M0YzAiOnsicmVhZCI6NjAwMDAwMDAwMDAwfX0=",
          "dependencies": [
            "aws_alb.application_load_balancer",
            "aws_default_subnet.default_subnet_a",
            "aws_default_subnet.default_subnet_b",
            "aws_default_subnet.default_subnet_c",
            "aws_default_vpc.default_vpc",
            "aws_security_group.load_balancer_security_group",
            "module.training.aws_lb_target_group.target_group"
          ]
        }
      ]
    },
    {
      "module": "module.training",
      "mode": "managed",
      "type": "aws_lb_target_group",
      "name": "target_group",
      "provider": "provider[\"registry.terraform.io/hashicorp/aws\"]",
      "instances": [
        {
          "schema_version": 0,
          "attributes": {
            "arn": "arn:aws:elasticloadbalancing:ap-southeast-2:201335468138:targetgroup/target-group-training/de591d7dbe9bb0fd",
            "arn_suffix": "targetgroup/target-group-training/de591d7dbe9bb0fd",
            "deregistration_delay": 300,
            "health_check": [
              {
                "enabled": true,
                "healthy_threshold": 2,
                "interval": 30,
                "matcher": "200,301,302",
                "path": "/",
                "port": "traffic-port",
                "protocol": "HTTP",
                "timeout": 5,
                "unhealthy_threshold": 6
              }
            ],
            "id": "arn:aws:elasticloadbalancing:ap-southeast-2:201335468138:targetgroup/target-group-training/de591d7dbe9bb0fd",
            "lambda_multi_value_headers_enabled": false,
            "load_balancing_algorithm_type": "round_robin",
            "name": "target-group-training",
            "name_prefix": null,
            "port": 80,
            "protocol": "HTTP",
            "proxy_protocol_v2": false,
            "slow_start": 0,
            "stickiness": [
              {
                "cookie_duration": 86400,
                "enabled": false,
                "type": "lb_cookie"
              }
            ],
            "tags": {},
            "target_type": "ip",
            "vpc_id": "vpc-c5bc9da2"
          },
          "sensitive_attributes": [],
          "private": "bnVsbA==",
          "dependencies": [
            "aws_default_vpc.default_vpc"
          ]
        }
      ]
    },
    {
      "module": "module.training",
      "mode": "managed",
      "type": "aws_secretsmanager_secret",
      "name": "hills-carpal-secret",
      "provider": "provider[\"registry.terraform.io/hashicorp/aws\"]",
      "instances": [
        {
          "schema_version": 0,
          "attributes": {
            "arn": "arn:aws:secretsmanager:ap-southeast-2:201335468138:secret:hills-carpal-secret-training-H39c3Z",
            "description": "",
            "id": "arn:aws:secretsmanager:ap-southeast-2:201335468138:secret:hills-carpal-secret-training-H39c3Z",
            "kms_key_id": "",
            "name": "hills-carpal-secret-training",
            "name_prefix": null,
            "policy": null,
            "recovery_window_in_days": 30,
            "rotation_enabled": false,
            "rotation_lambda_arn": "",
            "rotation_rules": [],
            "tags": {}
          },
          "sensitive_attributes": [],
          "private": "bnVsbA=="
        }
      ]
    },
    {
      "module": "module.training",
      "mode": "managed",
      "type": "aws_security_group",
      "name": "service_security_group",
      "provider": "provider[\"registry.terraform.io/hashicorp/aws\"]",
      "instances": [
        {
          "schema_version": 1,
          "attributes": {
            "arn": "arn:aws:ec2:ap-southeast-2:201335468138:security-group/sg-0cf35eb43a8d0d888",
            "description": "Managed by Terraform",
            "egress": [
              {
                "cidr_blocks": [
                  "0.0.0.0/0"
                ],
                "description": "",
                "from_port": 0,
                "ipv6_cidr_blocks": [],
                "prefix_list_ids": [],
                "protocol": "-1",
                "security_groups": [],
                "self": false,
                "to_port": 0
              }
            ],
            "id": "sg-0cf35eb43a8d0d888",
            "ingress": [
              {
                "cidr_blocks": [],
                "description": "",
                "from_port": 0,
                "ipv6_cidr_blocks": [],
                "prefix_list_ids": [],
                "protocol": "-1",
                "security_groups": [
                  "sg-0f9f14db415cc5ef9"
                ],
                "self": false,
                "to_port": 0
              }
            ],
            "name": "terraform-20201214091721569500000002",
            "name_prefix": null,
            "owner_id": "201335468138",
            "revoke_rules_on_delete": false,
            "tags": {},
            "timeouts": null,
            "vpc_id": "vpc-c5bc9da2"
          },
          "sensitive_attributes": [],
          "private": "eyJlMmJmYjczMC1lY2FhLTExZTYtOGY4OC0zNDM2M2JjN2M0YzAiOnsiY3JlYXRlIjo2MDAwMDAwMDAwMDAsImRlbGV0ZSI6NjAwMDAwMDAwMDAwfSwic2NoZW1hX3ZlcnNpb24iOiIxIn0=",
          "dependencies": [
            "aws_security_group.load_balancer_security_group"
          ]
        }
      ]
    },
    {
      "module": "module.training",
      "mode": "managed",
      "type": "aws_sns_topic",
      "name": "daily_cron_sns_topic",
      "provider": "provider[\"registry.terraform.io/hashicorp/aws\"]",
      "instances": [
        {
          "schema_version": 0,
          "attributes": {
            "application_failure_feedback_role_arn": "",
            "application_success_feedback_role_arn": "",
            "application_success_feedback_sample_rate": null,
            "arn": "arn:aws:sns:ap-southeast-2:201335468138:daily-cron-training",
            "delivery_policy": "",
            "display_name": "",
            "http_failure_feedback_role_arn": "",
            "http_success_feedback_role_arn": "",
            "http_success_feedback_sample_rate": null,
            "id": "arn:aws:sns:ap-southeast-2:201335468138:daily-cron-training",
            "kms_master_key_id": "",
            "lambda_failure_feedback_role_arn": "",
            "lambda_success_feedback_role_arn": "",
            "lambda_success_feedback_sample_rate": null,
            "name": "daily-cron-training",
            "name_prefix": null,
            "policy": "{\"Version\":\"2012-10-17\",\"Statement\":[{\"Sid\":\"\",\"Effect\":\"Allow\",\"Principal\":{\"Service\":\"events.amazonaws.com\"},\"Action\":\"SNS:Publish\",\"Resource\":\"arn:aws:sns:ap-southeast-2:201335468138:daily-cron-training\"}]}",
            "sqs_failure_feedback_role_arn": "",
            "sqs_success_feedback_role_arn": "",
            "sqs_success_feedback_sample_rate": null,
            "tags": {}
          },
          "sensitive_attributes": [],
          "private": "bnVsbA=="
        }
      ]
    },
    {
      "module": "module.training",
      "mode": "managed",
      "type": "aws_sns_topic",
      "name": "half_hourly_cron_sns_topic",
      "provider": "provider[\"registry.terraform.io/hashicorp/aws\"]",
      "instances": [
        {
          "schema_version": 0,
          "attributes": {
            "application_failure_feedback_role_arn": "",
            "application_success_feedback_role_arn": "",
            "application_success_feedback_sample_rate": null,
            "arn": "arn:aws:sns:ap-southeast-2:201335468138:half-hourly-cron-training",
            "delivery_policy": "",
            "display_name": "",
            "http_failure_feedback_role_arn": "",
            "http_success_feedback_role_arn": "",
            "http_success_feedback_sample_rate": null,
            "id": "arn:aws:sns:ap-southeast-2:201335468138:half-hourly-cron-training",
            "kms_master_key_id": "",
            "lambda_failure_feedback_role_arn": "",
            "lambda_success_feedback_role_arn": "",
            "lambda_success_feedback_sample_rate": null,
            "name": "half-hourly-cron-training",
            "name_prefix": null,
            "policy": "{\"Version\":\"2012-10-17\",\"Statement\":[{\"Sid\":\"\",\"Effect\":\"Allow\",\"Principal\":{\"Service\":\"events.amazonaws.com\"},\"Action\":\"SNS:Publish\",\"Resource\":\"arn:aws:sns:ap-southeast-2:201335468138:half-hourly-cron-training\"}]}",
            "sqs_failure_feedback_role_arn": "",
            "sqs_success_feedback_role_arn": "",
            "sqs_success_feedback_sample_rate": null,
            "tags": {}
          },
          "sensitive_attributes": [],
          "private": "bnVsbA=="
        }
      ]
    },
    {
      "module": "module.training",
      "mode": "managed",
      "type": "aws_sns_topic_policy",
      "name": "daily_cron_sns_topic_policy",
      "provider": "provider[\"registry.terraform.io/hashicorp/aws\"]",
      "instances": [
        {
          "schema_version": 0,
          "attributes": {
            "arn": "arn:aws:sns:ap-southeast-2:201335468138:daily-cron-training",
            "id": "arn:aws:sns:ap-southeast-2:201335468138:daily-cron-training",
            "policy": "{\"Version\":\"2012-10-17\",\"Statement\":[{\"Sid\":\"\",\"Effect\":\"Allow\",\"Principal\":{\"Service\":\"events.amazonaws.com\"},\"Action\":\"SNS:Publish\",\"Resource\":\"arn:aws:sns:ap-southeast-2:201335468138:daily-cron-training\"}]}"
          },
          "sensitive_attributes": [],
          "private": "bnVsbA==",
          "dependencies": [
            "module.training.aws_sns_topic.daily_cron_sns_topic",
            "module.training.data.aws_iam_policy_document.daily_cron_sns_topic_policy"
          ]
        }
      ]
    },
    {
      "module": "module.training",
      "mode": "managed",
      "type": "aws_sns_topic_policy",
      "name": "half_hourly_cron_sns_topic_policy",
      "provider": "provider[\"registry.terraform.io/hashicorp/aws\"]",
      "instances": [
        {
          "schema_version": 0,
          "attributes": {
            "arn": "arn:aws:sns:ap-southeast-2:201335468138:half-hourly-cron-training",
            "id": "arn:aws:sns:ap-southeast-2:201335468138:half-hourly-cron-training",
            "policy": "{\"Version\":\"2012-10-17\",\"Statement\":[{\"Sid\":\"\",\"Effect\":\"Allow\",\"Principal\":{\"Service\":\"events.amazonaws.com\"},\"Action\":\"SNS:Publish\",\"Resource\":\"arn:aws:sns:ap-southeast-2:201335468138:half-hourly-cron-training\"}]}"
          },
          "sensitive_attributes": [],
          "private": "bnVsbA==",
          "dependencies": [
            "module.training.aws_sns_topic.half_hourly_cron_sns_topic",
            "module.training.data.aws_iam_policy_document.half_hourly_cron_sns_topic_policy"
          ]
        }
      ]
    },
    {
      "module": "module.training",
      "mode": "managed",
      "type": "aws_sns_topic_subscription",
      "name": "daily_cron_sns_target",
      "provider": "provider[\"registry.terraform.io/hashicorp/aws\"]",
      "instances": [
        {
          "schema_version": 0,
          "attributes": {
            "arn": "arn:aws:sns:ap-southeast-2:201335468138:daily-cron-training:237a7893-ff37-4819-9103-5bafe00bc90d",
            "confirmation_timeout_in_minutes": 1,
            "delivery_policy": "",
            "endpoint": "https://training.ride.carpal.org.au/api/send-reminders",
            "endpoint_auto_confirms": true,
            "filter_policy": "",
            "id": "arn:aws:sns:ap-southeast-2:201335468138:daily-cron-training:237a7893-ff37-4819-9103-5bafe00bc90d",
            "protocol": "https",
            "raw_message_delivery": false,
            "topic_arn": "arn:aws:sns:ap-southeast-2:201335468138:daily-cron-training"
          },
          "sensitive_attributes": [],
          "private": "bnVsbA==",
          "dependencies": [
            "module.training.aws_sns_topic.daily_cron_sns_topic"
          ]
        }
      ]
    },
    {
      "module": "module.training",
      "mode": "managed",
      "type": "aws_sns_topic_subscription",
      "name": "half_hourly_cron_sns_target",
      "provider": "provider[\"registry.terraform.io/hashicorp/aws\"]",
      "instances": [
        {
          "schema_version": 0,
          "attributes": {
            "arn": "arn:aws:sns:ap-southeast-2:201335468138:half-hourly-cron-training:9eb5ec1c-d44d-4c98-9184-24ff64333a39",
            "confirmation_timeout_in_minutes": 1,
            "delivery_policy": "",
            "endpoint": "https://training.ride.carpal.org.au/api/backup-rides",
            "endpoint_auto_confirms": true,
            "filter_policy": "",
            "id": "arn:aws:sns:ap-southeast-2:201335468138:half-hourly-cron-training:9eb5ec1c-d44d-4c98-9184-24ff64333a39",
            "protocol": "https",
            "raw_message_delivery": false,
            "topic_arn": "arn:aws:sns:ap-southeast-2:201335468138:half-hourly-cron-training"
          },
          "sensitive_attributes": [],
          "private": "bnVsbA==",
          "dependencies": [
            "module.training.aws_sns_topic.half_hourly_cron_sns_topic"
          ]
        }
      ]
    }
  ]
}
